PODS:
  - Alamofire (4.8.0)
  - FLEX (2.4.0)
  - iCarousel (1.8.3)
  - Kingfisher (4.10.1)
  - MBProgressHUD (1.1.0)
  - MJRefresh (3.1.15.7)
  - ObjectMapper (3.4.1)
  - pop (1.0.12)
  - SnapKit (4.2.0)
  - StreamingKit (0.1.30)

DEPENDENCIES:
  - Alamofire (~> 4.7)
  - FLEX (~> 2.4)
  - iCarousel
  - Kingfisher
  - MBProgressHUD
  - MJRefresh
  - ObjectMapper (~> 3.4)
  - pop
  - SnapKit
  - StreamingKit

SPEC REPOS:
  https://github.com/cocoapods/specs.git:
    - Alamofire
    - FLEX
    - iCarousel
    - Kingfisher
    - MBProgressHUD
    - MJRefresh
    - ObjectMapper
    - pop
    - SnapKit
    - StreamingKit

SPEC CHECKSUMS:
  Alamofire: 3ec537f71edc9804815215393ae2b1a8ea33a844
  FLEX: bd1a39e55b56bb413b6f1b34b3c10a0dc44ef079
  iCarousel: d782f635afac190c49bb8ee455882284cff8b85f
  Kingfisher: c148cd7b47ebde9989f6bc7c27dcaa79d81279a0
  MBProgressHUD: e7baa36a220447d8aeb12769bf0585582f3866d9
  MJRefresh: 697f8ec75ebdbe9207767bb682cf0f51b0d8a41f
  ObjectMapper: 5311bd50ca732930959e7ca1a2de43ab823a5ced
  pop: d582054913807fd11fd50bfe6a539d91c7e1a55a
  SnapKit: fe8a619752f3f27075cc9a90244d75c6c3f27e2a
  StreamingKit: 70ca8608c206864b4d54a577eacb3c8bf7c72209

PODFILE CHECKSUM: d9014d83f7cfc5b00ad03efbe4851402731a20c7

COCOAPODS: 1.7.0
