// !$*UTF8*$!
{
	archiveVersion = 1;
	classes = {
	};
	objectVersion = 46;
	objects = {

/* Begin PBXBuildFile section */
		1B0B6791D3CB7BC65CE9C63A /* Pods_EvoRadio.framework in Frameworks */ = {isa = PBXBuildFile; fileRef = D4FB490049FC834EB04AD79F /* Pods_EvoRadio.framework */; };
		6304E2CC1E9243D100B80494 /* SearchViewController.swift in Sources */ = {isa = PBXBuildFile; fileRef = 6304E2CB1E9243D100B80494 /* SearchViewController.swift */; };
		630BB60E222822B50088B6D7 /* AppDelegate.swift in Sources */ = {isa = PBXBuildFile; fileRef = 630BB60D222822B50088B6D7 /* AppDelegate.swift */; };
		630BB610222822B50088B6D7 /* ViewController.swift in Sources */ = {isa = PBXBuildFile; fileRef = 630BB60F222822B50088B6D7 /* ViewController.swift */; };
		630BB612222822B60088B6D7 /* Assets.xcassets in Resources */ = {isa = PBXBuildFile; fileRef = 630BB611222822B60088B6D7 /* Assets.xcassets */; };
		630BB615222822B60088B6D7 /* Main.storyboard in Resources */ = {isa = PBXBuildFile; fileRef = 630BB613222822B60088B6D7 /* Main.storyboard */; };
		630BB621222822B60088B6D7 /* EvoRadioMacTests.swift in Sources */ = {isa = PBXBuildFile; fileRef = 630BB620222822B60088B6D7 /* EvoRadioMacTests.swift */; };
		630D1703211EBB1400803BC5 /* Notification.swift in Sources */ = {isa = PBXBuildFile; fileRef = 630D1702211EBB1400803BC5 /* Notification.swift */; };
		6310545621B182DE006C8616 /* ObjcLevelDB.framework in Frameworks */ = {isa = PBXBuildFile; fileRef = 6310545521B182DE006C8616 /* ObjcLevelDB.framework */; };
		6310545721B184F6006C8616 /* ObjcLevelDB.framework in Frameworks */ = {isa = PBXBuildFile; fileRef = 6310545521B182DE006C8616 /* ObjcLevelDB.framework */; };
		6310545821B184F6006C8616 /* ObjcLevelDB.framework in Embed Frameworks */ = {isa = PBXBuildFile; fileRef = 6310545521B182DE006C8616 /* ObjcLevelDB.framework */; settings = {ATTRIBUTES = (CodeSignOnCopy, RemoveHeadersOnCopy, ); }; };
		631884601D78482200D7399A /* RadioViewController.swift in Sources */ = {isa = PBXBuildFile; fileRef = 6318845F1D78482200D7399A /* RadioViewController.swift */; };
		631BA2C921AFB73100A6D65C /* GoogleService-Info.plist in Resources */ = {isa = PBXBuildFile; fileRef = 631BA2C821AFB73100A6D65C /* GoogleService-Info.plist */; };
		63294D08224632900089AC36 /* ScannerViewController.swift in Sources */ = {isa = PBXBuildFile; fileRef = 63294D07224632900089AC36 /* ScannerViewController.swift */; };
		63294D0A224738E10089AC36 /* ScannerTableViewCell.swift in Sources */ = {isa = PBXBuildFile; fileRef = 63294D09224738E10089AC36 /* ScannerTableViewCell.swift */; };
		633506E01DE9D97500607693 /* Labels.swift in Sources */ = {isa = PBXBuildFile; fileRef = 633506DF1DE9D97500607693 /* Labels.swift */; };
		6340022E1F6EABCE001FD26C /* ItunesViewCell.swift in Sources */ = {isa = PBXBuildFile; fileRef = 6340022D1F6EABCE001FD26C /* ItunesViewCell.swift */; };
		634E065C1F3857AD00253E9A /* Common.swift in Sources */ = {isa = PBXBuildFile; fileRef = 634E065B1F3857AD00253E9A /* Common.swift */; };
		634E06671F3869F400253E9A /* EvoRadioTests.swift in Sources */ = {isa = PBXBuildFile; fileRef = 634E06661F3869F400253E9A /* EvoRadioTests.swift */; };
		634E066F1F38882000253E9A /* TopTabBar.swift in Sources */ = {isa = PBXBuildFile; fileRef = 634E066E1F38882000253E9A /* TopTabBar.swift */; };
		634E067F1F38888400253E9A /* RadioTableViewCell.swift in Sources */ = {isa = PBXBuildFile; fileRef = 634E06771F38888400253E9A /* RadioTableViewCell.swift */; };
		635AD2E41F49BC18002AFE0D /* ReflectionView.m in Sources */ = {isa = PBXBuildFile; fileRef = 635AD2E31F49BC18002AFE0D /* ReflectionView.m */; };
		6360F24B1F779C9500070C4E /* SearchSongInfo.swift in Sources */ = {isa = PBXBuildFile; fileRef = 6360F24A1F779C9500070C4E /* SearchSongInfo.swift */; };
		6360F24D1F77A5A800070C4E /* SimpleTableViewCell.swift in Sources */ = {isa = PBXBuildFile; fileRef = 6360F24C1F77A5A800070C4E /* SimpleTableViewCell.swift */; };
		6360F24F1F77ACC600070C4E /* SearchedSongInfo.swift in Sources */ = {isa = PBXBuildFile; fileRef = 6360F24E1F77ACC600070C4E /* SearchedSongInfo.swift */; };
		636449391DC2E53D008FC4A2 /* DownloadSongInfo.swift in Sources */ = {isa = PBXBuildFile; fileRef = 636449381DC2E53D008FC4A2 /* DownloadSongInfo.swift */; };
		636CEC9F1E1BEF4E009488D5 /* ScrollView.swift in Sources */ = {isa = PBXBuildFile; fileRef = 636CEC9E1E1BEF4E009488D5 /* ScrollView.swift */; };
		63974EBA1DC4E437004D2526 /* Downloader.swift in Sources */ = {isa = PBXBuildFile; fileRef = 63974EB91DC4E437004D2526 /* Downloader.swift */; };
		63A4E53C1D80384600E18FD6 /* Views.swift in Sources */ = {isa = PBXBuildFile; fileRef = 63A4E53B1D80384600E18FD6 /* Views.swift */; };
		63B2E4E81DC08A6700A2A146 /* MZDownloadManager.swift in Sources */ = {isa = PBXBuildFile; fileRef = 63B2E4E51DC08A6700A2A146 /* MZDownloadManager.swift */; };
		63B2E4E91DC08A6700A2A146 /* MZDownloadModel.swift in Sources */ = {isa = PBXBuildFile; fileRef = 63B2E4E61DC08A6700A2A146 /* MZDownloadModel.swift */; };
		63B2E4EA1DC08A6700A2A146 /* MZUtility.swift in Sources */ = {isa = PBXBuildFile; fileRef = 63B2E4E71DC08A6700A2A146 /* MZUtility.swift */; };
		63B674661F519B2A00F4341B /* ItunesViewController.swift in Sources */ = {isa = PBXBuildFile; fileRef = 63B674651F519B2A00F4341B /* ItunesViewController.swift */; };
		63C9A054211BB97200B507D2 /* SplashViewController.swift in Sources */ = {isa = PBXBuildFile; fileRef = 63C9A052211BB97200B507D2 /* SplashViewController.swift */; };
		63C9A055211BB97200B507D2 /* SplashViewController.xib in Resources */ = {isa = PBXBuildFile; fileRef = 63C9A053211BB97200B507D2 /* SplashViewController.xib */; };
		63C9A058211BBA8200B507D2 /* splash_image_default.jpg in Resources */ = {isa = PBXBuildFile; fileRef = 63C9A057211BBA8200B507D2 /* splash_image_default.jpg */; };
		63C9A078211C94A100B507D2 /* LaunchScreen.storyboard in Resources */ = {isa = PBXBuildFile; fileRef = 63C9A077211C94A100B507D2 /* LaunchScreen.storyboard */; };
		63C9A07A211C965600B507D2 /* LaunchImage.png in Resources */ = {isa = PBXBuildFile; fileRef = 63C9A079211C965600B507D2 /* LaunchImage.png */; };
		63E1D9392228590E00B5C85D /* CollectedSongListViewController.swift in Sources */ = {isa = PBXBuildFile; fileRef = 63E1D9382228590E00B5C85D /* CollectedSongListViewController.swift */; };
		63EF43F11F38A1C700EADC48 /* ProgramViewController.swift in Sources */ = {isa = PBXBuildFile; fileRef = 63EF43F01F38A1C700EADC48 /* ProgramViewController.swift */; };
		63EF43F31F38A1E600EADC48 /* AssistiveTouch.swift in Sources */ = {isa = PBXBuildFile; fileRef = 63EF43F21F38A1E600EADC48 /* AssistiveTouch.swift */; };
		63EF43F51F38A1FD00EADC48 /* ProgramCollectionViewCell.swift in Sources */ = {isa = PBXBuildFile; fileRef = 63EF43F41F38A1FD00EADC48 /* ProgramCollectionViewCell.swift */; };
		63EF43F91F38A6F400EADC48 /* ChannelViewController.swift in Sources */ = {isa = PBXBuildFile; fileRef = 63EF43F81F38A6F400EADC48 /* ChannelViewController.swift */; };
		63EF43FB1F38A7F000EADC48 /* NowChannel.swift in Sources */ = {isa = PBXBuildFile; fileRef = 63EF43FA1F38A7F000EADC48 /* NowChannel.swift */; };
		63EF43FD1F38A91D00EADC48 /* ChannelCollectionViewCell.swift in Sources */ = {isa = PBXBuildFile; fileRef = 63EF43FC1F38A91D00EADC48 /* ChannelCollectionViewCell.swift */; };
		63EF43FF1F38AB4600EADC48 /* CoreDB.swift in Sources */ = {isa = PBXBuildFile; fileRef = 63EF43FE1F38AB4600EADC48 /* CoreDB.swift */; };
		63EF44011F38AC7800EADC48 /* SongListViewController.swift in Sources */ = {isa = PBXBuildFile; fileRef = 63EF44001F38AC7800EADC48 /* SongListViewController.swift */; };
		63EF44031F38ACC800EADC48 /* SongListTableViewCell.swift in Sources */ = {isa = PBXBuildFile; fileRef = 63EF44021F38ACC800EADC48 /* SongListTableViewCell.swift */; };
		63EF44051F38AFA500EADC48 /* MainViewController.swift in Sources */ = {isa = PBXBuildFile; fileRef = 63EF44041F38AFA500EADC48 /* MainViewController.swift */; };
		63EF44071F38AFEC00EADC48 /* NowViewController.swift in Sources */ = {isa = PBXBuildFile; fileRef = 63EF44061F38AFEC00EADC48 /* NowViewController.swift */; };
		63EF44091F38B02200EADC48 /* NowCollectionHeaderView.swift in Sources */ = {isa = PBXBuildFile; fileRef = 63EF44081F38B02200EADC48 /* NowCollectionHeaderView.swift */; };
		63EF440B1F38B03800EADC48 /* SelectiveTimePanel.swift in Sources */ = {isa = PBXBuildFile; fileRef = 63EF440A1F38B03800EADC48 /* SelectiveTimePanel.swift */; };
		63EF440D1F38B0F600EADC48 /* ScrollTabBar.swift in Sources */ = {isa = PBXBuildFile; fileRef = 63EF440C1F38B0F600EADC48 /* ScrollTabBar.swift */; };
		63EF440F1F38B12700EADC48 /* ClockView.swift in Sources */ = {isa = PBXBuildFile; fileRef = 63EF440E1F38B12700EADC48 /* ClockView.swift */; };
		63EF44111F38B1E700EADC48 /* LocalViewController.swift in Sources */ = {isa = PBXBuildFile; fileRef = 63EF44101F38B1E700EADC48 /* LocalViewController.swift */; };
		63EF44131F38B28200EADC48 /* LocalTableViewCell.swift in Sources */ = {isa = PBXBuildFile; fileRef = 63EF44121F38B28200EADC48 /* LocalTableViewCell.swift */; };
		63EF44151F38B3D200EADC48 /* PlayerViewController.swift in Sources */ = {isa = PBXBuildFile; fileRef = 63EF44141F38B3D200EADC48 /* PlayerViewController.swift */; };
		63EF44171F38B41600EADC48 /* CDCoverImageView.swift in Sources */ = {isa = PBXBuildFile; fileRef = 63EF44161F38B41600EADC48 /* CDCoverImageView.swift */; };
		63EF44191F38B42D00EADC48 /* MusicManager.swift in Sources */ = {isa = PBXBuildFile; fileRef = 63EF44181F38B42D00EADC48 /* MusicManager.swift */; };
		63EF441B1F38B81400EADC48 /* PlayerView.swift in Sources */ = {isa = PBXBuildFile; fileRef = 63EF441A1F38B81400EADC48 /* PlayerView.swift */; };
		63EF44B01F39F39600EADC48 /* DownloadedProgramListViewController.swift in Sources */ = {isa = PBXBuildFile; fileRef = 63EF44AB1F39F39600EADC48 /* DownloadedProgramListViewController.swift */; };
		63EF44B11F39F39600EADC48 /* DownloadedSongListViewController.swift in Sources */ = {isa = PBXBuildFile; fileRef = 63EF44AC1F39F39600EADC48 /* DownloadedSongListViewController.swift */; };
		63EF44B21F39F39600EADC48 /* DownloadedViewController.swift in Sources */ = {isa = PBXBuildFile; fileRef = 63EF44AD1F39F39600EADC48 /* DownloadedViewController.swift */; };
		63EF44B31F39F39600EADC48 /* DownloadingSongListViewController.swift in Sources */ = {isa = PBXBuildFile; fileRef = 63EF44AE1F39F39600EADC48 /* DownloadingSongListViewController.swift */; };
		63EF44B41F39F39600EADC48 /* DownloadViewController.swift in Sources */ = {isa = PBXBuildFile; fileRef = 63EF44AF1F39F39600EADC48 /* DownloadViewController.swift */; };
		63EF44B61F39F3CF00EADC48 /* HistorySongListViewController.swift in Sources */ = {isa = PBXBuildFile; fileRef = 63EF44B51F39F3CF00EADC48 /* HistorySongListViewController.swift */; };
		63EF44BA1F39F48200EADC48 /* DownloadedCollectionViewCell.swift in Sources */ = {isa = PBXBuildFile; fileRef = 63EF44B71F39F48200EADC48 /* DownloadedCollectionViewCell.swift */; };
		63EF44BB1F39F48200EADC48 /* DownloadedTableViewCell.swift in Sources */ = {isa = PBXBuildFile; fileRef = 63EF44B81F39F48200EADC48 /* DownloadedTableViewCell.swift */; };
		63EF44BC1F39F48200EADC48 /* DownloadingTableViewCell.swift in Sources */ = {isa = PBXBuildFile; fileRef = 63EF44B91F39F48200EADC48 /* DownloadingTableViewCell.swift */; };
		86A783E31962C113368E80E8 /* (null) in Frameworks */ = {isa = PBXBuildFile; };
		900C72541D056439006EBE78 /* libsqlite3.0.tbd in Frameworks */ = {isa = PBXBuildFile; fileRef = 900C72531D056439006EBE78 /* libsqlite3.0.tbd */; };
		902F6B701CC3C4EA00F43C2E /* Device.swift in Sources */ = {isa = PBXBuildFile; fileRef = 902F6B6F1CC3C4EA00F43C2E /* Device.swift */; };
		902FBCD11CBEAC020051A93B /* AppDelegate.swift in Sources */ = {isa = PBXBuildFile; fileRef = 902FBCD01CBEAC020051A93B /* AppDelegate.swift */; };
		9053D44F1CF483DB000392EF /* Cover.swift in Sources */ = {isa = PBXBuildFile; fileRef = 9053D44E1CF483DB000392EF /* Cover.swift */; };
		9054AE101CC3BFB400E876FF /* Colors.swift in Sources */ = {isa = PBXBuildFile; fileRef = 9054AE0F1CC3BFB400E876FF /* Colors.swift */; };
		9059396B1D0E65A200FF9848 /* AVFoundation.framework in Frameworks */ = {isa = PBXBuildFile; fileRef = 9059396A1D0E65A200FF9848 /* AVFoundation.framework */; };
		9059396C1D0E65C700FF9848 /* AudioToolbox.framework in Frameworks */ = {isa = PBXBuildFile; fileRef = 90659F111CC92CB00026539F /* AudioToolbox.framework */; };
		90659F181CC9B6440026539F /* Radio.swift in Sources */ = {isa = PBXBuildFile; fileRef = 90659F171CC9B6440026539F /* Radio.swift */; };
		9070928F1D07B51000E11D88 /* HudManager.swift in Sources */ = {isa = PBXBuildFile; fileRef = 9070928E1D07B51000E11D88 /* HudManager.swift */; };
		9097BB1D1CFE8B6400FA5BD9 /* Test.xib in Resources */ = {isa = PBXBuildFile; fileRef = 9097BB1C1CFE8B6400FA5BD9 /* Test.xib */; };
		9097BB271CFEA8E900FA5BD9 /* ViewControllers.swift in Sources */ = {isa = PBXBuildFile; fileRef = 9097BB261CFEA8E900FA5BD9 /* ViewControllers.swift */; };
		9097BB291CFEC40400FA5BD9 /* Arrays.swift in Sources */ = {isa = PBXBuildFile; fileRef = 9097BB281CFEC40400FA5BD9 /* Arrays.swift */; };
		9097BB2B1CFEC88A00FA5BD9 /* DownloadItemQueue.swift in Sources */ = {isa = PBXBuildFile; fileRef = 9097BB2A1CFEC88A00FA5BD9 /* DownloadItemQueue.swift */; };
		9097BB2F1CFFDFEF00FA5BD9 /* Strings.swift in Sources */ = {isa = PBXBuildFile; fileRef = 9097BB2E1CFFDFEF00FA5BD9 /* Strings.swift */; };
		9097BB311D00380800FA5BD9 /* LastPlaylist.swift in Sources */ = {isa = PBXBuildFile; fileRef = 9097BB301D00380800FA5BD9 /* LastPlaylist.swift */; };
		909E65A21CC0831B00B0C49B /* ViewController.swift in Sources */ = {isa = PBXBuildFile; fileRef = 909E65A01CC0831B00B0C49B /* ViewController.swift */; };
		909E65A91CC083A500B0C49B /* Assets.xcassets in Resources */ = {isa = PBXBuildFile; fileRef = 909E65A51CC083A500B0C49B /* Assets.xcassets */; };
		909E818C1CF8129500571A76 /* NotificationManager.swift in Sources */ = {isa = PBXBuildFile; fileRef = 909E818B1CF8129500571A76 /* NotificationManager.swift */; };
		90B95CAC1CF6F4FA00105090 /* Windows.swift in Sources */ = {isa = PBXBuildFile; fileRef = 90B95CAB1CF6F4FA00105090 /* Windows.swift */; };
		90C32B6C1D0586D400C87DAF /* CoreText.framework in Frameworks */ = {isa = PBXBuildFile; fileRef = 90C32B6B1D0586D400C87DAF /* CoreText.framework */; };
		90C32B6E1D0586E200C87DAF /* ImageIO.framework in Frameworks */ = {isa = PBXBuildFile; fileRef = 90C32B6D1D0586E200C87DAF /* ImageIO.framework */; };
		90C32B701D0586EE00C87DAF /* QuartzCore.framework in Frameworks */ = {isa = PBXBuildFile; fileRef = 90C32B6F1D0586EE00C87DAF /* QuartzCore.framework */; };
		90E7FAFE1CC3DB720018A532 /* NavigationController.swift in Sources */ = {isa = PBXBuildFile; fileRef = 90E7FAFD1CC3DB720018A532 /* NavigationController.swift */; };
		90E7FB001CC3E4E60018A532 /* Fonts.swift in Sources */ = {isa = PBXBuildFile; fileRef = 90E7FAFF1CC3E4E60018A532 /* Fonts.swift */; };
		90E7FB4B1CC4B6C50018A532 /* API.swift in Sources */ = {isa = PBXBuildFile; fileRef = 90E7FB4A1CC4B6C50018A532 /* API.swift */; };
		90E7FB4D1CC4BD5B0018A532 /* Channel.swift in Sources */ = {isa = PBXBuildFile; fileRef = 90E7FB4C1CC4BD5B0018A532 /* Channel.swift */; };
		90E7FB4F1CC4C3170018A532 /* Program.swift in Sources */ = {isa = PBXBuildFile; fileRef = 90E7FB4E1CC4C3170018A532 /* Program.swift */; };
		90E7FB511CC4C3680018A532 /* User.swift in Sources */ = {isa = PBXBuildFile; fileRef = 90E7FB501CC4C3680018A532 /* User.swift */; };
		90E7FB531CC4CAF80018A532 /* Song.swift in Sources */ = {isa = PBXBuildFile; fileRef = 90E7FB521CC4CAF80018A532 /* Song.swift */; };
		90E7FB591CC536720018A532 /* Images.swift in Sources */ = {isa = PBXBuildFile; fileRef = 90E7FB581CC536720018A532 /* Images.swift */; };
		90FB91A71D02C528002ECC8C /* libz.tbd in Frameworks */ = {isa = PBXBuildFile; fileRef = 90FB91A61D02C528002ECC8C /* libz.tbd */; };
		90FB91A91D02C867002ECC8C /* CoreTelephony.framework in Frameworks */ = {isa = PBXBuildFile; fileRef = 90FB91A81D02C867002ECC8C /* CoreTelephony.framework */; };
		90FB91AF1D02D4A3002ECC8C /* Security.framework in Frameworks */ = {isa = PBXBuildFile; fileRef = 90FB91AE1D02D4A3002ECC8C /* Security.framework */; };
		90FB91B11D02D4B7002ECC8C /* libiconv.tbd in Frameworks */ = {isa = PBXBuildFile; fileRef = 90FB91B01D02D4B7002ECC8C /* libiconv.tbd */; };
		90FB91B31D02D4C1002ECC8C /* SystemConfiguration.framework in Frameworks */ = {isa = PBXBuildFile; fileRef = 90FB91B21D02D4C1002ECC8C /* SystemConfiguration.framework */; };
		90FB91B51D02D4E3002ECC8C /* libstdc++.tbd in Frameworks */ = {isa = PBXBuildFile; fileRef = 90FB91B41D02D4E3002ECC8C /* libstdc++.tbd */; };
		90FB91B71D02D503002ECC8C /* CoreGraphics.framework in Frameworks */ = {isa = PBXBuildFile; fileRef = 90FB91B61D02D503002ECC8C /* CoreGraphics.framework */; };
		DB4F76EB1CCD1EE90021D068 /* LoginUser.swift in Sources */ = {isa = PBXBuildFile; fileRef = DB4F76EA1CCD1EE90021D068 /* LoginUser.swift */; };
		DBB79DA51CD11935006189B3 /* Dates.swift in Sources */ = {isa = PBXBuildFile; fileRef = DBB79DA41CD11935006189B3 /* Dates.swift */; };
		DBDC7F481CD90A8D0093812C /* Constants.swift in Sources */ = {isa = PBXBuildFile; fileRef = DBDC7F471CD90A8D0093812C /* Constants.swift */; };
		DBF1E7E21CCE7CA300B554A2 /* Measure.swift in Sources */ = {isa = PBXBuildFile; fileRef = DBF1E7E11CCE7CA300B554A2 /* Measure.swift */; };
		FCCE5B204D768259C96DFD55 /* Pods_EvoRadioTests.framework in Frameworks */ = {isa = PBXBuildFile; fileRef = C9634F17238D29D492403C7B /* Pods_EvoRadioTests.framework */; };
/* End PBXBuildFile section */

/* Begin PBXContainerItemProxy section */
		630BB61D222822B60088B6D7 /* PBXContainerItemProxy */ = {
			isa = PBXContainerItemProxy;
			containerPortal = 902FBCC51CBEAC010051A93B /* Project object */;
			proxyType = 1;
			remoteGlobalIDString = 630BB60A222822B50088B6D7;
			remoteInfo = EvoRadioMac;
		};
		634E06691F3869F400253E9A /* PBXContainerItemProxy */ = {
			isa = PBXContainerItemProxy;
			containerPortal = 902FBCC51CBEAC010051A93B /* Project object */;
			proxyType = 1;
			remoteGlobalIDString = 902FBCCC1CBEAC020051A93B;
			remoteInfo = EvoRadio;
		};
/* End PBXContainerItemProxy section */

/* Begin PBXCopyFilesBuildPhase section */
		6310545921B184F6006C8616 /* Embed Frameworks */ = {
			isa = PBXCopyFilesBuildPhase;
			buildActionMask = 2147483647;
			dstPath = "";
			dstSubfolderSpec = 10;
			files = (
				6310545821B184F6006C8616 /* ObjcLevelDB.framework in Embed Frameworks */,
			);
			name = "Embed Frameworks";
			runOnlyForDeploymentPostprocessing = 0;
		};
/* End PBXCopyFilesBuildPhase section */

/* Begin PBXFileReference section */
		5DFCD3CC5C6FBAC2F7155651 /* Pods-EvoRadio.release.xcconfig */ = {isa = PBXFileReference; includeInIndex = 1; lastKnownFileType = text.xcconfig; name = "Pods-EvoRadio.release.xcconfig"; path = "Pods/Target Support Files/Pods-EvoRadio/Pods-EvoRadio.release.xcconfig"; sourceTree = "<group>"; };
		6304E2CB1E9243D100B80494 /* SearchViewController.swift */ = {isa = PBXFileReference; fileEncoding = 4; lastKnownFileType = sourcecode.swift; name = SearchViewController.swift; path = Controllers/SearchViewController.swift; sourceTree = "<group>"; };
		630BB60B222822B50088B6D7 /* EvoRadioMac.app */ = {isa = PBXFileReference; explicitFileType = wrapper.application; includeInIndex = 0; path = EvoRadioMac.app; sourceTree = BUILT_PRODUCTS_DIR; };
		630BB60D222822B50088B6D7 /* AppDelegate.swift */ = {isa = PBXFileReference; lastKnownFileType = sourcecode.swift; path = AppDelegate.swift; sourceTree = "<group>"; };
		630BB60F222822B50088B6D7 /* ViewController.swift */ = {isa = PBXFileReference; lastKnownFileType = sourcecode.swift; path = ViewController.swift; sourceTree = "<group>"; };
		630BB611222822B60088B6D7 /* Assets.xcassets */ = {isa = PBXFileReference; lastKnownFileType = folder.assetcatalog; path = Assets.xcassets; sourceTree = "<group>"; };
		630BB614222822B60088B6D7 /* Base */ = {isa = PBXFileReference; lastKnownFileType = file.storyboard; name = Base; path = Base.lproj/Main.storyboard; sourceTree = "<group>"; };
		630BB616222822B60088B6D7 /* Info.plist */ = {isa = PBXFileReference; lastKnownFileType = text.plist.xml; path = Info.plist; sourceTree = "<group>"; };
		630BB617222822B60088B6D7 /* EvoRadioMac.entitlements */ = {isa = PBXFileReference; lastKnownFileType = text.plist.entitlements; path = EvoRadioMac.entitlements; sourceTree = "<group>"; };
		630BB61C222822B60088B6D7 /* EvoRadioMacTests.xctest */ = {isa = PBXFileReference; explicitFileType = wrapper.cfbundle; includeInIndex = 0; path = EvoRadioMacTests.xctest; sourceTree = BUILT_PRODUCTS_DIR; };
		630BB620222822B60088B6D7 /* EvoRadioMacTests.swift */ = {isa = PBXFileReference; lastKnownFileType = sourcecode.swift; path = EvoRadioMacTests.swift; sourceTree = "<group>"; };
		630BB622222822B60088B6D7 /* Info.plist */ = {isa = PBXFileReference; lastKnownFileType = text.plist.xml; path = Info.plist; sourceTree = "<group>"; };
		630D1702211EBB1400803BC5 /* Notification.swift */ = {isa = PBXFileReference; lastKnownFileType = sourcecode.swift; path = Notification.swift; sourceTree = "<group>"; };
		630EE9621F35BA540068C04F /* EvoRadio-Bridging-Header.h */ = {isa = PBXFileReference; lastKnownFileType = sourcecode.c.h; path = "EvoRadio-Bridging-Header.h"; sourceTree = "<group>"; };
		6310545521B182DE006C8616 /* ObjcLevelDB.framework */ = {isa = PBXFileReference; lastKnownFileType = wrapper.framework; path = ObjcLevelDB.framework; sourceTree = "<group>"; };
		6318845F1D78482200D7399A /* RadioViewController.swift */ = {isa = PBXFileReference; fileEncoding = 4; lastKnownFileType = sourcecode.swift; name = RadioViewController.swift; path = Controllers/RadioViewController.swift; sourceTree = "<group>"; };
		631BA2C821AFB73100A6D65C /* GoogleService-Info.plist */ = {isa = PBXFileReference; fileEncoding = 4; lastKnownFileType = text.plist.xml; path = "GoogleService-Info.plist"; sourceTree = "<group>"; };
		63294D07224632900089AC36 /* ScannerViewController.swift */ = {isa = PBXFileReference; lastKnownFileType = sourcecode.swift; name = ScannerViewController.swift; path = Controllers/ScannerViewController.swift; sourceTree = "<group>"; };
		63294D09224738E10089AC36 /* ScannerTableViewCell.swift */ = {isa = PBXFileReference; lastKnownFileType = sourcecode.swift; path = ScannerTableViewCell.swift; sourceTree = "<group>"; };
		633506DF1DE9D97500607693 /* Labels.swift */ = {isa = PBXFileReference; fileEncoding = 4; lastKnownFileType = sourcecode.swift; path = Labels.swift; sourceTree = "<group>"; };
		6340022D1F6EABCE001FD26C /* ItunesViewCell.swift */ = {isa = PBXFileReference; fileEncoding = 4; lastKnownFileType = sourcecode.swift; path = ItunesViewCell.swift; sourceTree = "<group>"; };
		634002321F6F9165001FD26C /* FLEX.framework */ = {isa = PBXFileReference; lastKnownFileType = wrapper.framework; name = FLEX.framework; path = Carthage/Build/iOS/FLEX.framework; sourceTree = "<group>"; };
		634E065B1F3857AD00253E9A /* Common.swift */ = {isa = PBXFileReference; fileEncoding = 4; lastKnownFileType = sourcecode.swift; path = Common.swift; sourceTree = "<group>"; };
		634E065E1F38690200253E9A /* ObjectMapper.framework */ = {isa = PBXFileReference; lastKnownFileType = wrapper.framework; name = ObjectMapper.framework; path = Carthage/Build/iOS/ObjectMapper.framework; sourceTree = "<group>"; };
		634E06641F3869F400253E9A /* EvoRadioTests.xctest */ = {isa = PBXFileReference; explicitFileType = wrapper.cfbundle; includeInIndex = 0; path = EvoRadioTests.xctest; sourceTree = BUILT_PRODUCTS_DIR; };
		634E06661F3869F400253E9A /* EvoRadioTests.swift */ = {isa = PBXFileReference; lastKnownFileType = sourcecode.swift; path = EvoRadioTests.swift; sourceTree = "<group>"; };
		634E06681F3869F400253E9A /* Info.plist */ = {isa = PBXFileReference; lastKnownFileType = text.plist.xml; path = Info.plist; sourceTree = "<group>"; };
		634E066E1F38882000253E9A /* TopTabBar.swift */ = {isa = PBXFileReference; fileEncoding = 4; lastKnownFileType = sourcecode.swift; name = TopTabBar.swift; path = Views/TopTabBar.swift; sourceTree = "<group>"; };
		634E06771F38888400253E9A /* RadioTableViewCell.swift */ = {isa = PBXFileReference; fileEncoding = 4; lastKnownFileType = sourcecode.swift; path = RadioTableViewCell.swift; sourceTree = "<group>"; };
		635AD1B41F4981DE002AFE0D /* RefreshKit.framework */ = {isa = PBXFileReference; lastKnownFileType = wrapper.framework; name = RefreshKit.framework; path = Carthage/Build/iOS/RefreshKit.framework; sourceTree = "<group>"; };
		635AD2141F499611002AFE0D /* AudioKit.framework */ = {isa = PBXFileReference; lastKnownFileType = wrapper.framework; name = AudioKit.framework; path = Carthage/Build/iOS/AudioKit.framework; sourceTree = "<group>"; };
		635AD2BA1F49B4D7002AFE0D /* CarouselKit.framework */ = {isa = PBXFileReference; lastKnownFileType = wrapper.framework; name = CarouselKit.framework; path = Carthage/Build/iOS/CarouselKit.framework; sourceTree = "<group>"; };
		635AD2E21F49BC18002AFE0D /* ReflectionView.h */ = {isa = PBXFileReference; fileEncoding = 4; lastKnownFileType = sourcecode.c.h; path = ReflectionView.h; sourceTree = "<group>"; };
		635AD2E31F49BC18002AFE0D /* ReflectionView.m */ = {isa = PBXFileReference; fileEncoding = 4; lastKnownFileType = sourcecode.c.objc; path = ReflectionView.m; sourceTree = "<group>"; };
		635AD56E1F49D9CC002AFE0D /* ObjcLevelDB.framework */ = {isa = PBXFileReference; lastKnownFileType = wrapper.framework; name = ObjcLevelDB.framework; path = Carthage/Build/iOS/ObjcLevelDB.framework; sourceTree = "<group>"; };
		635AD57B1F49DF15002AFE0D /* pop.framework */ = {isa = PBXFileReference; lastKnownFileType = wrapper.framework; name = pop.framework; path = Carthage/Build/iOS/pop.framework; sourceTree = "<group>"; };
		6360F24A1F779C9500070C4E /* SearchSongInfo.swift */ = {isa = PBXFileReference; lastKnownFileType = sourcecode.swift; path = SearchSongInfo.swift; sourceTree = "<group>"; };
		6360F24C1F77A5A800070C4E /* SimpleTableViewCell.swift */ = {isa = PBXFileReference; lastKnownFileType = sourcecode.swift; path = SimpleTableViewCell.swift; sourceTree = "<group>"; };
		6360F24E1F77ACC600070C4E /* SearchedSongInfo.swift */ = {isa = PBXFileReference; lastKnownFileType = sourcecode.swift; path = SearchedSongInfo.swift; sourceTree = "<group>"; };
		636449381DC2E53D008FC4A2 /* DownloadSongInfo.swift */ = {isa = PBXFileReference; fileEncoding = 4; lastKnownFileType = sourcecode.swift; path = DownloadSongInfo.swift; sourceTree = "<group>"; };
		636CEC9E1E1BEF4E009488D5 /* ScrollView.swift */ = {isa = PBXFileReference; fileEncoding = 4; lastKnownFileType = sourcecode.swift; path = ScrollView.swift; sourceTree = "<group>"; };
		63974EB91DC4E437004D2526 /* Downloader.swift */ = {isa = PBXFileReference; fileEncoding = 4; lastKnownFileType = sourcecode.swift; path = Downloader.swift; sourceTree = "<group>"; };
		63A4E53B1D80384600E18FD6 /* Views.swift */ = {isa = PBXFileReference; fileEncoding = 4; lastKnownFileType = sourcecode.swift; path = Views.swift; sourceTree = "<group>"; };
		63B2E4E51DC08A6700A2A146 /* MZDownloadManager.swift */ = {isa = PBXFileReference; fileEncoding = 4; lastKnownFileType = sourcecode.swift; path = MZDownloadManager.swift; sourceTree = "<group>"; };
		63B2E4E61DC08A6700A2A146 /* MZDownloadModel.swift */ = {isa = PBXFileReference; fileEncoding = 4; lastKnownFileType = sourcecode.swift; path = MZDownloadModel.swift; sourceTree = "<group>"; };
		63B2E4E71DC08A6700A2A146 /* MZUtility.swift */ = {isa = PBXFileReference; fileEncoding = 4; lastKnownFileType = sourcecode.swift; path = MZUtility.swift; sourceTree = "<group>"; };
		63B674651F519B2A00F4341B /* ItunesViewController.swift */ = {isa = PBXFileReference; fileEncoding = 4; lastKnownFileType = sourcecode.swift; name = ItunesViewController.swift; path = Controllers/ItunesViewController.swift; sourceTree = "<group>"; };
		63C9A052211BB97200B507D2 /* SplashViewController.swift */ = {isa = PBXFileReference; lastKnownFileType = sourcecode.swift; name = SplashViewController.swift; path = Controllers/SplashViewController.swift; sourceTree = "<group>"; };
		63C9A053211BB97200B507D2 /* SplashViewController.xib */ = {isa = PBXFileReference; lastKnownFileType = file.xib; name = SplashViewController.xib; path = Controllers/SplashViewController.xib; sourceTree = "<group>"; };
		63C9A057211BBA8200B507D2 /* splash_image_default.jpg */ = {isa = PBXFileReference; lastKnownFileType = image.jpeg; path = splash_image_default.jpg; sourceTree = "<group>"; };
		63C9A077211C94A100B507D2 /* LaunchScreen.storyboard */ = {isa = PBXFileReference; lastKnownFileType = file.storyboard; path = LaunchScreen.storyboard; sourceTree = "<group>"; };
		63C9A079211C965600B507D2 /* LaunchImage.png */ = {isa = PBXFileReference; lastKnownFileType = image.png; path = LaunchImage.png; sourceTree = "<group>"; };
		63DB930C1DF2B8BB0051FA2B /* sqlite.playground */ = {isa = PBXFileReference; lastKnownFileType = file.playground; name = sqlite.playground; path = Playgrounds/sqlite.playground; sourceTree = "<group>"; xcLanguageSpecificationIdentifier = xcode.lang.swift; };
		63E1D9382228590E00B5C85D /* CollectedSongListViewController.swift */ = {isa = PBXFileReference; fileEncoding = 4; lastKnownFileType = sourcecode.swift; name = CollectedSongListViewController.swift; path = Controllers/CollectedSongListViewController.swift; sourceTree = "<group>"; };
		63EF43F01F38A1C700EADC48 /* ProgramViewController.swift */ = {isa = PBXFileReference; fileEncoding = 4; lastKnownFileType = sourcecode.swift; name = ProgramViewController.swift; path = Controllers/ProgramViewController.swift; sourceTree = "<group>"; };
		63EF43F21F38A1E600EADC48 /* AssistiveTouch.swift */ = {isa = PBXFileReference; fileEncoding = 4; lastKnownFileType = sourcecode.swift; name = AssistiveTouch.swift; path = Views/AssistiveTouch.swift; sourceTree = "<group>"; };
		63EF43F41F38A1FD00EADC48 /* ProgramCollectionViewCell.swift */ = {isa = PBXFileReference; fileEncoding = 4; lastKnownFileType = sourcecode.swift; path = ProgramCollectionViewCell.swift; sourceTree = "<group>"; };
		63EF43F81F38A6F400EADC48 /* ChannelViewController.swift */ = {isa = PBXFileReference; fileEncoding = 4; lastKnownFileType = sourcecode.swift; name = ChannelViewController.swift; path = Controllers/ChannelViewController.swift; sourceTree = "<group>"; };
		63EF43FA1F38A7F000EADC48 /* NowChannel.swift */ = {isa = PBXFileReference; fileEncoding = 4; lastKnownFileType = sourcecode.swift; path = NowChannel.swift; sourceTree = "<group>"; };
		63EF43FC1F38A91D00EADC48 /* ChannelCollectionViewCell.swift */ = {isa = PBXFileReference; fileEncoding = 4; lastKnownFileType = sourcecode.swift; path = ChannelCollectionViewCell.swift; sourceTree = "<group>"; };
		63EF43FE1F38AB4600EADC48 /* CoreDB.swift */ = {isa = PBXFileReference; fileEncoding = 4; lastKnownFileType = sourcecode.swift; path = CoreDB.swift; sourceTree = "<group>"; };
		63EF44001F38AC7800EADC48 /* SongListViewController.swift */ = {isa = PBXFileReference; fileEncoding = 4; lastKnownFileType = sourcecode.swift; name = SongListViewController.swift; path = Controllers/SongListViewController.swift; sourceTree = "<group>"; };
		63EF44021F38ACC800EADC48 /* SongListTableViewCell.swift */ = {isa = PBXFileReference; fileEncoding = 4; lastKnownFileType = sourcecode.swift; path = SongListTableViewCell.swift; sourceTree = "<group>"; };
		63EF44041F38AFA500EADC48 /* MainViewController.swift */ = {isa = PBXFileReference; fileEncoding = 4; lastKnownFileType = sourcecode.swift; name = MainViewController.swift; path = Controllers/MainViewController.swift; sourceTree = "<group>"; };
		63EF44061F38AFEC00EADC48 /* NowViewController.swift */ = {isa = PBXFileReference; fileEncoding = 4; lastKnownFileType = sourcecode.swift; name = NowViewController.swift; path = Controllers/NowViewController.swift; sourceTree = "<group>"; };
		63EF44081F38B02200EADC48 /* NowCollectionHeaderView.swift */ = {isa = PBXFileReference; fileEncoding = 4; lastKnownFileType = sourcecode.swift; name = NowCollectionHeaderView.swift; path = Views/NowCollectionHeaderView.swift; sourceTree = "<group>"; };
		63EF440A1F38B03800EADC48 /* SelectiveTimePanel.swift */ = {isa = PBXFileReference; fileEncoding = 4; lastKnownFileType = sourcecode.swift; name = SelectiveTimePanel.swift; path = Views/SelectiveTimePanel.swift; sourceTree = "<group>"; };
		63EF440C1F38B0F600EADC48 /* ScrollTabBar.swift */ = {isa = PBXFileReference; fileEncoding = 4; lastKnownFileType = sourcecode.swift; name = ScrollTabBar.swift; path = Views/ScrollTabBar.swift; sourceTree = "<group>"; };
		63EF440E1F38B12700EADC48 /* ClockView.swift */ = {isa = PBXFileReference; fileEncoding = 4; lastKnownFileType = sourcecode.swift; name = ClockView.swift; path = Views/ClockView.swift; sourceTree = "<group>"; };
		63EF44101F38B1E700EADC48 /* LocalViewController.swift */ = {isa = PBXFileReference; fileEncoding = 4; lastKnownFileType = sourcecode.swift; name = LocalViewController.swift; path = Controllers/LocalViewController.swift; sourceTree = "<group>"; };
		63EF44121F38B28200EADC48 /* LocalTableViewCell.swift */ = {isa = PBXFileReference; fileEncoding = 4; lastKnownFileType = sourcecode.swift; path = LocalTableViewCell.swift; sourceTree = "<group>"; };
		63EF44141F38B3D200EADC48 /* PlayerViewController.swift */ = {isa = PBXFileReference; fileEncoding = 4; lastKnownFileType = sourcecode.swift; name = PlayerViewController.swift; path = Controllers/PlayerViewController.swift; sourceTree = "<group>"; };
		63EF44161F38B41600EADC48 /* CDCoverImageView.swift */ = {isa = PBXFileReference; fileEncoding = 4; lastKnownFileType = sourcecode.swift; name = CDCoverImageView.swift; path = Views/CDCoverImageView.swift; sourceTree = "<group>"; };
		63EF44181F38B42D00EADC48 /* MusicManager.swift */ = {isa = PBXFileReference; fileEncoding = 4; lastKnownFileType = sourcecode.swift; path = MusicManager.swift; sourceTree = "<group>"; };
		63EF441A1F38B81400EADC48 /* PlayerView.swift */ = {isa = PBXFileReference; fileEncoding = 4; lastKnownFileType = sourcecode.swift; name = PlayerView.swift; path = Views/PlayerView.swift; sourceTree = "<group>"; };
		63EF44AB1F39F39600EADC48 /* DownloadedProgramListViewController.swift */ = {isa = PBXFileReference; fileEncoding = 4; lastKnownFileType = sourcecode.swift; name = DownloadedProgramListViewController.swift; path = Controllers/DownloadedProgramListViewController.swift; sourceTree = "<group>"; };
		63EF44AC1F39F39600EADC48 /* DownloadedSongListViewController.swift */ = {isa = PBXFileReference; fileEncoding = 4; lastKnownFileType = sourcecode.swift; name = DownloadedSongListViewController.swift; path = Controllers/DownloadedSongListViewController.swift; sourceTree = "<group>"; };
		63EF44AD1F39F39600EADC48 /* DownloadedViewController.swift */ = {isa = PBXFileReference; fileEncoding = 4; lastKnownFileType = sourcecode.swift; name = DownloadedViewController.swift; path = Controllers/DownloadedViewController.swift; sourceTree = "<group>"; };
		63EF44AE1F39F39600EADC48 /* DownloadingSongListViewController.swift */ = {isa = PBXFileReference; fileEncoding = 4; lastKnownFileType = sourcecode.swift; name = DownloadingSongListViewController.swift; path = Controllers/DownloadingSongListViewController.swift; sourceTree = "<group>"; };
		63EF44AF1F39F39600EADC48 /* DownloadViewController.swift */ = {isa = PBXFileReference; fileEncoding = 4; lastKnownFileType = sourcecode.swift; name = DownloadViewController.swift; path = Controllers/DownloadViewController.swift; sourceTree = "<group>"; };
		63EF44B51F39F3CF00EADC48 /* HistorySongListViewController.swift */ = {isa = PBXFileReference; fileEncoding = 4; lastKnownFileType = sourcecode.swift; name = HistorySongListViewController.swift; path = Controllers/HistorySongListViewController.swift; sourceTree = "<group>"; };
		63EF44B71F39F48200EADC48 /* DownloadedCollectionViewCell.swift */ = {isa = PBXFileReference; fileEncoding = 4; lastKnownFileType = sourcecode.swift; path = DownloadedCollectionViewCell.swift; sourceTree = "<group>"; };
		63EF44B81F39F48200EADC48 /* DownloadedTableViewCell.swift */ = {isa = PBXFileReference; fileEncoding = 4; lastKnownFileType = sourcecode.swift; path = DownloadedTableViewCell.swift; sourceTree = "<group>"; };
		63EF44B91F39F48200EADC48 /* DownloadingTableViewCell.swift */ = {isa = PBXFileReference; fileEncoding = 4; lastKnownFileType = sourcecode.swift; path = DownloadingTableViewCell.swift; sourceTree = "<group>"; };
		685775D77141121C0D813D2F /* Pods-EvoRadioTests.release.xcconfig */ = {isa = PBXFileReference; includeInIndex = 1; lastKnownFileType = text.xcconfig; name = "Pods-EvoRadioTests.release.xcconfig"; path = "Pods/Target Support Files/Pods-EvoRadioTests/Pods-EvoRadioTests.release.xcconfig"; sourceTree = "<group>"; };
		900C72531D056439006EBE78 /* libsqlite3.0.tbd */ = {isa = PBXFileReference; lastKnownFileType = "sourcecode.text-based-dylib-definition"; name = libsqlite3.0.tbd; path = usr/lib/libsqlite3.0.tbd; sourceTree = SDKROOT; };
		902F6B6F1CC3C4EA00F43C2E /* Device.swift */ = {isa = PBXFileReference; fileEncoding = 4; lastKnownFileType = sourcecode.swift; lineEnding = 0; path = Device.swift; sourceTree = "<group>"; xcLanguageSpecificationIdentifier = xcode.lang.swift; };
		902FBCCD1CBEAC020051A93B /* EvoRadio.app */ = {isa = PBXFileReference; explicitFileType = wrapper.application; includeInIndex = 0; path = EvoRadio.app; sourceTree = BUILT_PRODUCTS_DIR; };
		902FBCD01CBEAC020051A93B /* AppDelegate.swift */ = {isa = PBXFileReference; lastKnownFileType = sourcecode.swift; lineEnding = 0; path = AppDelegate.swift; sourceTree = "<group>"; xcLanguageSpecificationIdentifier = xcode.lang.swift; };
		9053D44E1CF483DB000392EF /* Cover.swift */ = {isa = PBXFileReference; fileEncoding = 4; lastKnownFileType = sourcecode.swift; lineEnding = 0; path = Cover.swift; sourceTree = "<group>"; xcLanguageSpecificationIdentifier = xcode.lang.swift; };
		9054AE0F1CC3BFB400E876FF /* Colors.swift */ = {isa = PBXFileReference; fileEncoding = 4; lastKnownFileType = sourcecode.swift; lineEnding = 0; path = Colors.swift; sourceTree = "<group>"; xcLanguageSpecificationIdentifier = xcode.lang.swift; };
		9059396A1D0E65A200FF9848 /* AVFoundation.framework */ = {isa = PBXFileReference; lastKnownFileType = wrapper.framework; name = AVFoundation.framework; path = System/Library/Frameworks/AVFoundation.framework; sourceTree = SDKROOT; };
		90659F0F1CC92CA30026539F /* MediaPlayer.framework */ = {isa = PBXFileReference; lastKnownFileType = wrapper.framework; name = MediaPlayer.framework; path = System/Library/Frameworks/MediaPlayer.framework; sourceTree = SDKROOT; };
		90659F111CC92CB00026539F /* AudioToolbox.framework */ = {isa = PBXFileReference; lastKnownFileType = wrapper.framework; name = AudioToolbox.framework; path = System/Library/Frameworks/AudioToolbox.framework; sourceTree = SDKROOT; };
		90659F171CC9B6440026539F /* Radio.swift */ = {isa = PBXFileReference; fileEncoding = 4; lastKnownFileType = sourcecode.swift; lineEnding = 0; path = Radio.swift; sourceTree = "<group>"; xcLanguageSpecificationIdentifier = xcode.lang.swift; };
		9070928E1D07B51000E11D88 /* HudManager.swift */ = {isa = PBXFileReference; fileEncoding = 4; lastKnownFileType = sourcecode.swift; lineEnding = 0; path = HudManager.swift; sourceTree = "<group>"; xcLanguageSpecificationIdentifier = xcode.lang.swift; };
		9097BB1C1CFE8B6400FA5BD9 /* Test.xib */ = {isa = PBXFileReference; fileEncoding = 4; lastKnownFileType = file.xib; path = Test.xib; sourceTree = "<group>"; };
		9097BB261CFEA8E900FA5BD9 /* ViewControllers.swift */ = {isa = PBXFileReference; fileEncoding = 4; lastKnownFileType = sourcecode.swift; lineEnding = 0; path = ViewControllers.swift; sourceTree = "<group>"; xcLanguageSpecificationIdentifier = xcode.lang.swift; };
		9097BB281CFEC40400FA5BD9 /* Arrays.swift */ = {isa = PBXFileReference; fileEncoding = 4; lastKnownFileType = sourcecode.swift; lineEnding = 0; path = Arrays.swift; sourceTree = "<group>"; xcLanguageSpecificationIdentifier = xcode.lang.swift; };
		9097BB2A1CFEC88A00FA5BD9 /* DownloadItemQueue.swift */ = {isa = PBXFileReference; fileEncoding = 4; lastKnownFileType = sourcecode.swift; lineEnding = 0; path = DownloadItemQueue.swift; sourceTree = "<group>"; xcLanguageSpecificationIdentifier = xcode.lang.swift; };
		9097BB2E1CFFDFEF00FA5BD9 /* Strings.swift */ = {isa = PBXFileReference; fileEncoding = 4; lastKnownFileType = sourcecode.swift; lineEnding = 0; path = Strings.swift; sourceTree = "<group>"; xcLanguageSpecificationIdentifier = xcode.lang.swift; };
		9097BB301D00380800FA5BD9 /* LastPlaylist.swift */ = {isa = PBXFileReference; fileEncoding = 4; lastKnownFileType = sourcecode.swift; lineEnding = 0; path = LastPlaylist.swift; sourceTree = "<group>"; xcLanguageSpecificationIdentifier = xcode.lang.swift; };
		909E659D1CC0831100B0C49B /* Info.plist */ = {isa = PBXFileReference; fileEncoding = 4; lastKnownFileType = text.plist.xml; name = Info.plist; path = Resources/Info.plist; sourceTree = "<group>"; };
		909E65A01CC0831B00B0C49B /* ViewController.swift */ = {isa = PBXFileReference; fileEncoding = 4; lastKnownFileType = sourcecode.swift; lineEnding = 0; name = ViewController.swift; path = Controllers/ViewController.swift; sourceTree = "<group>"; xcLanguageSpecificationIdentifier = xcode.lang.swift; };
		909E65A51CC083A500B0C49B /* Assets.xcassets */ = {isa = PBXFileReference; lastKnownFileType = folder.assetcatalog; name = Assets.xcassets; path = Resources/Assets.xcassets; sourceTree = "<group>"; };
		909E818B1CF8129500571A76 /* NotificationManager.swift */ = {isa = PBXFileReference; fileEncoding = 4; lastKnownFileType = sourcecode.swift; lineEnding = 0; path = NotificationManager.swift; sourceTree = "<group>"; xcLanguageSpecificationIdentifier = xcode.lang.swift; };
		90B95CAB1CF6F4FA00105090 /* Windows.swift */ = {isa = PBXFileReference; fileEncoding = 4; lastKnownFileType = sourcecode.swift; lineEnding = 0; path = Windows.swift; sourceTree = "<group>"; xcLanguageSpecificationIdentifier = xcode.lang.swift; };
		90C32B6B1D0586D400C87DAF /* CoreText.framework */ = {isa = PBXFileReference; lastKnownFileType = wrapper.framework; name = CoreText.framework; path = System/Library/Frameworks/CoreText.framework; sourceTree = SDKROOT; };
		90C32B6D1D0586E200C87DAF /* ImageIO.framework */ = {isa = PBXFileReference; lastKnownFileType = wrapper.framework; name = ImageIO.framework; path = System/Library/Frameworks/ImageIO.framework; sourceTree = SDKROOT; };
		90C32B6F1D0586EE00C87DAF /* QuartzCore.framework */ = {isa = PBXFileReference; lastKnownFileType = wrapper.framework; name = QuartzCore.framework; path = System/Library/Frameworks/QuartzCore.framework; sourceTree = SDKROOT; };
		90E7FAFD1CC3DB720018A532 /* NavigationController.swift */ = {isa = PBXFileReference; fileEncoding = 4; lastKnownFileType = sourcecode.swift; lineEnding = 0; name = NavigationController.swift; path = Controllers/NavigationController.swift; sourceTree = "<group>"; xcLanguageSpecificationIdentifier = xcode.lang.swift; };
		90E7FAFF1CC3E4E60018A532 /* Fonts.swift */ = {isa = PBXFileReference; fileEncoding = 4; lastKnownFileType = sourcecode.swift; lineEnding = 0; path = Fonts.swift; sourceTree = "<group>"; xcLanguageSpecificationIdentifier = xcode.lang.swift; };
		90E7FB4A1CC4B6C50018A532 /* API.swift */ = {isa = PBXFileReference; fileEncoding = 4; lastKnownFileType = sourcecode.swift; lineEnding = 0; path = API.swift; sourceTree = "<group>"; xcLanguageSpecificationIdentifier = xcode.lang.swift; };
		90E7FB4C1CC4BD5B0018A532 /* Channel.swift */ = {isa = PBXFileReference; fileEncoding = 4; lastKnownFileType = sourcecode.swift; lineEnding = 0; path = Channel.swift; sourceTree = "<group>"; xcLanguageSpecificationIdentifier = xcode.lang.swift; };
		90E7FB4E1CC4C3170018A532 /* Program.swift */ = {isa = PBXFileReference; fileEncoding = 4; lastKnownFileType = sourcecode.swift; lineEnding = 0; path = Program.swift; sourceTree = "<group>"; xcLanguageSpecificationIdentifier = xcode.lang.swift; };
		90E7FB501CC4C3680018A532 /* User.swift */ = {isa = PBXFileReference; fileEncoding = 4; lastKnownFileType = sourcecode.swift; lineEnding = 0; path = User.swift; sourceTree = "<group>"; xcLanguageSpecificationIdentifier = xcode.lang.swift; };
		90E7FB521CC4CAF80018A532 /* Song.swift */ = {isa = PBXFileReference; fileEncoding = 4; lastKnownFileType = sourcecode.swift; lineEnding = 0; path = Song.swift; sourceTree = "<group>"; xcLanguageSpecificationIdentifier = xcode.lang.swift; };
		90E7FB581CC536720018A532 /* Images.swift */ = {isa = PBXFileReference; fileEncoding = 4; lastKnownFileType = sourcecode.swift; lineEnding = 0; path = Images.swift; sourceTree = "<group>"; xcLanguageSpecificationIdentifier = xcode.lang.swift; };
		90FB91A61D02C528002ECC8C /* libz.tbd */ = {isa = PBXFileReference; lastKnownFileType = "sourcecode.text-based-dylib-definition"; name = libz.tbd; path = usr/lib/libz.tbd; sourceTree = SDKROOT; };
		90FB91A81D02C867002ECC8C /* CoreTelephony.framework */ = {isa = PBXFileReference; lastKnownFileType = wrapper.framework; name = CoreTelephony.framework; path = System/Library/Frameworks/CoreTelephony.framework; sourceTree = SDKROOT; };
		90FB91AA1D02C877002ECC8C /* libsqlite3.tbd */ = {isa = PBXFileReference; lastKnownFileType = "sourcecode.text-based-dylib-definition"; name = libsqlite3.tbd; path = usr/lib/libsqlite3.tbd; sourceTree = SDKROOT; };
		90FB91AE1D02D4A3002ECC8C /* Security.framework */ = {isa = PBXFileReference; lastKnownFileType = wrapper.framework; name = Security.framework; path = System/Library/Frameworks/Security.framework; sourceTree = SDKROOT; };
		90FB91B01D02D4B7002ECC8C /* libiconv.tbd */ = {isa = PBXFileReference; lastKnownFileType = "sourcecode.text-based-dylib-definition"; name = libiconv.tbd; path = usr/lib/libiconv.tbd; sourceTree = SDKROOT; };
		90FB91B21D02D4C1002ECC8C /* SystemConfiguration.framework */ = {isa = PBXFileReference; lastKnownFileType = wrapper.framework; name = SystemConfiguration.framework; path = System/Library/Frameworks/SystemConfiguration.framework; sourceTree = SDKROOT; };
		90FB91B41D02D4E3002ECC8C /* libstdc++.tbd */ = {isa = PBXFileReference; lastKnownFileType = "sourcecode.text-based-dylib-definition"; name = "libstdc++.tbd"; path = "usr/lib/libstdc++.tbd"; sourceTree = SDKROOT; };
		90FB91B61D02D503002ECC8C /* CoreGraphics.framework */ = {isa = PBXFileReference; lastKnownFileType = wrapper.framework; name = CoreGraphics.framework; path = System/Library/Frameworks/CoreGraphics.framework; sourceTree = SDKROOT; };
		BF4F95F4E1AE88110AABC9C4 /* Pods-EvoRadio.debug.xcconfig */ = {isa = PBXFileReference; includeInIndex = 1; lastKnownFileType = text.xcconfig; name = "Pods-EvoRadio.debug.xcconfig"; path = "Pods/Target Support Files/Pods-EvoRadio/Pods-EvoRadio.debug.xcconfig"; sourceTree = "<group>"; };
		C9634F17238D29D492403C7B /* Pods_EvoRadioTests.framework */ = {isa = PBXFileReference; explicitFileType = wrapper.framework; includeInIndex = 0; path = Pods_EvoRadioTests.framework; sourceTree = BUILT_PRODUCTS_DIR; };
		D4FB490049FC834EB04AD79F /* Pods_EvoRadio.framework */ = {isa = PBXFileReference; explicitFileType = wrapper.framework; includeInIndex = 0; path = Pods_EvoRadio.framework; sourceTree = BUILT_PRODUCTS_DIR; };
		DB3411BED597091FE14A8A75 /* Pods-EvoRadioTests.debug.xcconfig */ = {isa = PBXFileReference; includeInIndex = 1; lastKnownFileType = text.xcconfig; name = "Pods-EvoRadioTests.debug.xcconfig"; path = "Pods/Target Support Files/Pods-EvoRadioTests/Pods-EvoRadioTests.debug.xcconfig"; sourceTree = "<group>"; };
		DB4F76EA1CCD1EE90021D068 /* LoginUser.swift */ = {isa = PBXFileReference; fileEncoding = 4; lastKnownFileType = sourcecode.swift; path = LoginUser.swift; sourceTree = "<group>"; };
		DBB79DA41CD11935006189B3 /* Dates.swift */ = {isa = PBXFileReference; fileEncoding = 4; lastKnownFileType = sourcecode.swift; path = Dates.swift; sourceTree = "<group>"; };
		DBDC7F471CD90A8D0093812C /* Constants.swift */ = {isa = PBXFileReference; fileEncoding = 4; lastKnownFileType = sourcecode.swift; path = Constants.swift; sourceTree = "<group>"; };
		DBF1E7E11CCE7CA300B554A2 /* Measure.swift */ = {isa = PBXFileReference; fileEncoding = 4; lastKnownFileType = sourcecode.swift; path = Measure.swift; sourceTree = "<group>"; };
/* End PBXFileReference section */

/* Begin PBXFrameworksBuildPhase section */
		630BB608222822B50088B6D7 /* Frameworks */ = {
			isa = PBXFrameworksBuildPhase;
			buildActionMask = 2147483647;
			files = (
			);
			runOnlyForDeploymentPostprocessing = 0;
		};
		630BB619222822B60088B6D7 /* Frameworks */ = {
			isa = PBXFrameworksBuildPhase;
			buildActionMask = 2147483647;
			files = (
			);
			runOnlyForDeploymentPostprocessing = 0;
		};
		634E06611F3869F400253E9A /* Frameworks */ = {
			isa = PBXFrameworksBuildPhase;
			buildActionMask = 2147483647;
			files = (
				86A783E31962C113368E80E8 /* (null) in Frameworks */,
				FCCE5B204D768259C96DFD55 /* Pods_EvoRadioTests.framework in Frameworks */,
			);
			runOnlyForDeploymentPostprocessing = 0;
		};
		902FBCCA1CBEAC020051A93B /* Frameworks */ = {
			isa = PBXFrameworksBuildPhase;
			buildActionMask = 2147483647;
			files = (
				9059396C1D0E65C700FF9848 /* AudioToolbox.framework in Frameworks */,
				9059396B1D0E65A200FF9848 /* AVFoundation.framework in Frameworks */,
				90C32B701D0586EE00C87DAF /* QuartzCore.framework in Frameworks */,
				90C32B6E1D0586E200C87DAF /* ImageIO.framework in Frameworks */,
				90C32B6C1D0586D400C87DAF /* CoreText.framework in Frameworks */,
				900C72541D056439006EBE78 /* libsqlite3.0.tbd in Frameworks */,
				90FB91B71D02D503002ECC8C /* CoreGraphics.framework in Frameworks */,
				90FB91B51D02D4E3002ECC8C /* libstdc++.tbd in Frameworks */,
				90FB91B31D02D4C1002ECC8C /* SystemConfiguration.framework in Frameworks */,
				90FB91B11D02D4B7002ECC8C /* libiconv.tbd in Frameworks */,
				6310545621B182DE006C8616 /* ObjcLevelDB.framework in Frameworks */,
				90FB91AF1D02D4A3002ECC8C /* Security.framework in Frameworks */,
				90FB91A91D02C867002ECC8C /* CoreTelephony.framework in Frameworks */,
				6310545721B184F6006C8616 /* ObjcLevelDB.framework in Frameworks */,
				90FB91A71D02C528002ECC8C /* libz.tbd in Frameworks */,
				1B0B6791D3CB7BC65CE9C63A /* Pods_EvoRadio.framework in Frameworks */,
			);
			runOnlyForDeploymentPostprocessing = 0;
		};
/* End PBXFrameworksBuildPhase section */

/* Begin PBXGroup section */
		5A94393BB0E9EEBD2CED84BF /* Frameworks */ = {
			isa = PBXGroup;
			children = (
				634002321F6F9165001FD26C /* FLEX.framework */,
				635AD57B1F49DF15002AFE0D /* pop.framework */,
				635AD56E1F49D9CC002AFE0D /* ObjcLevelDB.framework */,
				635AD2BA1F49B4D7002AFE0D /* CarouselKit.framework */,
				635AD2141F499611002AFE0D /* AudioKit.framework */,
				635AD1B41F4981DE002AFE0D /* RefreshKit.framework */,
				634E065E1F38690200253E9A /* ObjectMapper.framework */,
				9059396A1D0E65A200FF9848 /* AVFoundation.framework */,
				90C32B6F1D0586EE00C87DAF /* QuartzCore.framework */,
				90C32B6D1D0586E200C87DAF /* ImageIO.framework */,
				90C32B6B1D0586D400C87DAF /* CoreText.framework */,
				900C72531D056439006EBE78 /* libsqlite3.0.tbd */,
				90FB91B61D02D503002ECC8C /* CoreGraphics.framework */,
				90FB91B41D02D4E3002ECC8C /* libstdc++.tbd */,
				90FB91B21D02D4C1002ECC8C /* SystemConfiguration.framework */,
				90FB91B01D02D4B7002ECC8C /* libiconv.tbd */,
				90FB91AE1D02D4A3002ECC8C /* Security.framework */,
				90FB91AA1D02C877002ECC8C /* libsqlite3.tbd */,
				90FB91A81D02C867002ECC8C /* CoreTelephony.framework */,
				90FB91A61D02C528002ECC8C /* libz.tbd */,
				90659F111CC92CB00026539F /* AudioToolbox.framework */,
				90659F0F1CC92CA30026539F /* MediaPlayer.framework */,
				D4FB490049FC834EB04AD79F /* Pods_EvoRadio.framework */,
				C9634F17238D29D492403C7B /* Pods_EvoRadioTests.framework */,
			);
			name = Frameworks;
			sourceTree = "<group>";
		};
		630BB60C222822B50088B6D7 /* EvoRadioMac */ = {
			isa = PBXGroup;
			children = (
				630BB60D222822B50088B6D7 /* AppDelegate.swift */,
				630BB60F222822B50088B6D7 /* ViewController.swift */,
				630BB611222822B60088B6D7 /* Assets.xcassets */,
				630BB613222822B60088B6D7 /* Main.storyboard */,
				630BB616222822B60088B6D7 /* Info.plist */,
				630BB617222822B60088B6D7 /* EvoRadioMac.entitlements */,
			);
			path = EvoRadioMac;
			sourceTree = "<group>";
		};
		630BB61F222822B60088B6D7 /* EvoRadioMacTests */ = {
			isa = PBXGroup;
			children = (
				630BB620222822B60088B6D7 /* EvoRadioMacTests.swift */,
				630BB622222822B60088B6D7 /* Info.plist */,
			);
			path = EvoRadioMacTests;
			sourceTree = "<group>";
		};
		6310545321B18266006C8616 /* Services */ = {
			isa = PBXGroup;
			children = (
			);
			path = Services;
			sourceTree = "<group>";
		};
		6310545421B182DE006C8616 /* LevelDB */ = {
			isa = PBXGroup;
			children = (
				6310545521B182DE006C8616 /* ObjcLevelDB.framework */,
			);
			path = LevelDB;
			sourceTree = "<group>";
		};
		634E06651F3869F400253E9A /* EvoRadioTests */ = {
			isa = PBXGroup;
			children = (
				634E06661F3869F400253E9A /* EvoRadioTests.swift */,
				634E06681F3869F400253E9A /* Info.plist */,
			);
			path = EvoRadioTests;
			sourceTree = "<group>";
		};
		634E06701F38888400253E9A /* Cells */ = {
			isa = PBXGroup;
			children = (
				63EF44B71F39F48200EADC48 /* DownloadedCollectionViewCell.swift */,
				63EF44B81F39F48200EADC48 /* DownloadedTableViewCell.swift */,
				63EF44B91F39F48200EADC48 /* DownloadingTableViewCell.swift */,
				634E06771F38888400253E9A /* RadioTableViewCell.swift */,
				63EF43F41F38A1FD00EADC48 /* ProgramCollectionViewCell.swift */,
				63EF43FC1F38A91D00EADC48 /* ChannelCollectionViewCell.swift */,
				63EF44021F38ACC800EADC48 /* SongListTableViewCell.swift */,
				6360F24C1F77A5A800070C4E /* SimpleTableViewCell.swift */,
				63EF44121F38B28200EADC48 /* LocalTableViewCell.swift */,
				6340022D1F6EABCE001FD26C /* ItunesViewCell.swift */,
				63294D09224738E10089AC36 /* ScannerTableViewCell.swift */,
			);
			name = Cells;
			path = Views/Cells;
			sourceTree = "<group>";
		};
		635AD2E11F49BC18002AFE0D /* ReflectionView */ = {
			isa = PBXGroup;
			children = (
				635AD2E21F49BC18002AFE0D /* ReflectionView.h */,
				635AD2E31F49BC18002AFE0D /* ReflectionView.m */,
			);
			path = ReflectionView;
			sourceTree = "<group>";
		};
		63C9A056211BBA8200B507D2 /* splash */ = {
			isa = PBXGroup;
			children = (
				63C9A057211BBA8200B507D2 /* splash_image_default.jpg */,
			);
			path = splash;
			sourceTree = "<group>";
		};
		63DB930B1DF2B88F0051FA2B /* Playgrounds */ = {
			isa = PBXGroup;
			children = (
				63DB930C1DF2B8BB0051FA2B /* sqlite.playground */,
			);
			name = Playgrounds;
			sourceTree = "<group>";
		};
		63EF44AA1F39F38200EADC48 /* Download */ = {
			isa = PBXGroup;
			children = (
				63EF44AB1F39F39600EADC48 /* DownloadedProgramListViewController.swift */,
				63EF44AC1F39F39600EADC48 /* DownloadedSongListViewController.swift */,
				63EF44AD1F39F39600EADC48 /* DownloadedViewController.swift */,
				63EF44AE1F39F39600EADC48 /* DownloadingSongListViewController.swift */,
				63EF44AF1F39F39600EADC48 /* DownloadViewController.swift */,
			);
			name = Download;
			sourceTree = "<group>";
		};
		900C724A1D0563F0006EBE78 /* Libs */ = {
			isa = PBXGroup;
			children = (
				6310545421B182DE006C8616 /* LevelDB */,
				635AD2E11F49BC18002AFE0D /* ReflectionView */,
			);
			path = Libs;
			sourceTree = "<group>";
		};
		9023EA001D067233004BEE96 /* Downloader */ = {
			isa = PBXGroup;
			children = (
				63B2E4E51DC08A6700A2A146 /* MZDownloadManager.swift */,
				63B2E4E61DC08A6700A2A146 /* MZDownloadModel.swift */,
				63B2E4E71DC08A6700A2A146 /* MZUtility.swift */,
				63974EB91DC4E437004D2526 /* Downloader.swift */,
			);
			path = Downloader;
			sourceTree = "<group>";
		};
		902FBCC41CBEAC010051A93B = {
			isa = PBXGroup;
			children = (
				902FBCCF1CBEAC020051A93B /* EvoRadio */,
				634E06651F3869F400253E9A /* EvoRadioTests */,
				630BB60C222822B50088B6D7 /* EvoRadioMac */,
				630BB61F222822B60088B6D7 /* EvoRadioMacTests */,
				902FBCCE1CBEAC020051A93B /* Products */,
				5A94393BB0E9EEBD2CED84BF /* Frameworks */,
				CF0CB102AF13C0FA91DC99B3 /* Pods */,
			);
			sourceTree = "<group>";
		};
		902FBCCE1CBEAC020051A93B /* Products */ = {
			isa = PBXGroup;
			children = (
				902FBCCD1CBEAC020051A93B /* EvoRadio.app */,
				634E06641F3869F400253E9A /* EvoRadioTests.xctest */,
				630BB60B222822B50088B6D7 /* EvoRadioMac.app */,
				630BB61C222822B60088B6D7 /* EvoRadioMacTests.xctest */,
			);
			name = Products;
			sourceTree = "<group>";
		};
		902FBCCF1CBEAC020051A93B /* EvoRadio */ = {
			isa = PBXGroup;
			children = (
				902FBCD01CBEAC020051A93B /* AppDelegate.swift */,
				909E659D1CC0831100B0C49B /* Info.plist */,
				909E65A51CC083A500B0C49B /* Assets.xcassets */,
				909E659B1CC0827D00B0C49B /* Controllers */,
				909E659A1CC07D2F00B0C49B /* Views */,
				909E65AE1CC0840700B0C49B /* Models */,
				909E65AF1CC0842100B0C49B /* Extensions */,
				909E65B11CC0843700B0C49B /* Utils */,
				6310545321B18266006C8616 /* Services */,
				900C724A1D0563F0006EBE78 /* Libs */,
				909E659C1CC0831100B0C49B /* Resources */,
				63DB930B1DF2B88F0051FA2B /* Playgrounds */,
			);
			path = EvoRadio;
			sourceTree = "<group>";
		};
		909E659A1CC07D2F00B0C49B /* Views */ = {
			isa = PBXGroup;
			children = (
				634E06701F38888400253E9A /* Cells */,
				63EF43F21F38A1E600EADC48 /* AssistiveTouch.swift */,
				63EF440C1F38B0F600EADC48 /* ScrollTabBar.swift */,
				634E066E1F38882000253E9A /* TopTabBar.swift */,
				63EF44081F38B02200EADC48 /* NowCollectionHeaderView.swift */,
				63EF440A1F38B03800EADC48 /* SelectiveTimePanel.swift */,
				63EF440E1F38B12700EADC48 /* ClockView.swift */,
				63EF44161F38B41600EADC48 /* CDCoverImageView.swift */,
				63EF441A1F38B81400EADC48 /* PlayerView.swift */,
			);
			name = Views;
			sourceTree = "<group>";
		};
		909E659B1CC0827D00B0C49B /* Controllers */ = {
			isa = PBXGroup;
			children = (
				909E65A01CC0831B00B0C49B /* ViewController.swift */,
				90E7FAFD1CC3DB720018A532 /* NavigationController.swift */,
				63EF44041F38AFA500EADC48 /* MainViewController.swift */,
				63EF44061F38AFEC00EADC48 /* NowViewController.swift */,
				6318845F1D78482200D7399A /* RadioViewController.swift */,
				63EF43F01F38A1C700EADC48 /* ProgramViewController.swift */,
				63EF43F81F38A6F400EADC48 /* ChannelViewController.swift */,
				63EF44001F38AC7800EADC48 /* SongListViewController.swift */,
				63EF44101F38B1E700EADC48 /* LocalViewController.swift */,
				63EF44141F38B3D200EADC48 /* PlayerViewController.swift */,
				63EF44B51F39F3CF00EADC48 /* HistorySongListViewController.swift */,
				63E1D9382228590E00B5C85D /* CollectedSongListViewController.swift */,
				63EF44AA1F39F38200EADC48 /* Download */,
				63B674651F519B2A00F4341B /* ItunesViewController.swift */,
				6304E2CB1E9243D100B80494 /* SearchViewController.swift */,
				63C9A052211BB97200B507D2 /* SplashViewController.swift */,
				63C9A053211BB97200B507D2 /* SplashViewController.xib */,
				63294D07224632900089AC36 /* ScannerViewController.swift */,
			);
			name = Controllers;
			sourceTree = "<group>";
		};
		909E659C1CC0831100B0C49B /* Resources */ = {
			isa = PBXGroup;
			children = (
				631BA2C821AFB73100A6D65C /* GoogleService-Info.plist */,
				63C9A079211C965600B507D2 /* LaunchImage.png */,
				9097BB1C1CFE8B6400FA5BD9 /* Test.xib */,
				63C9A077211C94A100B507D2 /* LaunchScreen.storyboard */,
				630EE9621F35BA540068C04F /* EvoRadio-Bridging-Header.h */,
				63C9A056211BBA8200B507D2 /* splash */,
			);
			path = Resources;
			sourceTree = "<group>";
		};
		909E65AE1CC0840700B0C49B /* Models */ = {
			isa = PBXGroup;
			children = (
				90659F171CC9B6440026539F /* Radio.swift */,
				90E7FB4C1CC4BD5B0018A532 /* Channel.swift */,
				63EF43FA1F38A7F000EADC48 /* NowChannel.swift */,
				90E7FB4E1CC4C3170018A532 /* Program.swift */,
				90E7FB521CC4CAF80018A532 /* Song.swift */,
				9053D44E1CF483DB000392EF /* Cover.swift */,
				90E7FB501CC4C3680018A532 /* User.swift */,
				DB4F76EA1CCD1EE90021D068 /* LoginUser.swift */,
				9097BB2A1CFEC88A00FA5BD9 /* DownloadItemQueue.swift */,
				9097BB301D00380800FA5BD9 /* LastPlaylist.swift */,
				636449381DC2E53D008FC4A2 /* DownloadSongInfo.swift */,
				6360F24A1F779C9500070C4E /* SearchSongInfo.swift */,
				6360F24E1F77ACC600070C4E /* SearchedSongInfo.swift */,
			);
			path = Models;
			sourceTree = "<group>";
		};
		909E65AF1CC0842100B0C49B /* Extensions */ = {
			isa = PBXGroup;
			children = (
				9054AE0F1CC3BFB400E876FF /* Colors.swift */,
				90E7FAFF1CC3E4E60018A532 /* Fonts.swift */,
				90E7FB581CC536720018A532 /* Images.swift */,
				DBB79DA41CD11935006189B3 /* Dates.swift */,
				90B95CAB1CF6F4FA00105090 /* Windows.swift */,
				9097BB261CFEA8E900FA5BD9 /* ViewControllers.swift */,
				9097BB281CFEC40400FA5BD9 /* Arrays.swift */,
				9097BB2E1CFFDFEF00FA5BD9 /* Strings.swift */,
				63A4E53B1D80384600E18FD6 /* Views.swift */,
				633506DF1DE9D97500607693 /* Labels.swift */,
				636CEC9E1E1BEF4E009488D5 /* ScrollView.swift */,
				630D1702211EBB1400803BC5 /* Notification.swift */,
			);
			path = Extensions;
			sourceTree = "<group>";
		};
		909E65B11CC0843700B0C49B /* Utils */ = {
			isa = PBXGroup;
			children = (
				9023EA001D067233004BEE96 /* Downloader */,
				902F6B6F1CC3C4EA00F43C2E /* Device.swift */,
				90E7FB4A1CC4B6C50018A532 /* API.swift */,
				63EF43FE1F38AB4600EADC48 /* CoreDB.swift */,
				DBF1E7E11CCE7CA300B554A2 /* Measure.swift */,
				DBDC7F471CD90A8D0093812C /* Constants.swift */,
				909E818B1CF8129500571A76 /* NotificationManager.swift */,
				9070928E1D07B51000E11D88 /* HudManager.swift */,
				634E065B1F3857AD00253E9A /* Common.swift */,
				63EF44181F38B42D00EADC48 /* MusicManager.swift */,
			);
			path = Utils;
			sourceTree = "<group>";
		};
		CF0CB102AF13C0FA91DC99B3 /* Pods */ = {
			isa = PBXGroup;
			children = (
				BF4F95F4E1AE88110AABC9C4 /* Pods-EvoRadio.debug.xcconfig */,
				5DFCD3CC5C6FBAC2F7155651 /* Pods-EvoRadio.release.xcconfig */,
				DB3411BED597091FE14A8A75 /* Pods-EvoRadioTests.debug.xcconfig */,
				685775D77141121C0D813D2F /* Pods-EvoRadioTests.release.xcconfig */,
			);
			name = Pods;
			sourceTree = "<group>";
		};
/* End PBXGroup section */

/* Begin PBXNativeTarget section */
		630BB60A222822B50088B6D7 /* EvoRadioMac */ = {
			isa = PBXNativeTarget;
			buildConfigurationList = 630BB627222822B60088B6D7 /* Build configuration list for PBXNativeTarget "EvoRadioMac" */;
			buildPhases = (
				630BB607222822B50088B6D7 /* Sources */,
				630BB608222822B50088B6D7 /* Frameworks */,
				630BB609222822B50088B6D7 /* Resources */,
			);
			buildRules = (
			);
			dependencies = (
			);
			name = EvoRadioMac;
			productName = EvoRadioMac;
			productReference = 630BB60B222822B50088B6D7 /* EvoRadioMac.app */;
			productType = "com.apple.product-type.application";
		};
		630BB61B222822B60088B6D7 /* EvoRadioMacTests */ = {
			isa = PBXNativeTarget;
			buildConfigurationList = 630BB628222822B60088B6D7 /* Build configuration list for PBXNativeTarget "EvoRadioMacTests" */;
			buildPhases = (
				630BB618222822B60088B6D7 /* Sources */,
				630BB619222822B60088B6D7 /* Frameworks */,
				630BB61A222822B60088B6D7 /* Resources */,
			);
			buildRules = (
			);
			dependencies = (
				630BB61E222822B60088B6D7 /* PBXTargetDependency */,
			);
			name = EvoRadioMacTests;
			productName = EvoRadioMacTests;
			productReference = 630BB61C222822B60088B6D7 /* EvoRadioMacTests.xctest */;
			productType = "com.apple.product-type.bundle.unit-test";
		};
		634E06631F3869F400253E9A /* EvoRadioTests */ = {
			isa = PBXNativeTarget;
			buildConfigurationList = 634E066B1F3869F400253E9A /* Build configuration list for PBXNativeTarget "EvoRadioTests" */;
			buildPhases = (
				11CFA375FD4A42595716A818 /* [CP] Check Pods Manifest.lock */,
				634E06601F3869F400253E9A /* Sources */,
				634E06611F3869F400253E9A /* Frameworks */,
				634E06621F3869F400253E9A /* Resources */,
			);
			buildRules = (
			);
			dependencies = (
				634E066A1F3869F400253E9A /* PBXTargetDependency */,
			);
			name = EvoRadioTests;
			productName = EvoRadioTests;
			productReference = 634E06641F3869F400253E9A /* EvoRadioTests.xctest */;
			productType = "com.apple.product-type.bundle.unit-test";
		};
		902FBCCC1CBEAC020051A93B /* EvoRadio */ = {
			isa = PBXNativeTarget;
			buildConfigurationList = 902FBCDF1CBEAC020051A93B /* Build configuration list for PBXNativeTarget "EvoRadio" */;
			buildPhases = (
				779C7AB45B7392A36DC851A5 /* [CP] Check Pods Manifest.lock */,
				902FBCC91CBEAC020051A93B /* Sources */,
				902FBCCA1CBEAC020051A93B /* Frameworks */,
				902FBCCB1CBEAC020051A93B /* Resources */,
				63D44BF52127CAD90060D7F5 /* Remove Unneeded Architectures */,
				7CDD6E7C20B111D593FBB65F /* [CP] Embed Pods Frameworks */,
				6310545921B184F6006C8616 /* Embed Frameworks */,
			);
			buildRules = (
			);
			dependencies = (
			);
			name = EvoRadio;
			productName = EvoRadio;
			productReference = 902FBCCD1CBEAC020051A93B /* EvoRadio.app */;
			productType = "com.apple.product-type.application";
		};
/* End PBXNativeTarget section */

/* Begin PBXProject section */
		902FBCC51CBEAC010051A93B /* Project object */ = {
			isa = PBXProject;
			attributes = {
				LastSwiftUpdateCheck = 1010;
				LastUpgradeCheck = 0800;
				ORGANIZATIONNAME = JQTech;
				TargetAttributes = {
					630BB60A222822B50088B6D7 = {
						CreatedOnToolsVersion = 10.1;
						DevelopmentTeam = 4T9J35ZW6C;
						ProvisioningStyle = Automatic;
					};
					630BB61B222822B60088B6D7 = {
						CreatedOnToolsVersion = 10.1;
						DevelopmentTeam = 4T9J35ZW6C;
						ProvisioningStyle = Automatic;
						TestTargetID = 630BB60A222822B50088B6D7;
					};
					634E06631F3869F400253E9A = {
						CreatedOnToolsVersion = 8.3.3;
						DevelopmentTeam = 4T9J35ZW6C;
						ProvisioningStyle = Automatic;
						TestTargetID = 902FBCCC1CBEAC020051A93B;
					};
					902FBCCC1CBEAC020051A93B = {
						CreatedOnToolsVersion = 7.3;
						DevelopmentTeam = 4T9J35ZW6C;
						LastSwiftMigration = 0800;
						ProvisioningStyle = Automatic;
					};
				};
			};
			buildConfigurationList = 902FBCC81CBEAC010051A93B /* Build configuration list for PBXProject "EvoRadio" */;
			compatibilityVersion = "Xcode 3.2";
			developmentRegion = English;
			hasScannedForEncodings = 0;
			knownRegions = (
				English,
				en,
				Base,
			);
			mainGroup = 902FBCC41CBEAC010051A93B;
			productRefGroup = 902FBCCE1CBEAC020051A93B /* Products */;
			projectDirPath = "";
			projectRoot = "";
			targets = (
				902FBCCC1CBEAC020051A93B /* EvoRadio */,
				634E06631F3869F400253E9A /* EvoRadioTests */,
				630BB60A222822B50088B6D7 /* EvoRadioMac */,
				630BB61B222822B60088B6D7 /* EvoRadioMacTests */,
			);
		};
/* End PBXProject section */

/* Begin PBXResourcesBuildPhase section */
		630BB609222822B50088B6D7 /* Resources */ = {
			isa = PBXResourcesBuildPhase;
			buildActionMask = 2147483647;
			files = (
				630BB612222822B60088B6D7 /* Assets.xcassets in Resources */,
				630BB615222822B60088B6D7 /* Main.storyboard in Resources */,
			);
			runOnlyForDeploymentPostprocessing = 0;
		};
		630BB61A222822B60088B6D7 /* Resources */ = {
			isa = PBXResourcesBuildPhase;
			buildActionMask = 2147483647;
			files = (
			);
			runOnlyForDeploymentPostprocessing = 0;
		};
		634E06621F3869F400253E9A /* Resources */ = {
			isa = PBXResourcesBuildPhase;
			buildActionMask = 2147483647;
			files = (
			);
			runOnlyForDeploymentPostprocessing = 0;
		};
		902FBCCB1CBEAC020051A93B /* Resources */ = {
			isa = PBXResourcesBuildPhase;
			buildActionMask = 2147483647;
			files = (
				631BA2C921AFB73100A6D65C /* GoogleService-Info.plist in Resources */,
				9097BB1D1CFE8B6400FA5BD9 /* Test.xib in Resources */,
				63C9A058211BBA8200B507D2 /* splash_image_default.jpg in Resources */,
				63C9A078211C94A100B507D2 /* LaunchScreen.storyboard in Resources */,
				909E65A91CC083A500B0C49B /* Assets.xcassets in Resources */,
				63C9A055211BB97200B507D2 /* SplashViewController.xib in Resources */,
				63C9A07A211C965600B507D2 /* LaunchImage.png in Resources */,
			);
			runOnlyForDeploymentPostprocessing = 0;
		};
/* End PBXResourcesBuildPhase section */

/* Begin PBXShellScriptBuildPhase section */
		11CFA375FD4A42595716A818 /* [CP] Check Pods Manifest.lock */ = {
			isa = PBXShellScriptBuildPhase;
			buildActionMask = 2147483647;
			files = (
			);
			inputPaths = (
				"${PODS_PODFILE_DIR_PATH}/Podfile.lock",
				"${PODS_ROOT}/Manifest.lock",
			);
			name = "[CP] Check Pods Manifest.lock";
			outputPaths = (
				"$(DERIVED_FILE_DIR)/Pods-EvoRadioTests-checkManifestLockResult.txt",
			);
			runOnlyForDeploymentPostprocessing = 0;
			shellPath = /bin/sh;
			shellScript = "diff \"${PODS_PODFILE_DIR_PATH}/Podfile.lock\" \"${PODS_ROOT}/Manifest.lock\" > /dev/null\nif [ $? != 0 ] ; then\n    # print error to STDERR\n    echo \"error: The sandbox is not in sync with the Podfile.lock. Run 'pod install' or update your CocoaPods installation.\" >&2\n    exit 1\nfi\n# This output is used by Xcode 'outputs' to avoid re-running this script phase.\necho \"SUCCESS\" > \"${SCRIPT_OUTPUT_FILE_0}\"\n";
			showEnvVarsInLog = 0;
		};
		63D44BF52127CAD90060D7F5 /* Remove Unneeded Architectures */ = {
			isa = PBXShellScriptBuildPhase;
			buildActionMask = 8;
			files = (
			);
			inputPaths = (
			);
			name = "Remove Unneeded Architectures";
			outputPaths = (
			);
			runOnlyForDeploymentPostprocessing = 1;
			shellPath = /bin/sh;
			shellScript = "APP_PATH=\"${TARGET_BUILD_DIR}/${WRAPPER_NAME}\"\n\n# This script loops through the frameworks embedded in the application and\n# removes unused architectures.\nfind \"$APP_PATH\" -name '*.framework' -type d | while read -r FRAMEWORK\ndo\nFRAMEWORK_EXECUTABLE_NAME=$(defaults read \"$FRAMEWORK/Info.plist\" CFBundleExecutable)\nFRAMEWORK_EXECUTABLE_PATH=\"$FRAMEWORK/$FRAMEWORK_EXECUTABLE_NAME\"\necho \"Executable is $FRAMEWORK_EXECUTABLE_PATH\"\n\nEXTRACTED_ARCHS=()\na\nfor ARCH in $ARCHS\ndo\necho \"Extracting $ARCH from $FRAMEWORK_EXECUTABLE_NAME\"\nlipo -extract \"$ARCH\" \"$FRAMEWORK_EXECUTABLE_PATH\" -o \"$FRAMEWORK_EXECUTABLE_PATH-$ARCH\"\nEXTRACTED_ARCHS+=(\"$FRAMEWORK_EXECUTABLE_PATH-$ARCH\")\ndone\n\necho \"Merging extracted architectures: ${ARCHS}\"\nlipo -o \"$FRAMEWORK_EXECUTABLE_PATH-merged\" -create \"${EXTRACTED_ARCHS[@]}\"\nrm \"${EXTRACTED_ARCHS[@]}\"\n\necho \"Replacing original executable with thinned version\"\nrm \"$FRAMEWORK_EXECUTABLE_PATH\"\nmv \"$FRAMEWORK_EXECUTABLE_PATH-merged\" \"$FRAMEWORK_EXECUTABLE_PATH\"\n\ndone\n";
		};
		779C7AB45B7392A36DC851A5 /* [CP] Check Pods Manifest.lock */ = {
			isa = PBXShellScriptBuildPhase;
			buildActionMask = 2147483647;
			files = (
			);
			inputPaths = (
				"${PODS_PODFILE_DIR_PATH}/Podfile.lock",
				"${PODS_ROOT}/Manifest.lock",
			);
			name = "[CP] Check Pods Manifest.lock";
			outputPaths = (
				"$(DERIVED_FILE_DIR)/Pods-EvoRadio-checkManifestLockResult.txt",
			);
			runOnlyForDeploymentPostprocessing = 0;
			shellPath = /bin/sh;
			shellScript = "diff \"${PODS_PODFILE_DIR_PATH}/Podfile.lock\" \"${PODS_ROOT}/Manifest.lock\" > /dev/null\nif [ $? != 0 ] ; then\n    # print error to STDERR\n    echo \"error: The sandbox is not in sync with the Podfile.lock. Run 'pod install' or update your CocoaPods installation.\" >&2\n    exit 1\nfi\n# This output is used by Xcode 'outputs' to avoid re-running this script phase.\necho \"SUCCESS\" > \"${SCRIPT_OUTPUT_FILE_0}\"\n";
			showEnvVarsInLog = 0;
		};
		7CDD6E7C20B111D593FBB65F /* [CP] Embed Pods Frameworks */ = {
			isa = PBXShellScriptBuildPhase;
			buildActionMask = 2147483647;
			files = (
			);
			inputPaths = (
				"${PODS_ROOT}/Target Support Files/Pods-EvoRadio/Pods-EvoRadio-frameworks.sh",
				"${BUILT_PRODUCTS_DIR}/Alamofire/Alamofire.framework",
				"${BUILT_PRODUCTS_DIR}/FLEX/FLEX.framework",
				"${BUILT_PRODUCTS_DIR}/Kingfisher/Kingfisher.framework",
				"${BUILT_PRODUCTS_DIR}/MBProgressHUD/MBProgressHUD.framework",
				"${BUILT_PRODUCTS_DIR}/MJRefresh/MJRefresh.framework",
				"${BUILT_PRODUCTS_DIR}/ObjectMapper/ObjectMapper.framework",
				"${BUILT_PRODUCTS_DIR}/SnapKit/SnapKit.framework",
				"${BUILT_PRODUCTS_DIR}/StreamingKit/StreamingKit.framework",
				"${BUILT_PRODUCTS_DIR}/iCarousel/iCarousel.framework",
				"${BUILT_PRODUCTS_DIR}/pop/pop.framework",
			);
			name = "[CP] Embed Pods Frameworks";
			outputPaths = (
				"${TARGET_BUILD_DIR}/${FRAMEWORKS_FOLDER_PATH}/Alamofire.framework",
				"${TARGET_BUILD_DIR}/${FRAMEWORKS_FOLDER_PATH}/FLEX.framework",
				"${TARGET_BUILD_DIR}/${FRAMEWORKS_FOLDER_PATH}/Kingfisher.framework",
				"${TARGET_BUILD_DIR}/${FRAMEWORKS_FOLDER_PATH}/MBProgressHUD.framework",
				"${TARGET_BUILD_DIR}/${FRAMEWORKS_FOLDER_PATH}/MJRefresh.framework",
				"${TARGET_BUILD_DIR}/${FRAMEWORKS_FOLDER_PATH}/ObjectMapper.framework",
				"${TARGET_BUILD_DIR}/${FRAMEWORKS_FOLDER_PATH}/SnapKit.framework",
				"${TARGET_BUILD_DIR}/${FRAMEWORKS_FOLDER_PATH}/StreamingKit.framework",
				"${TARGET_BUILD_DIR}/${FRAMEWORKS_FOLDER_PATH}/iCarousel.framework",
				"${TARGET_BUILD_DIR}/${FRAMEWORKS_FOLDER_PATH}/pop.framework",
			);
			runOnlyForDeploymentPostprocessing = 0;
			shellPath = /bin/sh;
			shellScript = "\"${PODS_ROOT}/Target Support Files/Pods-EvoRadio/Pods-EvoRadio-frameworks.sh\"\n";
			showEnvVarsInLog = 0;
		};
/* End PBXShellScriptBuildPhase section */

/* Begin PBXSourcesBuildPhase section */
		630BB607222822B50088B6D7 /* Sources */ = {
			isa = PBXSourcesBuildPhase;
			buildActionMask = 2147483647;
			files = (
				630BB610222822B50088B6D7 /* ViewController.swift in Sources */,
				630BB60E222822B50088B6D7 /* AppDelegate.swift in Sources */,
			);
			runOnlyForDeploymentPostprocessing = 0;
		};
		630BB618222822B60088B6D7 /* Sources */ = {
			isa = PBXSourcesBuildPhase;
			buildActionMask = 2147483647;
			files = (
				630BB621222822B60088B6D7 /* EvoRadioMacTests.swift in Sources */,
			);
			runOnlyForDeploymentPostprocessing = 0;
		};
		634E06601F3869F400253E9A /* Sources */ = {
			isa = PBXSourcesBuildPhase;
			buildActionMask = 2147483647;
			files = (
				634E06671F3869F400253E9A /* EvoRadioTests.swift in Sources */,
			);
			runOnlyForDeploymentPostprocessing = 0;
		};
		902FBCC91CBEAC020051A93B /* Sources */ = {
			isa = PBXSourcesBuildPhase;
			buildActionMask = 2147483647;
			files = (
				90E7FB4B1CC4B6C50018A532 /* API.swift in Sources */,
				90E7FB4D1CC4BD5B0018A532 /* Channel.swift in Sources */,
				9097BB291CFEC40400FA5BD9 /* Arrays.swift in Sources */,
				90E7FB001CC3E4E60018A532 /* Fonts.swift in Sources */,
				63EF44B31F39F39600EADC48 /* DownloadingSongListViewController.swift in Sources */,
				63EF44B01F39F39600EADC48 /* DownloadedProgramListViewController.swift in Sources */,
				63EF44111F38B1E700EADC48 /* LocalViewController.swift in Sources */,
				63EF44151F38B3D200EADC48 /* PlayerViewController.swift in Sources */,
				909E65A21CC0831B00B0C49B /* ViewController.swift in Sources */,
				90659F181CC9B6440026539F /* Radio.swift in Sources */,
				63EF440B1F38B03800EADC48 /* SelectiveTimePanel.swift in Sources */,
				63B2E4E81DC08A6700A2A146 /* MZDownloadManager.swift in Sources */,
				63EF44BB1F39F48200EADC48 /* DownloadedTableViewCell.swift in Sources */,
				633506E01DE9D97500607693 /* Labels.swift in Sources */,
				63EF44011F38AC7800EADC48 /* SongListViewController.swift in Sources */,
				634E067F1F38888400253E9A /* RadioTableViewCell.swift in Sources */,
				9097BB2F1CFFDFEF00FA5BD9 /* Strings.swift in Sources */,
				63EF44091F38B02200EADC48 /* NowCollectionHeaderView.swift in Sources */,
				63294D0A224738E10089AC36 /* ScannerTableViewCell.swift in Sources */,
				9054AE101CC3BFB400E876FF /* Colors.swift in Sources */,
				DBB79DA51CD11935006189B3 /* Dates.swift in Sources */,
				63A4E53C1D80384600E18FD6 /* Views.swift in Sources */,
				63EF43FD1F38A91D00EADC48 /* ChannelCollectionViewCell.swift in Sources */,
				90E7FB511CC4C3680018A532 /* User.swift in Sources */,
				63EF440D1F38B0F600EADC48 /* ScrollTabBar.swift in Sources */,
				636449391DC2E53D008FC4A2 /* DownloadSongInfo.swift in Sources */,
				6360F24B1F779C9500070C4E /* SearchSongInfo.swift in Sources */,
				9097BB2B1CFEC88A00FA5BD9 /* DownloadItemQueue.swift in Sources */,
				63EF43F11F38A1C700EADC48 /* ProgramViewController.swift in Sources */,
				63EF440F1F38B12700EADC48 /* ClockView.swift in Sources */,
				63E1D9392228590E00B5C85D /* CollectedSongListViewController.swift in Sources */,
				9053D44F1CF483DB000392EF /* Cover.swift in Sources */,
				DB4F76EB1CCD1EE90021D068 /* LoginUser.swift in Sources */,
				63EF44BA1F39F48200EADC48 /* DownloadedCollectionViewCell.swift in Sources */,
				63B2E4E91DC08A6700A2A146 /* MZDownloadModel.swift in Sources */,
				63EF44191F38B42D00EADC48 /* MusicManager.swift in Sources */,
				9070928F1D07B51000E11D88 /* HudManager.swift in Sources */,
				63EF44BC1F39F48200EADC48 /* DownloadingTableViewCell.swift in Sources */,
				6340022E1F6EABCE001FD26C /* ItunesViewCell.swift in Sources */,
				90B95CAC1CF6F4FA00105090 /* Windows.swift in Sources */,
				909E818C1CF8129500571A76 /* NotificationManager.swift in Sources */,
				902FBCD11CBEAC020051A93B /* AppDelegate.swift in Sources */,
				63EF44071F38AFEC00EADC48 /* NowViewController.swift in Sources */,
				63B2E4EA1DC08A6700A2A146 /* MZUtility.swift in Sources */,
				631884601D78482200D7399A /* RadioViewController.swift in Sources */,
				9097BB311D00380800FA5BD9 /* LastPlaylist.swift in Sources */,
				63EF44171F38B41600EADC48 /* CDCoverImageView.swift in Sources */,
				90E7FB531CC4CAF80018A532 /* Song.swift in Sources */,
				634E065C1F3857AD00253E9A /* Common.swift in Sources */,
				63EF44131F38B28200EADC48 /* LocalTableViewCell.swift in Sources */,
				902F6B701CC3C4EA00F43C2E /* Device.swift in Sources */,
				63EF44031F38ACC800EADC48 /* SongListTableViewCell.swift in Sources */,
				63974EBA1DC4E437004D2526 /* Downloader.swift in Sources */,
				63EF44B21F39F39600EADC48 /* DownloadedViewController.swift in Sources */,
				630D1703211EBB1400803BC5 /* Notification.swift in Sources */,
				63EF43F51F38A1FD00EADC48 /* ProgramCollectionViewCell.swift in Sources */,
				6360F24F1F77ACC600070C4E /* SearchedSongInfo.swift in Sources */,
				63EF44B61F39F3CF00EADC48 /* HistorySongListViewController.swift in Sources */,
				63294D08224632900089AC36 /* ScannerViewController.swift in Sources */,
				63EF43FB1F38A7F000EADC48 /* NowChannel.swift in Sources */,
				63EF441B1F38B81400EADC48 /* PlayerView.swift in Sources */,
				636CEC9F1E1BEF4E009488D5 /* ScrollView.swift in Sources */,
				6360F24D1F77A5A800070C4E /* SimpleTableViewCell.swift in Sources */,
				63EF44B11F39F39600EADC48 /* DownloadedSongListViewController.swift in Sources */,
				634E066F1F38882000253E9A /* TopTabBar.swift in Sources */,
				90E7FB4F1CC4C3170018A532 /* Program.swift in Sources */,
				63EF43FF1F38AB4600EADC48 /* CoreDB.swift in Sources */,
				6304E2CC1E9243D100B80494 /* SearchViewController.swift in Sources */,
				90E7FB591CC536720018A532 /* Images.swift in Sources */,
				63EF44051F38AFA500EADC48 /* MainViewController.swift in Sources */,
				63EF43F31F38A1E600EADC48 /* AssistiveTouch.swift in Sources */,
				63B674661F519B2A00F4341B /* ItunesViewController.swift in Sources */,
				635AD2E41F49BC18002AFE0D /* ReflectionView.m in Sources */,
				9097BB271CFEA8E900FA5BD9 /* ViewControllers.swift in Sources */,
				DBF1E7E21CCE7CA300B554A2 /* Measure.swift in Sources */,
				63C9A054211BB97200B507D2 /* SplashViewController.swift in Sources */,
				90E7FAFE1CC3DB720018A532 /* NavigationController.swift in Sources */,
				63EF43F91F38A6F400EADC48 /* ChannelViewController.swift in Sources */,
				DBDC7F481CD90A8D0093812C /* Constants.swift in Sources */,
				63EF44B41F39F39600EADC48 /* DownloadViewController.swift in Sources */,
			);
			runOnlyForDeploymentPostprocessing = 0;
		};
/* End PBXSourcesBuildPhase section */

/* Begin PBXTargetDependency section */
		630BB61E222822B60088B6D7 /* PBXTargetDependency */ = {
			isa = PBXTargetDependency;
			target = 630BB60A222822B50088B6D7 /* EvoRadioMac */;
			targetProxy = 630BB61D222822B60088B6D7 /* PBXContainerItemProxy */;
		};
		634E066A1F3869F400253E9A /* PBXTargetDependency */ = {
			isa = PBXTargetDependency;
			target = 902FBCCC1CBEAC020051A93B /* EvoRadio */;
			targetProxy = 634E06691F3869F400253E9A /* PBXContainerItemProxy */;
		};
/* End PBXTargetDependency section */

/* Begin PBXVariantGroup section */
		630BB613222822B60088B6D7 /* Main.storyboard */ = {
			isa = PBXVariantGroup;
			children = (
				630BB614222822B60088B6D7 /* Base */,
			);
			name = Main.storyboard;
			sourceTree = "<group>";
		};
/* End PBXVariantGroup section */

/* Begin XCBuildConfiguration section */
		630BB623222822B60088B6D7 /* Debug */ = {
			isa = XCBuildConfiguration;
			buildSettings = {
				ASSETCATALOG_COMPILER_APPICON_NAME = AppIcon;
				CLANG_ANALYZER_NUMBER_OBJECT_CONVERSION = YES_AGGRESSIVE;
				CLANG_CXX_LANGUAGE_STANDARD = "gnu++14";
				CLANG_ENABLE_OBJC_WEAK = YES;
				CLANG_WARN_BLOCK_CAPTURE_AUTORELEASING = YES;
				CLANG_WARN_COMMA = YES;
				CLANG_WARN_DEPRECATED_OBJC_IMPLEMENTATIONS = YES;
				CLANG_WARN_DOCUMENTATION_COMMENTS = YES;
				CLANG_WARN_NON_LITERAL_NULL_CONVERSION = YES;
				CLANG_WARN_OBJC_IMPLICIT_RETAIN_SELF = YES;
				CLANG_WARN_OBJC_LITERAL_CONVERSION = YES;
				CLANG_WARN_RANGE_LOOP_ANALYSIS = YES;
				CLANG_WARN_STRICT_PROTOTYPES = YES;
				CLANG_WARN_UNGUARDED_AVAILABILITY = YES_AGGRESSIVE;
				CODE_SIGN_ENTITLEMENTS = EvoRadioMac/EvoRadioMac.entitlements;
				CODE_SIGN_IDENTITY = "Mac Developer";
				CODE_SIGN_STYLE = Automatic;
				COMBINE_HIDPI_IMAGES = YES;
				DEVELOPMENT_TEAM = 4T9J35ZW6C;
				GCC_C_LANGUAGE_STANDARD = gnu11;
				INFOPLIST_FILE = EvoRadioMac/Info.plist;
				LD_RUNPATH_SEARCH_PATHS = "$(inherited) @executable_path/../Frameworks";
				MACOSX_DEPLOYMENT_TARGET = 10.14;
				MTL_ENABLE_DEBUG_INFO = INCLUDE_SOURCE;
				MTL_FAST_MATH = YES;
				PRODUCT_BUNDLE_IDENTIFIER = com.songjiaqiang.evoradiomac;
				PRODUCT_NAME = "$(TARGET_NAME)";
				SDKROOT = macosx;
				SWIFT_ACTIVE_COMPILATION_CONDITIONS = DEBUG;
				SWIFT_VERSION = 5.0;
			};
			name = Debug;
		};
		630BB624222822B60088B6D7 /* Release */ = {
			isa = XCBuildConfiguration;
			buildSettings = {
				ASSETCATALOG_COMPILER_APPICON_NAME = AppIcon;
				CLANG_ANALYZER_NUMBER_OBJECT_CONVERSION = YES_AGGRESSIVE;
				CLANG_CXX_LANGUAGE_STANDARD = "gnu++14";
				CLANG_ENABLE_OBJC_WEAK = YES;
				CLANG_WARN_BLOCK_CAPTURE_AUTORELEASING = YES;
				CLANG_WARN_COMMA = YES;
				CLANG_WARN_DEPRECATED_OBJC_IMPLEMENTATIONS = YES;
				CLANG_WARN_DOCUMENTATION_COMMENTS = YES;
				CLANG_WARN_NON_LITERAL_NULL_CONVERSION = YES;
				CLANG_WARN_OBJC_IMPLICIT_RETAIN_SELF = YES;
				CLANG_WARN_OBJC_LITERAL_CONVERSION = YES;
				CLANG_WARN_RANGE_LOOP_ANALYSIS = YES;
				CLANG_WARN_STRICT_PROTOTYPES = YES;
				CLANG_WARN_UNGUARDED_AVAILABILITY = YES_AGGRESSIVE;
				CODE_SIGN_ENTITLEMENTS = EvoRadioMac/EvoRadioMac.entitlements;
				CODE_SIGN_IDENTITY = "Mac Developer";
				CODE_SIGN_STYLE = Automatic;
				COMBINE_HIDPI_IMAGES = YES;
				DEVELOPMENT_TEAM = 4T9J35ZW6C;
				GCC_C_LANGUAGE_STANDARD = gnu11;
				INFOPLIST_FILE = EvoRadioMac/Info.plist;
				LD_RUNPATH_SEARCH_PATHS = "$(inherited) @executable_path/../Frameworks";
				MACOSX_DEPLOYMENT_TARGET = 10.14;
				MTL_FAST_MATH = YES;
				PRODUCT_BUNDLE_IDENTIFIER = com.songjiaqiang.evoradiomac;
				PRODUCT_NAME = "$(TARGET_NAME)";
				SDKROOT = macosx;
				SWIFT_VERSION = 5.0;
			};
			name = Release;
		};
		630BB625222822B60088B6D7 /* Debug */ = {
			isa = XCBuildConfiguration;
			buildSettings = {
				ALWAYS_EMBED_SWIFT_STANDARD_LIBRARIES = YES;
				BUNDLE_LOADER = "$(TEST_HOST)";
				CLANG_ANALYZER_NUMBER_OBJECT_CONVERSION = YES_AGGRESSIVE;
				CLANG_CXX_LANGUAGE_STANDARD = "gnu++14";
				CLANG_ENABLE_OBJC_WEAK = YES;
				CLANG_WARN_BLOCK_CAPTURE_AUTORELEASING = YES;
				CLANG_WARN_COMMA = YES;
				CLANG_WARN_DEPRECATED_OBJC_IMPLEMENTATIONS = YES;
				CLANG_WARN_DOCUMENTATION_COMMENTS = YES;
				CLANG_WARN_NON_LITERAL_NULL_CONVERSION = YES;
				CLANG_WARN_OBJC_IMPLICIT_RETAIN_SELF = YES;
				CLANG_WARN_OBJC_LITERAL_CONVERSION = YES;
				CLANG_WARN_RANGE_LOOP_ANALYSIS = YES;
				CLANG_WARN_STRICT_PROTOTYPES = YES;
				CLANG_WARN_UNGUARDED_AVAILABILITY = YES_AGGRESSIVE;
				CODE_SIGN_IDENTITY = "Mac Developer";
				CODE_SIGN_STYLE = Automatic;
				COMBINE_HIDPI_IMAGES = YES;
				DEVELOPMENT_TEAM = 4T9J35ZW6C;
				GCC_C_LANGUAGE_STANDARD = gnu11;
				INFOPLIST_FILE = EvoRadioMacTests/Info.plist;
				LD_RUNPATH_SEARCH_PATHS = "$(inherited) @executable_path/../Frameworks @loader_path/../Frameworks";
				MACOSX_DEPLOYMENT_TARGET = 10.14;
				MTL_ENABLE_DEBUG_INFO = INCLUDE_SOURCE;
				MTL_FAST_MATH = YES;
				PRODUCT_BUNDLE_IDENTIFIER = com.songjiaqiang.EvoRadioMacTests;
				PRODUCT_NAME = "$(TARGET_NAME)";
				SDKROOT = macosx;
				SWIFT_ACTIVE_COMPILATION_CONDITIONS = DEBUG;
				SWIFT_VERSION = 5.0;
				TEST_HOST = "$(BUILT_PRODUCTS_DIR)/EvoRadioMac.app/Contents/MacOS/EvoRadioMac";
			};
			name = Debug;
		};
		630BB626222822B60088B6D7 /* Release */ = {
			isa = XCBuildConfiguration;
			buildSettings = {
				ALWAYS_EMBED_SWIFT_STANDARD_LIBRARIES = YES;
				BUNDLE_LOADER = "$(TEST_HOST)";
				CLANG_ANALYZER_NUMBER_OBJECT_CONVERSION = YES_AGGRESSIVE;
				CLANG_CXX_LANGUAGE_STANDARD = "gnu++14";
				CLANG_ENABLE_OBJC_WEAK = YES;
				CLANG_WARN_BLOCK_CAPTURE_AUTORELEASING = YES;
				CLANG_WARN_COMMA = YES;
				CLANG_WARN_DEPRECATED_OBJC_IMPLEMENTATIONS = YES;
				CLANG_WARN_DOCUMENTATION_COMMENTS = YES;
				CLANG_WARN_NON_LITERAL_NULL_CONVERSION = YES;
				CLANG_WARN_OBJC_IMPLICIT_RETAIN_SELF = YES;
				CLANG_WARN_OBJC_LITERAL_CONVERSION = YES;
				CLANG_WARN_RANGE_LOOP_ANALYSIS = YES;
				CLANG_WARN_STRICT_PROTOTYPES = YES;
				CLANG_WARN_UNGUARDED_AVAILABILITY = YES_AGGRESSIVE;
				CODE_SIGN_IDENTITY = "Mac Developer";
				CODE_SIGN_STYLE = Automatic;
				COMBINE_HIDPI_IMAGES = YES;
				DEVELOPMENT_TEAM = 4T9J35ZW6C;
				GCC_C_LANGUAGE_STANDARD = gnu11;
				INFOPLIST_FILE = EvoRadioMacTests/Info.plist;
				LD_RUNPATH_SEARCH_PATHS = "$(inherited) @executable_path/../Frameworks @loader_path/../Frameworks";
				MACOSX_DEPLOYMENT_TARGET = 10.14;
				MTL_FAST_MATH = YES;
				PRODUCT_BUNDLE_IDENTIFIER = com.songjiaqiang.EvoRadioMacTests;
				PRODUCT_NAME = "$(TARGET_NAME)";
				SDKROOT = macosx;
				SWIFT_VERSION = 5.0;
				TEST_HOST = "$(BUILT_PRODUCTS_DIR)/EvoRadioMac.app/Contents/MacOS/EvoRadioMac";
			};
			name = Release;
		};
		634E066C1F3869F400253E9A /* Debug */ = {
			isa = XCBuildConfiguration;
			baseConfigurationReference = DB3411BED597091FE14A8A75 /* Pods-EvoRadioTests.debug.xcconfig */;
			buildSettings = {
				BUNDLE_LOADER = "$(TEST_HOST)";
				CLANG_ANALYZER_NUMBER_OBJECT_CONVERSION = YES_AGGRESSIVE;
				CLANG_WARN_DOCUMENTATION_COMMENTS = YES;
				DEVELOPMENT_TEAM = 4T9J35ZW6C;
				FRAMEWORK_SEARCH_PATHS = "$(PROJECT_DIR)/Carthage/Build/iOS";
				HEADER_SEARCH_PATHS = "";
				INFOPLIST_FILE = EvoRadioTests/Info.plist;
				IPHONEOS_DEPLOYMENT_TARGET = 10.3;
				LD_RUNPATH_SEARCH_PATHS = "$(inherited) @executable_path/Frameworks @loader_path/Frameworks";
				PRODUCT_BUNDLE_IDENTIFIER = com.songjiaqiang.EvoRadioTests;
				PRODUCT_NAME = "$(TARGET_NAME)";
				SWIFT_ACTIVE_COMPILATION_CONDITIONS = DEBUG;
				SWIFT_VERSION = 5.0;
				TEST_HOST = "$(BUILT_PRODUCTS_DIR)/EvoRadio.app/EvoRadio";
			};
			name = Debug;
		};
		634E066D1F3869F400253E9A /* Release */ = {
			isa = XCBuildConfiguration;
			baseConfigurationReference = 685775D77141121C0D813D2F /* Pods-EvoRadioTests.release.xcconfig */;
			buildSettings = {
				BUNDLE_LOADER = "$(TEST_HOST)";
				CLANG_ANALYZER_NUMBER_OBJECT_CONVERSION = YES_AGGRESSIVE;
				CLANG_WARN_DOCUMENTATION_COMMENTS = YES;
				DEVELOPMENT_TEAM = 4T9J35ZW6C;
				FRAMEWORK_SEARCH_PATHS = "$(PROJECT_DIR)/Carthage/Build/iOS";
				HEADER_SEARCH_PATHS = "";
				INFOPLIST_FILE = EvoRadioTests/Info.plist;
				IPHONEOS_DEPLOYMENT_TARGET = 10.3;
				LD_RUNPATH_SEARCH_PATHS = "$(inherited) @executable_path/Frameworks @loader_path/Frameworks";
				PRODUCT_BUNDLE_IDENTIFIER = com.songjiaqiang.EvoRadioTests;
				PRODUCT_NAME = "$(TARGET_NAME)";
				SWIFT_VERSION = 5.0;
				TEST_HOST = "$(BUILT_PRODUCTS_DIR)/EvoRadio.app/EvoRadio";
			};
			name = Release;
		};
		902FBCDD1CBEAC020051A93B /* Debug */ = {
			isa = XCBuildConfiguration;
			buildSettings = {
				ALWAYS_SEARCH_USER_PATHS = NO;
				CLANG_ANALYZER_NONNULL = YES;
				CLANG_CXX_LANGUAGE_STANDARD = "gnu++0x";
				CLANG_CXX_LIBRARY = "libc++";
				CLANG_ENABLE_MODULES = YES;
				CLANG_ENABLE_OBJC_ARC = YES;
				CLANG_WARN_BOOL_CONVERSION = YES;
				CLANG_WARN_CONSTANT_CONVERSION = YES;
				CLANG_WARN_DIRECT_OBJC_ISA_USAGE = YES_ERROR;
				CLANG_WARN_EMPTY_BODY = YES;
				CLANG_WARN_ENUM_CONVERSION = YES;
				CLANG_WARN_INFINITE_RECURSION = YES;
				CLANG_WARN_INT_CONVERSION = YES;
				CLANG_WARN_OBJC_ROOT_CLASS = YES_ERROR;
				CLANG_WARN_SUSPICIOUS_MOVE = YES;
				CLANG_WARN_UNREACHABLE_CODE = YES;
				CLANG_WARN__DUPLICATE_METHOD_MATCH = YES;
				"CODE_SIGN_IDENTITY[sdk=iphoneos*]" = "iPhone Developer";
				COPY_PHASE_STRIP = NO;
				DEBUG_INFORMATION_FORMAT = dwarf;
				ENABLE_STRICT_OBJC_MSGSEND = YES;
				ENABLE_TESTABILITY = YES;
				GCC_C_LANGUAGE_STANDARD = gnu99;
				GCC_DYNAMIC_NO_PIC = NO;
				GCC_NO_COMMON_BLOCKS = YES;
				GCC_OPTIMIZATION_LEVEL = 0;
				GCC_PREPROCESSOR_DEFINITIONS = (
					"DEBUG=1",
					"$(inherited)",
				);
				GCC_WARN_64_TO_32_BIT_CONVERSION = YES;
				GCC_WARN_ABOUT_RETURN_TYPE = YES_ERROR;
				GCC_WARN_UNDECLARED_SELECTOR = YES;
				GCC_WARN_UNINITIALIZED_AUTOS = YES_AGGRESSIVE;
				GCC_WARN_UNUSED_FUNCTION = YES;
				GCC_WARN_UNUSED_VARIABLE = YES;
				IPHONEOS_DEPLOYMENT_TARGET = 9.3;
				MTL_ENABLE_DEBUG_INFO = YES;
				ONLY_ACTIVE_ARCH = YES;
				SDKROOT = iphoneos;
				SWIFT_OPTIMIZATION_LEVEL = "-Onone";
			};
			name = Debug;
		};
		902FBCDE1CBEAC020051A93B /* Release */ = {
			isa = XCBuildConfiguration;
			buildSettings = {
				ALWAYS_SEARCH_USER_PATHS = NO;
				CLANG_ANALYZER_NONNULL = YES;
				CLANG_CXX_LANGUAGE_STANDARD = "gnu++0x";
				CLANG_CXX_LIBRARY = "libc++";
				CLANG_ENABLE_MODULES = YES;
				CLANG_ENABLE_OBJC_ARC = YES;
				CLANG_WARN_BOOL_CONVERSION = YES;
				CLANG_WARN_CONSTANT_CONVERSION = YES;
				CLANG_WARN_DIRECT_OBJC_ISA_USAGE = YES_ERROR;
				CLANG_WARN_EMPTY_BODY = YES;
				CLANG_WARN_ENUM_CONVERSION = YES;
				CLANG_WARN_INFINITE_RECURSION = YES;
				CLANG_WARN_INT_CONVERSION = YES;
				CLANG_WARN_OBJC_ROOT_CLASS = YES_ERROR;
				CLANG_WARN_SUSPICIOUS_MOVE = YES;
				CLANG_WARN_UNREACHABLE_CODE = YES;
				CLANG_WARN__DUPLICATE_METHOD_MATCH = YES;
				"CODE_SIGN_IDENTITY[sdk=iphoneos*]" = "iPhone Developer";
				COPY_PHASE_STRIP = NO;
				DEBUG_INFORMATION_FORMAT = "dwarf-with-dsym";
				ENABLE_NS_ASSERTIONS = NO;
				ENABLE_STRICT_OBJC_MSGSEND = YES;
				GCC_C_LANGUAGE_STANDARD = gnu99;
				GCC_NO_COMMON_BLOCKS = YES;
				GCC_WARN_64_TO_32_BIT_CONVERSION = YES;
				GCC_WARN_ABOUT_RETURN_TYPE = YES_ERROR;
				GCC_WARN_UNDECLARED_SELECTOR = YES;
				GCC_WARN_UNINITIALIZED_AUTOS = YES_AGGRESSIVE;
				GCC_WARN_UNUSED_FUNCTION = YES;
				GCC_WARN_UNUSED_VARIABLE = YES;
				IPHONEOS_DEPLOYMENT_TARGET = 9.3;
				MTL_ENABLE_DEBUG_INFO = NO;
				SDKROOT = iphoneos;
				SWIFT_OPTIMIZATION_LEVEL = "-Owholemodule";
				VALIDATE_PRODUCT = YES;
			};
			name = Release;
		};
		902FBCE01CBEAC020051A93B /* Debug */ = {
			isa = XCBuildConfiguration;
			baseConfigurationReference = BF4F95F4E1AE88110AABC9C4 /* Pods-EvoRadio.debug.xcconfig */;
			buildSettings = {
				ASSETCATALOG_COMPILER_APPICON_NAME = AppIcon;
				CODE_SIGN_IDENTITY = "iPhone Developer";
				"CODE_SIGN_IDENTITY[sdk=iphoneos*]" = "iPhone Developer";
				CODE_SIGN_STYLE = Automatic;
				DEVELOPMENT_TEAM = 4T9J35ZW6C;
				ENABLE_BITCODE = NO;
				FRAMEWORK_SEARCH_PATHS = (
					"$(inherited)",
					"$(PROJECT_DIR)/EvoRadio/Libs/LevelDB",
				);
				INFOPLIST_FILE = "$(SRCROOT)/EvoRadio/Resources/Info.plist";
				IPHONEOS_DEPLOYMENT_TARGET = 10.0;
				LD_RUNPATH_SEARCH_PATHS = "$(inherited) @executable_path/Frameworks";
				LIBRARY_SEARCH_PATHS = "$(inherited)";
				OTHER_LDFLAGS = "$(inherited)";
				OTHER_SWIFT_FLAGS = "-D DEBUG";
				PRODUCT_BUNDLE_IDENTIFIER = com.songjiaqiang.evoradio;
				PRODUCT_NAME = "$(TARGET_NAME)";
				PROVISIONING_PROFILE = "";
				PROVISIONING_PROFILE_SPECIFIER = "";
				SWIFT_OBJC_BRIDGING_HEADER = "$(PROJECT_DIR)/EvoRadio/Resources/EvoRadio-Bridging-Header.h";
				SWIFT_VERSION = 5.0;
				TARGETED_DEVICE_FAMILY = 1;
			};
			name = Debug;
		};
		902FBCE11CBEAC020051A93B /* Release */ = {
			isa = XCBuildConfiguration;
			baseConfigurationReference = 5DFCD3CC5C6FBAC2F7155651 /* Pods-EvoRadio.release.xcconfig */;
			buildSettings = {
				ASSETCATALOG_COMPILER_APPICON_NAME = AppIcon;
				CODE_SIGN_IDENTITY = "iPhone Developer";
				"CODE_SIGN_IDENTITY[sdk=iphoneos*]" = "iPhone Developer";
				CODE_SIGN_STYLE = Automatic;
				DEVELOPMENT_TEAM = 4T9J35ZW6C;
				ENABLE_BITCODE = NO;
				FRAMEWORK_SEARCH_PATHS = (
					"$(inherited)",
					"$(PROJECT_DIR)/EvoRadio/Libs/LevelDB",
				);
				INFOPLIST_FILE = "$(SRCROOT)/EvoRadio/Resources/Info.plist";
				IPHONEOS_DEPLOYMENT_TARGET = 10.0;
				LD_RUNPATH_SEARCH_PATHS = "$(inherited) @executable_path/Frameworks";
				LIBRARY_SEARCH_PATHS = "$(inherited)";
				OTHER_LDFLAGS = "$(inherited)";
				PRODUCT_BUNDLE_IDENTIFIER = com.songjiaqiang.evoradio;
				PRODUCT_NAME = "$(TARGET_NAME)";
				PROVISIONING_PROFILE = "";
				PROVISIONING_PROFILE_SPECIFIER = "";
				SWIFT_OBJC_BRIDGING_HEADER = "$(PROJECT_DIR)/EvoRadio/Resources/EvoRadio-Bridging-Header.h";
				SWIFT_VERSION = 5.0;
				TARGETED_DEVICE_FAMILY = 1;
			};
			name = Release;
		};
/* End XCBuildConfiguration section */

/* Begin XCConfigurationList section */
		630BB627222822B60088B6D7 /* Build configuration list for PBXNativeTarget "EvoRadioMac" */ = {
			isa = XCConfigurationList;
			buildConfigurations = (
				630BB623222822B60088B6D7 /* Debug */,
				630BB624222822B60088B6D7 /* Release */,
			);
			defaultConfigurationIsVisible = 0;
			defaultConfigurationName = Release;
		};
		630BB628222822B60088B6D7 /* Build configuration list for PBXNativeTarget "EvoRadioMacTests" */ = {
			isa = XCConfigurationList;
			buildConfigurations = (
				630BB625222822B60088B6D7 /* Debug */,
				630BB626222822B60088B6D7 /* Release */,
			);
			defaultConfigurationIsVisible = 0;
			defaultConfigurationName = Release;
		};
		634E066B1F3869F400253E9A /* Build configuration list for PBXNativeTarget "EvoRadioTests" */ = {
			isa = XCConfigurationList;
			buildConfigurations = (
				634E066C1F3869F400253E9A /* Debug */,
				634E066D1F3869F400253E9A /* Release */,
			);
			defaultConfigurationIsVisible = 0;
			defaultConfigurationName = Release;
		};
		902FBCC81CBEAC010051A93B /* Build configuration list for PBXProject "EvoRadio" */ = {
			isa = XCConfigurationList;
			buildConfigurations = (
				902FBCDD1CBEAC020051A93B /* Debug */,
				902FBCDE1CBEAC020051A93B /* Release */,
			);
			defaultConfigurationIsVisible = 0;
			defaultConfigurationName = Release;
		};
		902FBCDF1CBEAC020051A93B /* Build configuration list for PBXNativeTarget "EvoRadio" */ = {
			isa = XCConfigurationList;
			buildConfigurations = (
				902FBCE01CBEAC020051A93B /* Debug */,
				902FBCE11CBEAC020051A93B /* Release */,
			);
			defaultConfigurationIsVisible = 0;
			defaultConfigurationName = Release;
		};
/* End XCConfigurationList section */
	};
	rootObject = 902FBCC51CBEAC010051A93B /* Project object */;
}
