// !$*UTF8*$!
{
	archiveVersion = 1;
	classes = {
	};
	objectVersion = 46;
	objects = {

/* Begin PBXBuildFile section */
		47684679BB1C84E828A351A9 /* Pods_EvoRadio.framework in Frameworks */ = {isa = PBXBuildFile; fileRef = 8A29258049669E5F330022BB /* Pods_EvoRadio.framework */; };
		900C72491D054888006EBE78 /* SocialController.swift in Sources */ = {isa = PBXBuildFile; fileRef = 900C72481D054888006EBE78 /* SocialController.swift */; };
		900C72511D0563F0006EBE78 /* libWeChatSDK.a in Frameworks */ = {isa = PBXBuildFile; fileRef = 900C724C1D0563F0006EBE78 /* libWeChatSDK.a */; };
		900C72521D0563F0006EBE78 /* README.txt in Resources */ = {isa = PBXBuildFile; fileRef = 900C724D1D0563F0006EBE78 /* README.txt */; };
		900C72541D056439006EBE78 /* libsqlite3.0.tbd in Frameworks */ = {isa = PBXBuildFile; fileRef = 900C72531D056439006EBE78 /* libsqlite3.0.tbd */; };
		900C725B1D057C71006EBE78 /* TencentOpenAPI.framework in Frameworks */ = {isa = PBXBuildFile; fileRef = 900C72591D057C71006EBE78 /* TencentOpenAPI.framework */; };
		900C725C1D057C72006EBE78 /* TencentOpenApi_IOS_Bundle.bundle in Resources */ = {isa = PBXBuildFile; fileRef = 900C725A1D057C71006EBE78 /* TencentOpenApi_IOS_Bundle.bundle */; };
		9023EA021D06724A004BEE96 /* DownloadManager.swift in Sources */ = {isa = PBXBuildFile; fileRef = 9023EA011D06724A004BEE96 /* DownloadManager.swift */; };
		9023EA041D06725B004BEE96 /* DownloadModel.swift in Sources */ = {isa = PBXBuildFile; fileRef = 9023EA031D06725B004BEE96 /* DownloadModel.swift */; };
		9023EA061D0672A2004BEE96 /* DownloadUtility.swift in Sources */ = {isa = PBXBuildFile; fileRef = 9023EA051D0672A2004BEE96 /* DownloadUtility.swift */; };
		902F6B701CC3C4EA00F43C2E /* Device.swift in Sources */ = {isa = PBXBuildFile; fileRef = 902F6B6F1CC3C4EA00F43C2E /* Device.swift */; };
		902FBCD11CBEAC020051A93B /* AppDelegate.swift in Sources */ = {isa = PBXBuildFile; fileRef = 902FBCD01CBEAC020051A93B /* AppDelegate.swift */; };
		903DEB6D1CC9D57500D79DC1 /* SettingViewController.swift in Sources */ = {isa = PBXBuildFile; fileRef = 903DEB6C1CC9D57500D79DC1 /* SettingViewController.swift */; };
		9053D44F1CF483DB000392EF /* Cover.swift in Sources */ = {isa = PBXBuildFile; fileRef = 9053D44E1CF483DB000392EF /* Cover.swift */; };
		9054AE101CC3BFB400E876FF /* Colors.swift in Sources */ = {isa = PBXBuildFile; fileRef = 9054AE0F1CC3BFB400E876FF /* Colors.swift */; };
		90659F141CC9451E0026539F /* PersonalViewController.swift in Sources */ = {isa = PBXBuildFile; fileRef = 90659F131CC9451E0026539F /* PersonalViewController.swift */; };
		90659F181CC9B6440026539F /* Radio.swift in Sources */ = {isa = PBXBuildFile; fileRef = 90659F171CC9B6440026539F /* Radio.swift */; };
		90659F231CC9C0B70026539F /* WLevelDb.mm in Sources */ = {isa = PBXBuildFile; fileRef = 90659F1D1CC9C0B70026539F /* WLevelDb.mm */; };
		90659F241CC9C0B70026539F /* WLevelSnapshot.mm in Sources */ = {isa = PBXBuildFile; fileRef = 90659F201CC9C0B70026539F /* WLevelSnapshot.mm */; };
		90659F251CC9C0B70026539F /* WLevelWriteBatch.mm in Sources */ = {isa = PBXBuildFile; fileRef = 90659F221CC9C0B70026539F /* WLevelWriteBatch.mm */; };
		90659F271CC9C1A50026539F /* CoreDB.swift in Sources */ = {isa = PBXBuildFile; fileRef = 90659F261CC9C1A50026539F /* CoreDB.swift */; };
		9070928F1D07B51000E11D88 /* HudManager.swift in Sources */ = {isa = PBXBuildFile; fileRef = 9070928E1D07B51000E11D88 /* HudManager.swift */; };
		907092921D08313500E11D88 /* HistorySongListViewController.swift in Sources */ = {isa = PBXBuildFile; fileRef = 907092911D08313500E11D88 /* HistorySongListViewController.swift */; };
		9097BB1B1CFE898800FA5BD9 /* DownloadViewController.swift in Sources */ = {isa = PBXBuildFile; fileRef = 9097BB1A1CFE898800FA5BD9 /* DownloadViewController.swift */; };
		9097BB1D1CFE8B6400FA5BD9 /* Test.xib in Resources */ = {isa = PBXBuildFile; fileRef = 9097BB1C1CFE8B6400FA5BD9 /* Test.xib */; };
		9097BB1F1CFE9BCD00FA5BD9 /* DownloadedSongListViewController.swift in Sources */ = {isa = PBXBuildFile; fileRef = 9097BB1E1CFE9BCD00FA5BD9 /* DownloadedSongListViewController.swift */; };
		9097BB211CFE9BE400FA5BD9 /* DownloadedProgramListViewController.swift in Sources */ = {isa = PBXBuildFile; fileRef = 9097BB201CFE9BE400FA5BD9 /* DownloadedProgramListViewController.swift */; };
		9097BB231CFE9BF700FA5BD9 /* DownloadingSongListViewController.swift in Sources */ = {isa = PBXBuildFile; fileRef = 9097BB221CFE9BF700FA5BD9 /* DownloadingSongListViewController.swift */; };
		9097BB251CFEA6E900FA5BD9 /* DownloadedViewController.swift in Sources */ = {isa = PBXBuildFile; fileRef = 9097BB241CFEA6E900FA5BD9 /* DownloadedViewController.swift */; };
		9097BB271CFEA8E900FA5BD9 /* ViewControllers.swift in Sources */ = {isa = PBXBuildFile; fileRef = 9097BB261CFEA8E900FA5BD9 /* ViewControllers.swift */; };
		9097BB291CFEC40400FA5BD9 /* Arrays.swift in Sources */ = {isa = PBXBuildFile; fileRef = 9097BB281CFEC40400FA5BD9 /* Arrays.swift */; };
		9097BB2B1CFEC88A00FA5BD9 /* DownloadItemQueue.swift in Sources */ = {isa = PBXBuildFile; fileRef = 9097BB2A1CFEC88A00FA5BD9 /* DownloadItemQueue.swift */; };
		9097BB2D1CFEE4E800FA5BD9 /* DownloadingSongListTableViewCell.swift in Sources */ = {isa = PBXBuildFile; fileRef = 9097BB2C1CFEE4E800FA5BD9 /* DownloadingSongListTableViewCell.swift */; };
		9097BB2F1CFFDFEF00FA5BD9 /* Strings.swift in Sources */ = {isa = PBXBuildFile; fileRef = 9097BB2E1CFFDFEF00FA5BD9 /* Strings.swift */; };
		9097BB311D00380800FA5BD9 /* LastPlaylist.swift in Sources */ = {isa = PBXBuildFile; fileRef = 9097BB301D00380800FA5BD9 /* LastPlaylist.swift */; };
		909E65A11CC0831B00B0C49B /* MainViewController.swift in Sources */ = {isa = PBXBuildFile; fileRef = 909E659F1CC0831B00B0C49B /* MainViewController.swift */; };
		909E65A21CC0831B00B0C49B /* ViewController.swift in Sources */ = {isa = PBXBuildFile; fileRef = 909E65A01CC0831B00B0C49B /* ViewController.swift */; };
		909E65A91CC083A500B0C49B /* Assets.xcassets in Resources */ = {isa = PBXBuildFile; fileRef = 909E65A51CC083A500B0C49B /* Assets.xcassets */; };
		909E818C1CF8129500571A76 /* NotificationManager.swift in Sources */ = {isa = PBXBuildFile; fileRef = 909E818B1CF8129500571A76 /* NotificationManager.swift */; };
		90B59E681CFD7646001E8F23 /* PlayerView.swift in Sources */ = {isa = PBXBuildFile; fileRef = 90B59E671CFD7646001E8F23 /* PlayerView.swift */; };
		90B59E6A1CFD7AD0001E8F23 /* TabBar.swift in Sources */ = {isa = PBXBuildFile; fileRef = 90B59E691CFD7AD0001E8F23 /* TabBar.swift */; };
		90B95CA31CF54B2E00105090 /* EVReflections.swift in Sources */ = {isa = PBXBuildFile; fileRef = 90B95CA21CF54B2E00105090 /* EVReflections.swift */; };
		90B95CAA1CF6EF9A00105090 /* PlaylistManager.swift in Sources */ = {isa = PBXBuildFile; fileRef = 90B95CA91CF6EF9A00105090 /* PlaylistManager.swift */; };
		90B95CAC1CF6F4FA00105090 /* Windows.swift in Sources */ = {isa = PBXBuildFile; fileRef = 90B95CAB1CF6F4FA00105090 /* Windows.swift */; };
		90C32B691D0586A500C87DAF /* libWeiboSDK.a in Frameworks */ = {isa = PBXBuildFile; fileRef = 90C32B5C1D0586A500C87DAF /* libWeiboSDK.a */; };
		90C32B6A1D0586A500C87DAF /* WeiboSDK.bundle in Resources */ = {isa = PBXBuildFile; fileRef = 90C32B661D0586A500C87DAF /* WeiboSDK.bundle */; };
		90C32B6C1D0586D400C87DAF /* CoreText.framework in Frameworks */ = {isa = PBXBuildFile; fileRef = 90C32B6B1D0586D400C87DAF /* CoreText.framework */; };
		90C32B6E1D0586E200C87DAF /* ImageIO.framework in Frameworks */ = {isa = PBXBuildFile; fileRef = 90C32B6D1D0586E200C87DAF /* ImageIO.framework */; };
		90C32B701D0586EE00C87DAF /* QuartzCore.framework in Frameworks */ = {isa = PBXBuildFile; fileRef = 90C32B6F1D0586EE00C87DAF /* QuartzCore.framework */; };
		90D775461CF9F89700899492 /* SongListViewController.swift in Sources */ = {isa = PBXBuildFile; fileRef = 90D775451CF9F89700899492 /* SongListViewController.swift */; };
		90D775491CFA37F800899492 /* CDCoverImageView.swift in Sources */ = {isa = PBXBuildFile; fileRef = 90D775481CFA37F800899492 /* CDCoverImageView.swift */; };
		90D7754B1CFA991B00899492 /* SongListTableViewCell.swift in Sources */ = {isa = PBXBuildFile; fileRef = 90D7754A1CFA991B00899492 /* SongListTableViewCell.swift */; };
		90E7FAFE1CC3DB720018A532 /* NavigationController.swift in Sources */ = {isa = PBXBuildFile; fileRef = 90E7FAFD1CC3DB720018A532 /* NavigationController.swift */; };
		90E7FB001CC3E4E60018A532 /* Fonts.swift in Sources */ = {isa = PBXBuildFile; fileRef = 90E7FAFF1CC3E4E60018A532 /* Fonts.swift */; };
		90E7FB491CC4AC080018A532 /* ChannelViewController.swift in Sources */ = {isa = PBXBuildFile; fileRef = 90E7FB481CC4AC080018A532 /* ChannelViewController.swift */; };
		90E7FB4B1CC4B6C50018A532 /* API.swift in Sources */ = {isa = PBXBuildFile; fileRef = 90E7FB4A1CC4B6C50018A532 /* API.swift */; };
		90E7FB4D1CC4BD5B0018A532 /* Channel.swift in Sources */ = {isa = PBXBuildFile; fileRef = 90E7FB4C1CC4BD5B0018A532 /* Channel.swift */; };
		90E7FB4F1CC4C3170018A532 /* Program.swift in Sources */ = {isa = PBXBuildFile; fileRef = 90E7FB4E1CC4C3170018A532 /* Program.swift */; };
		90E7FB511CC4C3680018A532 /* User.swift in Sources */ = {isa = PBXBuildFile; fileRef = 90E7FB501CC4C3680018A532 /* User.swift */; };
		90E7FB531CC4CAF80018A532 /* Song.swift in Sources */ = {isa = PBXBuildFile; fileRef = 90E7FB521CC4CAF80018A532 /* Song.swift */; };
		90E7FB551CC4D4330018A532 /* ProgramViewController.swift in Sources */ = {isa = PBXBuildFile; fileRef = 90E7FB541CC4D4330018A532 /* ProgramViewController.swift */; };
		90E7FB571CC4DDC70018A532 /* PlayerViewController.swift in Sources */ = {isa = PBXBuildFile; fileRef = 90E7FB561CC4DDC70018A532 /* PlayerViewController.swift */; };
		90E7FB591CC536720018A532 /* Images.swift in Sources */ = {isa = PBXBuildFile; fileRef = 90E7FB581CC536720018A532 /* Images.swift */; };
		90ECDFCE1CC8737F0061CB6F /* MusicManager.swift in Sources */ = {isa = PBXBuildFile; fileRef = 90ECDFCD1CC8737F0061CB6F /* MusicManager.swift */; };
		90ECDFD01CC877380061CB6F /* Downloader.swift in Sources */ = {isa = PBXBuildFile; fileRef = 90ECDFCF1CC877380061CB6F /* Downloader.swift */; };
		90FB91A71D02C528002ECC8C /* libz.tbd in Frameworks */ = {isa = PBXBuildFile; fileRef = 90FB91A61D02C528002ECC8C /* libz.tbd */; };
		90FB91A91D02C867002ECC8C /* CoreTelephony.framework in Frameworks */ = {isa = PBXBuildFile; fileRef = 90FB91A81D02C867002ECC8C /* CoreTelephony.framework */; };
		90FB91AD1D02CDD6002ECC8C /* TrackManager.swift in Sources */ = {isa = PBXBuildFile; fileRef = 90FB91AC1D02CDD6002ECC8C /* TrackManager.swift */; };
		90FB91AF1D02D4A3002ECC8C /* Security.framework in Frameworks */ = {isa = PBXBuildFile; fileRef = 90FB91AE1D02D4A3002ECC8C /* Security.framework */; };
		90FB91B11D02D4B7002ECC8C /* libiconv.tbd in Frameworks */ = {isa = PBXBuildFile; fileRef = 90FB91B01D02D4B7002ECC8C /* libiconv.tbd */; };
		90FB91B31D02D4C1002ECC8C /* SystemConfiguration.framework in Frameworks */ = {isa = PBXBuildFile; fileRef = 90FB91B21D02D4C1002ECC8C /* SystemConfiguration.framework */; };
		90FB91B51D02D4E3002ECC8C /* libstdc++.tbd in Frameworks */ = {isa = PBXBuildFile; fileRef = 90FB91B41D02D4E3002ECC8C /* libstdc++.tbd */; };
		90FB91B71D02D503002ECC8C /* CoreGraphics.framework in Frameworks */ = {isa = PBXBuildFile; fileRef = 90FB91B61D02D503002ECC8C /* CoreGraphics.framework */; };
		DB4F76E91CCC5CC00021D068 /* CustomRadioViewController.swift in Sources */ = {isa = PBXBuildFile; fileRef = DB4F76E81CCC5CC00021D068 /* CustomRadioViewController.swift */; };
		DB4F76EB1CCD1EE90021D068 /* LoginUser.swift in Sources */ = {isa = PBXBuildFile; fileRef = DB4F76EA1CCD1EE90021D068 /* LoginUser.swift */; };
		DBB79DA11CCFC554006189B3 /* ChannelCollectionHeaderView.swift in Sources */ = {isa = PBXBuildFile; fileRef = DBB79DA01CCFC554006189B3 /* ChannelCollectionHeaderView.swift */; };
		DBB79DA31CD046E6006189B3 /* SelectiveTimePanel.swift in Sources */ = {isa = PBXBuildFile; fileRef = DBB79DA21CD046E6006189B3 /* SelectiveTimePanel.swift */; };
		DBB79DA51CD11935006189B3 /* Dates.swift in Sources */ = {isa = PBXBuildFile; fileRef = DBB79DA41CD11935006189B3 /* Dates.swift */; };
		DBD507951CCFA6C0001FDCE1 /* ProgramCollectionViewCell.swift in Sources */ = {isa = PBXBuildFile; fileRef = DBD507941CCFA6C0001FDCE1 /* ProgramCollectionViewCell.swift */; };
		DBDC7F481CD90A8D0093812C /* Constants.swift in Sources */ = {isa = PBXBuildFile; fileRef = DBDC7F471CD90A8D0093812C /* Constants.swift */; };
		DBF1E7E01CCE77D600B554A2 /* ChannelCollectionViewCell.swift in Sources */ = {isa = PBXBuildFile; fileRef = DBF1E7DF1CCE77D600B554A2 /* ChannelCollectionViewCell.swift */; };
		DBF1E7E21CCE7CA300B554A2 /* Measure.swift in Sources */ = {isa = PBXBuildFile; fileRef = DBF1E7E11CCE7CA300B554A2 /* Measure.swift */; };
/* End PBXBuildFile section */

/* Begin PBXFileReference section */
		8A29258049669E5F330022BB /* Pods_EvoRadio.framework */ = {isa = PBXFileReference; explicitFileType = wrapper.framework; includeInIndex = 0; path = Pods_EvoRadio.framework; sourceTree = BUILT_PRODUCTS_DIR; };
		8F0E5DBD989B134A790AC833 /* Pods-EvoRadio.debug.xcconfig */ = {isa = PBXFileReference; includeInIndex = 1; lastKnownFileType = text.xcconfig; name = "Pods-EvoRadio.debug.xcconfig"; path = "Pods/Target Support Files/Pods-EvoRadio/Pods-EvoRadio.debug.xcconfig"; sourceTree = "<group>"; };
		900C72481D054888006EBE78 /* SocialController.swift */ = {isa = PBXFileReference; fileEncoding = 4; lastKnownFileType = sourcecode.swift; name = SocialController.swift; path = Controllers/SocialController.swift; sourceTree = "<group>"; };
		900C724C1D0563F0006EBE78 /* libWeChatSDK.a */ = {isa = PBXFileReference; lastKnownFileType = archive.ar; path = libWeChatSDK.a; sourceTree = "<group>"; };
		900C724D1D0563F0006EBE78 /* README.txt */ = {isa = PBXFileReference; fileEncoding = 4; lastKnownFileType = text; path = README.txt; sourceTree = "<group>"; };
		900C724E1D0563F0006EBE78 /* WechatAuthSDK.h */ = {isa = PBXFileReference; fileEncoding = 4; lastKnownFileType = sourcecode.c.h; path = WechatAuthSDK.h; sourceTree = "<group>"; };
		900C724F1D0563F0006EBE78 /* WXApi.h */ = {isa = PBXFileReference; fileEncoding = 4; lastKnownFileType = sourcecode.c.h; path = WXApi.h; sourceTree = "<group>"; };
		900C72501D0563F0006EBE78 /* WXApiObject.h */ = {isa = PBXFileReference; fileEncoding = 4; lastKnownFileType = sourcecode.c.h; path = WXApiObject.h; sourceTree = "<group>"; };
		900C72531D056439006EBE78 /* libsqlite3.0.tbd */ = {isa = PBXFileReference; lastKnownFileType = "sourcecode.text-based-dylib-definition"; name = libsqlite3.0.tbd; path = usr/lib/libsqlite3.0.tbd; sourceTree = SDKROOT; };
		900C72591D057C71006EBE78 /* TencentOpenAPI.framework */ = {isa = PBXFileReference; lastKnownFileType = wrapper.framework; path = TencentOpenAPI.framework; sourceTree = "<group>"; };
		900C725A1D057C71006EBE78 /* TencentOpenApi_IOS_Bundle.bundle */ = {isa = PBXFileReference; lastKnownFileType = "wrapper.plug-in"; path = TencentOpenApi_IOS_Bundle.bundle; sourceTree = "<group>"; };
		9023EA011D06724A004BEE96 /* DownloadManager.swift */ = {isa = PBXFileReference; fileEncoding = 4; lastKnownFileType = sourcecode.swift; path = DownloadManager.swift; sourceTree = "<group>"; };
		9023EA031D06725B004BEE96 /* DownloadModel.swift */ = {isa = PBXFileReference; fileEncoding = 4; lastKnownFileType = sourcecode.swift; path = DownloadModel.swift; sourceTree = "<group>"; };
		9023EA051D0672A2004BEE96 /* DownloadUtility.swift */ = {isa = PBXFileReference; fileEncoding = 4; lastKnownFileType = sourcecode.swift; path = DownloadUtility.swift; sourceTree = "<group>"; };
		902F6B6F1CC3C4EA00F43C2E /* Device.swift */ = {isa = PBXFileReference; fileEncoding = 4; lastKnownFileType = sourcecode.swift; path = Device.swift; sourceTree = "<group>"; };
		902FBCCD1CBEAC020051A93B /* EvoRadio.app */ = {isa = PBXFileReference; explicitFileType = wrapper.application; includeInIndex = 0; path = EvoRadio.app; sourceTree = BUILT_PRODUCTS_DIR; };
		902FBCD01CBEAC020051A93B /* AppDelegate.swift */ = {isa = PBXFileReference; lastKnownFileType = sourcecode.swift; path = AppDelegate.swift; sourceTree = "<group>"; };
		903DEB6C1CC9D57500D79DC1 /* SettingViewController.swift */ = {isa = PBXFileReference; fileEncoding = 4; lastKnownFileType = sourcecode.swift; name = SettingViewController.swift; path = Controllers/SettingViewController.swift; sourceTree = "<group>"; };
		9053D44E1CF483DB000392EF /* Cover.swift */ = {isa = PBXFileReference; fileEncoding = 4; lastKnownFileType = sourcecode.swift; path = Cover.swift; sourceTree = "<group>"; };
		9054AE0F1CC3BFB400E876FF /* Colors.swift */ = {isa = PBXFileReference; fileEncoding = 4; lastKnownFileType = sourcecode.swift; path = Colors.swift; sourceTree = "<group>"; };
		90659F0F1CC92CA30026539F /* MediaPlayer.framework */ = {isa = PBXFileReference; lastKnownFileType = wrapper.framework; name = MediaPlayer.framework; path = System/Library/Frameworks/MediaPlayer.framework; sourceTree = SDKROOT; };
		90659F111CC92CB00026539F /* AudioToolbox.framework */ = {isa = PBXFileReference; lastKnownFileType = wrapper.framework; name = AudioToolbox.framework; path = System/Library/Frameworks/AudioToolbox.framework; sourceTree = SDKROOT; };
		90659F131CC9451E0026539F /* PersonalViewController.swift */ = {isa = PBXFileReference; fileEncoding = 4; lastKnownFileType = sourcecode.swift; lineEnding = 0; name = PersonalViewController.swift; path = Controllers/PersonalViewController.swift; sourceTree = "<group>"; xcLanguageSpecificationIdentifier = xcode.lang.swift; };
		90659F171CC9B6440026539F /* Radio.swift */ = {isa = PBXFileReference; fileEncoding = 4; lastKnownFileType = sourcecode.swift; path = Radio.swift; sourceTree = "<group>"; };
		90659F1C1CC9C0B70026539F /* WLevelDb.h */ = {isa = PBXFileReference; fileEncoding = 4; lastKnownFileType = sourcecode.c.h; path = WLevelDb.h; sourceTree = "<group>"; };
		90659F1D1CC9C0B70026539F /* WLevelDb.mm */ = {isa = PBXFileReference; fileEncoding = 4; lastKnownFileType = sourcecode.cpp.objcpp; path = WLevelDb.mm; sourceTree = "<group>"; };
		90659F1E1CC9C0B70026539F /* WLevelKeys.h */ = {isa = PBXFileReference; fileEncoding = 4; lastKnownFileType = sourcecode.c.h; path = WLevelKeys.h; sourceTree = "<group>"; };
		90659F1F1CC9C0B70026539F /* WLevelSnapshot.h */ = {isa = PBXFileReference; fileEncoding = 4; lastKnownFileType = sourcecode.c.h; path = WLevelSnapshot.h; sourceTree = "<group>"; };
		90659F201CC9C0B70026539F /* WLevelSnapshot.mm */ = {isa = PBXFileReference; fileEncoding = 4; lastKnownFileType = sourcecode.cpp.objcpp; path = WLevelSnapshot.mm; sourceTree = "<group>"; };
		90659F211CC9C0B70026539F /* WLevelWriteBatch.h */ = {isa = PBXFileReference; fileEncoding = 4; lastKnownFileType = sourcecode.c.h; path = WLevelWriteBatch.h; sourceTree = "<group>"; };
		90659F221CC9C0B70026539F /* WLevelWriteBatch.mm */ = {isa = PBXFileReference; fileEncoding = 4; lastKnownFileType = sourcecode.cpp.objcpp; path = WLevelWriteBatch.mm; sourceTree = "<group>"; };
		90659F261CC9C1A50026539F /* CoreDB.swift */ = {isa = PBXFileReference; fileEncoding = 4; lastKnownFileType = sourcecode.swift; path = CoreDB.swift; sourceTree = "<group>"; };
		90659F281CC9C42D0026539F /* EvoRadio-Bridging-Header.pch */ = {isa = PBXFileReference; lastKnownFileType = sourcecode.c.h; path = "EvoRadio-Bridging-Header.pch"; sourceTree = "<group>"; };
		9070928E1D07B51000E11D88 /* HudManager.swift */ = {isa = PBXFileReference; fileEncoding = 4; lastKnownFileType = sourcecode.swift; path = HudManager.swift; sourceTree = "<group>"; };
		907092911D08313500E11D88 /* HistorySongListViewController.swift */ = {isa = PBXFileReference; fileEncoding = 4; lastKnownFileType = sourcecode.swift; name = HistorySongListViewController.swift; path = Controllers/HistorySongListViewController.swift; sourceTree = "<group>"; };
		9096D78A1CFC0FED00DA6923 /* pop.framework */ = {isa = PBXFileReference; lastKnownFileType = wrapper.framework; name = pop.framework; path = "../../../Library/Developer/Xcode/DerivedData/EvoRadio-ahavzujveykrtgbwgjeponlruqip/Build/Products/Debug-iphonesimulator/pop.framework"; sourceTree = "<group>"; };
		9097BB1A1CFE898800FA5BD9 /* DownloadViewController.swift */ = {isa = PBXFileReference; fileEncoding = 4; lastKnownFileType = sourcecode.swift; name = DownloadViewController.swift; path = Controllers/DownloadViewController.swift; sourceTree = "<group>"; };
		9097BB1C1CFE8B6400FA5BD9 /* Test.xib */ = {isa = PBXFileReference; fileEncoding = 4; lastKnownFileType = file.xib; path = Test.xib; sourceTree = "<group>"; };
		9097BB1E1CFE9BCD00FA5BD9 /* DownloadedSongListViewController.swift */ = {isa = PBXFileReference; fileEncoding = 4; lastKnownFileType = sourcecode.swift; name = DownloadedSongListViewController.swift; path = Controllers/DownloadedSongListViewController.swift; sourceTree = "<group>"; };
		9097BB201CFE9BE400FA5BD9 /* DownloadedProgramListViewController.swift */ = {isa = PBXFileReference; fileEncoding = 4; lastKnownFileType = sourcecode.swift; name = DownloadedProgramListViewController.swift; path = Controllers/DownloadedProgramListViewController.swift; sourceTree = "<group>"; };
		9097BB221CFE9BF700FA5BD9 /* DownloadingSongListViewController.swift */ = {isa = PBXFileReference; fileEncoding = 4; lastKnownFileType = sourcecode.swift; name = DownloadingSongListViewController.swift; path = Controllers/DownloadingSongListViewController.swift; sourceTree = "<group>"; };
		9097BB241CFEA6E900FA5BD9 /* DownloadedViewController.swift */ = {isa = PBXFileReference; fileEncoding = 4; lastKnownFileType = sourcecode.swift; name = DownloadedViewController.swift; path = Controllers/DownloadedViewController.swift; sourceTree = "<group>"; };
		9097BB261CFEA8E900FA5BD9 /* ViewControllers.swift */ = {isa = PBXFileReference; fileEncoding = 4; lastKnownFileType = sourcecode.swift; path = ViewControllers.swift; sourceTree = "<group>"; };
		9097BB281CFEC40400FA5BD9 /* Arrays.swift */ = {isa = PBXFileReference; fileEncoding = 4; lastKnownFileType = sourcecode.swift; path = Arrays.swift; sourceTree = "<group>"; };
		9097BB2A1CFEC88A00FA5BD9 /* DownloadItemQueue.swift */ = {isa = PBXFileReference; fileEncoding = 4; lastKnownFileType = sourcecode.swift; path = DownloadItemQueue.swift; sourceTree = "<group>"; };
		9097BB2C1CFEE4E800FA5BD9 /* DownloadingSongListTableViewCell.swift */ = {isa = PBXFileReference; fileEncoding = 4; lastKnownFileType = sourcecode.swift; name = DownloadingSongListTableViewCell.swift; path = Views/DownloadingSongListTableViewCell.swift; sourceTree = "<group>"; };
		9097BB2E1CFFDFEF00FA5BD9 /* Strings.swift */ = {isa = PBXFileReference; fileEncoding = 4; lastKnownFileType = sourcecode.swift; path = Strings.swift; sourceTree = "<group>"; };
		9097BB301D00380800FA5BD9 /* LastPlaylist.swift */ = {isa = PBXFileReference; fileEncoding = 4; lastKnownFileType = sourcecode.swift; path = LastPlaylist.swift; sourceTree = "<group>"; };
		909E659D1CC0831100B0C49B /* Info.plist */ = {isa = PBXFileReference; fileEncoding = 4; lastKnownFileType = text.plist.xml; name = Info.plist; path = Resources/Info.plist; sourceTree = "<group>"; };
		909E659F1CC0831B00B0C49B /* MainViewController.swift */ = {isa = PBXFileReference; fileEncoding = 4; lastKnownFileType = sourcecode.swift; name = MainViewController.swift; path = Controllers/MainViewController.swift; sourceTree = "<group>"; };
		909E65A01CC0831B00B0C49B /* ViewController.swift */ = {isa = PBXFileReference; fileEncoding = 4; lastKnownFileType = sourcecode.swift; lineEnding = 0; name = ViewController.swift; path = Controllers/ViewController.swift; sourceTree = "<group>"; xcLanguageSpecificationIdentifier = xcode.lang.swift; };
		909E65A51CC083A500B0C49B /* Assets.xcassets */ = {isa = PBXFileReference; lastKnownFileType = folder.assetcatalog; name = Assets.xcassets; path = Resources/Assets.xcassets; sourceTree = "<group>"; };
		909E818B1CF8129500571A76 /* NotificationManager.swift */ = {isa = PBXFileReference; fileEncoding = 4; lastKnownFileType = sourcecode.swift; path = NotificationManager.swift; sourceTree = "<group>"; };
		90B59E671CFD7646001E8F23 /* PlayerView.swift */ = {isa = PBXFileReference; fileEncoding = 4; lastKnownFileType = sourcecode.swift; name = PlayerView.swift; path = Views/PlayerView.swift; sourceTree = "<group>"; };
		90B59E691CFD7AD0001E8F23 /* TabBar.swift */ = {isa = PBXFileReference; fileEncoding = 4; lastKnownFileType = sourcecode.swift; name = TabBar.swift; path = Views/TabBar.swift; sourceTree = "<group>"; };
		90B95CA21CF54B2E00105090 /* EVReflections.swift */ = {isa = PBXFileReference; fileEncoding = 4; lastKnownFileType = sourcecode.swift; path = EVReflections.swift; sourceTree = "<group>"; };
		90B95CA91CF6EF9A00105090 /* PlaylistManager.swift */ = {isa = PBXFileReference; fileEncoding = 4; lastKnownFileType = sourcecode.swift; path = PlaylistManager.swift; sourceTree = "<group>"; };
		90B95CAB1CF6F4FA00105090 /* Windows.swift */ = {isa = PBXFileReference; fileEncoding = 4; lastKnownFileType = sourcecode.swift; path = Windows.swift; sourceTree = "<group>"; };
		90C32B5C1D0586A500C87DAF /* libWeiboSDK.a */ = {isa = PBXFileReference; lastKnownFileType = archive.ar; path = libWeiboSDK.a; sourceTree = "<group>"; };
		90C32B5D1D0586A500C87DAF /* WBHttpRequest+WeiboGame.h */ = {isa = PBXFileReference; fileEncoding = 4; lastKnownFileType = sourcecode.c.h; path = "WBHttpRequest+WeiboGame.h"; sourceTree = "<group>"; };
		90C32B5E1D0586A500C87DAF /* WBHttpRequest+WeiboShare.h */ = {isa = PBXFileReference; fileEncoding = 4; lastKnownFileType = sourcecode.c.h; path = "WBHttpRequest+WeiboShare.h"; sourceTree = "<group>"; };
		90C32B5F1D0586A500C87DAF /* WBHttpRequest+WeiboToken.h */ = {isa = PBXFileReference; fileEncoding = 4; lastKnownFileType = sourcecode.c.h; path = "WBHttpRequest+WeiboToken.h"; sourceTree = "<group>"; };
		90C32B601D0586A500C87DAF /* WBHttpRequest+WeiboUser.h */ = {isa = PBXFileReference; fileEncoding = 4; lastKnownFileType = sourcecode.c.h; path = "WBHttpRequest+WeiboUser.h"; sourceTree = "<group>"; };
		90C32B611D0586A500C87DAF /* WBHttpRequest.h */ = {isa = PBXFileReference; fileEncoding = 4; lastKnownFileType = sourcecode.c.h; path = WBHttpRequest.h; sourceTree = "<group>"; };
		90C32B621D0586A500C87DAF /* WBSDKBasicButton.h */ = {isa = PBXFileReference; fileEncoding = 4; lastKnownFileType = sourcecode.c.h; path = WBSDKBasicButton.h; sourceTree = "<group>"; };
		90C32B631D0586A500C87DAF /* WBSDKCommentButton.h */ = {isa = PBXFileReference; fileEncoding = 4; lastKnownFileType = sourcecode.c.h; path = WBSDKCommentButton.h; sourceTree = "<group>"; };
		90C32B641D0586A500C87DAF /* WBSDKRelationshipButton.h */ = {isa = PBXFileReference; fileEncoding = 4; lastKnownFileType = sourcecode.c.h; path = WBSDKRelationshipButton.h; sourceTree = "<group>"; };
		90C32B651D0586A500C87DAF /* WeiboSDK+Statistics.h */ = {isa = PBXFileReference; fileEncoding = 4; lastKnownFileType = sourcecode.c.h; path = "WeiboSDK+Statistics.h"; sourceTree = "<group>"; };
		90C32B661D0586A500C87DAF /* WeiboSDK.bundle */ = {isa = PBXFileReference; lastKnownFileType = "wrapper.plug-in"; path = WeiboSDK.bundle; sourceTree = "<group>"; };
		90C32B671D0586A500C87DAF /* WeiboSDK.h */ = {isa = PBXFileReference; fileEncoding = 4; lastKnownFileType = sourcecode.c.h; path = WeiboSDK.h; sourceTree = "<group>"; };
		90C32B681D0586A500C87DAF /* WeiboUser.h */ = {isa = PBXFileReference; fileEncoding = 4; lastKnownFileType = sourcecode.c.h; path = WeiboUser.h; sourceTree = "<group>"; };
		90C32B6B1D0586D400C87DAF /* CoreText.framework */ = {isa = PBXFileReference; lastKnownFileType = wrapper.framework; name = CoreText.framework; path = System/Library/Frameworks/CoreText.framework; sourceTree = SDKROOT; };
		90C32B6D1D0586E200C87DAF /* ImageIO.framework */ = {isa = PBXFileReference; lastKnownFileType = wrapper.framework; name = ImageIO.framework; path = System/Library/Frameworks/ImageIO.framework; sourceTree = SDKROOT; };
		90C32B6F1D0586EE00C87DAF /* QuartzCore.framework */ = {isa = PBXFileReference; lastKnownFileType = wrapper.framework; name = QuartzCore.framework; path = System/Library/Frameworks/QuartzCore.framework; sourceTree = SDKROOT; };
		90D775451CF9F89700899492 /* SongListViewController.swift */ = {isa = PBXFileReference; fileEncoding = 4; lastKnownFileType = sourcecode.swift; name = SongListViewController.swift; path = Controllers/SongListViewController.swift; sourceTree = "<group>"; };
		90D775481CFA37F800899492 /* CDCoverImageView.swift */ = {isa = PBXFileReference; fileEncoding = 4; lastKnownFileType = sourcecode.swift; name = CDCoverImageView.swift; path = Views/CDCoverImageView.swift; sourceTree = "<group>"; };
		90D7754A1CFA991B00899492 /* SongListTableViewCell.swift */ = {isa = PBXFileReference; fileEncoding = 4; lastKnownFileType = sourcecode.swift; name = SongListTableViewCell.swift; path = Views/SongListTableViewCell.swift; sourceTree = "<group>"; };
		90E7FAFD1CC3DB720018A532 /* NavigationController.swift */ = {isa = PBXFileReference; fileEncoding = 4; lastKnownFileType = sourcecode.swift; name = NavigationController.swift; path = Controllers/NavigationController.swift; sourceTree = "<group>"; };
		90E7FAFF1CC3E4E60018A532 /* Fonts.swift */ = {isa = PBXFileReference; fileEncoding = 4; lastKnownFileType = sourcecode.swift; path = Fonts.swift; sourceTree = "<group>"; };
		90E7FB481CC4AC080018A532 /* ChannelViewController.swift */ = {isa = PBXFileReference; fileEncoding = 4; lastKnownFileType = sourcecode.swift; name = ChannelViewController.swift; path = Controllers/ChannelViewController.swift; sourceTree = "<group>"; };
		90E7FB4A1CC4B6C50018A532 /* API.swift */ = {isa = PBXFileReference; fileEncoding = 4; lastKnownFileType = sourcecode.swift; path = API.swift; sourceTree = "<group>"; };
		90E7FB4C1CC4BD5B0018A532 /* Channel.swift */ = {isa = PBXFileReference; fileEncoding = 4; lastKnownFileType = sourcecode.swift; path = Channel.swift; sourceTree = "<group>"; };
		90E7FB4E1CC4C3170018A532 /* Program.swift */ = {isa = PBXFileReference; fileEncoding = 4; lastKnownFileType = sourcecode.swift; path = Program.swift; sourceTree = "<group>"; };
		90E7FB501CC4C3680018A532 /* User.swift */ = {isa = PBXFileReference; fileEncoding = 4; lastKnownFileType = sourcecode.swift; path = User.swift; sourceTree = "<group>"; };
		90E7FB521CC4CAF80018A532 /* Song.swift */ = {isa = PBXFileReference; fileEncoding = 4; lastKnownFileType = sourcecode.swift; path = Song.swift; sourceTree = "<group>"; };
		90E7FB541CC4D4330018A532 /* ProgramViewController.swift */ = {isa = PBXFileReference; fileEncoding = 4; lastKnownFileType = sourcecode.swift; name = ProgramViewController.swift; path = Controllers/ProgramViewController.swift; sourceTree = "<group>"; };
		90E7FB561CC4DDC70018A532 /* PlayerViewController.swift */ = {isa = PBXFileReference; fileEncoding = 4; lastKnownFileType = sourcecode.swift; name = PlayerViewController.swift; path = Controllers/PlayerViewController.swift; sourceTree = "<group>"; };
		90E7FB581CC536720018A532 /* Images.swift */ = {isa = PBXFileReference; fileEncoding = 4; lastKnownFileType = sourcecode.swift; path = Images.swift; sourceTree = "<group>"; };
		90ECDFCD1CC8737F0061CB6F /* MusicManager.swift */ = {isa = PBXFileReference; fileEncoding = 4; lastKnownFileType = sourcecode.swift; path = MusicManager.swift; sourceTree = "<group>"; };
		90ECDFCF1CC877380061CB6F /* Downloader.swift */ = {isa = PBXFileReference; fileEncoding = 4; lastKnownFileType = sourcecode.swift; path = Downloader.swift; sourceTree = "<group>"; };
		90FB91A61D02C528002ECC8C /* libz.tbd */ = {isa = PBXFileReference; lastKnownFileType = "sourcecode.text-based-dylib-definition"; name = libz.tbd; path = usr/lib/libz.tbd; sourceTree = SDKROOT; };
		90FB91A81D02C867002ECC8C /* CoreTelephony.framework */ = {isa = PBXFileReference; lastKnownFileType = wrapper.framework; name = CoreTelephony.framework; path = System/Library/Frameworks/CoreTelephony.framework; sourceTree = SDKROOT; };
		90FB91AA1D02C877002ECC8C /* libsqlite3.tbd */ = {isa = PBXFileReference; lastKnownFileType = "sourcecode.text-based-dylib-definition"; name = libsqlite3.tbd; path = usr/lib/libsqlite3.tbd; sourceTree = SDKROOT; };
		90FB91AC1D02CDD6002ECC8C /* TrackManager.swift */ = {isa = PBXFileReference; fileEncoding = 4; lastKnownFileType = sourcecode.swift; path = TrackManager.swift; sourceTree = "<group>"; };
		90FB91AE1D02D4A3002ECC8C /* Security.framework */ = {isa = PBXFileReference; lastKnownFileType = wrapper.framework; name = Security.framework; path = System/Library/Frameworks/Security.framework; sourceTree = SDKROOT; };
		90FB91B01D02D4B7002ECC8C /* libiconv.tbd */ = {isa = PBXFileReference; lastKnownFileType = "sourcecode.text-based-dylib-definition"; name = libiconv.tbd; path = usr/lib/libiconv.tbd; sourceTree = SDKROOT; };
		90FB91B21D02D4C1002ECC8C /* SystemConfiguration.framework */ = {isa = PBXFileReference; lastKnownFileType = wrapper.framework; name = SystemConfiguration.framework; path = System/Library/Frameworks/SystemConfiguration.framework; sourceTree = SDKROOT; };
		90FB91B41D02D4E3002ECC8C /* libstdc++.tbd */ = {isa = PBXFileReference; lastKnownFileType = "sourcecode.text-based-dylib-definition"; name = "libstdc++.tbd"; path = "usr/lib/libstdc++.tbd"; sourceTree = SDKROOT; };
		90FB91B61D02D503002ECC8C /* CoreGraphics.framework */ = {isa = PBXFileReference; lastKnownFileType = wrapper.framework; name = CoreGraphics.framework; path = System/Library/Frameworks/CoreGraphics.framework; sourceTree = SDKROOT; };
		DB4F76E81CCC5CC00021D068 /* CustomRadioViewController.swift */ = {isa = PBXFileReference; fileEncoding = 4; lastKnownFileType = sourcecode.swift; lineEnding = 0; name = CustomRadioViewController.swift; path = Controllers/CustomRadioViewController.swift; sourceTree = "<group>"; xcLanguageSpecificationIdentifier = xcode.lang.swift; };
		DB4F76EA1CCD1EE90021D068 /* LoginUser.swift */ = {isa = PBXFileReference; fileEncoding = 4; lastKnownFileType = sourcecode.swift; path = LoginUser.swift; sourceTree = "<group>"; };
		DBB79DA01CCFC554006189B3 /* ChannelCollectionHeaderView.swift */ = {isa = PBXFileReference; fileEncoding = 4; lastKnownFileType = sourcecode.swift; name = ChannelCollectionHeaderView.swift; path = Views/ChannelCollectionHeaderView.swift; sourceTree = "<group>"; };
		DBB79DA21CD046E6006189B3 /* SelectiveTimePanel.swift */ = {isa = PBXFileReference; fileEncoding = 4; lastKnownFileType = sourcecode.swift; name = SelectiveTimePanel.swift; path = Views/SelectiveTimePanel.swift; sourceTree = "<group>"; };
		DBB79DA41CD11935006189B3 /* Dates.swift */ = {isa = PBXFileReference; fileEncoding = 4; lastKnownFileType = sourcecode.swift; path = Dates.swift; sourceTree = "<group>"; };
		DBD507941CCFA6C0001FDCE1 /* ProgramCollectionViewCell.swift */ = {isa = PBXFileReference; fileEncoding = 4; lastKnownFileType = sourcecode.swift; lineEnding = 0; name = ProgramCollectionViewCell.swift; path = Views/ProgramCollectionViewCell.swift; sourceTree = "<group>"; xcLanguageSpecificationIdentifier = xcode.lang.swift; };
		DBDC7F471CD90A8D0093812C /* Constants.swift */ = {isa = PBXFileReference; fileEncoding = 4; lastKnownFileType = sourcecode.swift; path = Constants.swift; sourceTree = "<group>"; };
		DBF1E7DF1CCE77D600B554A2 /* ChannelCollectionViewCell.swift */ = {isa = PBXFileReference; fileEncoding = 4; lastKnownFileType = sourcecode.swift; lineEnding = 0; name = ChannelCollectionViewCell.swift; path = Views/ChannelCollectionViewCell.swift; sourceTree = "<group>"; xcLanguageSpecificationIdentifier = xcode.lang.swift; };
		DBF1E7E11CCE7CA300B554A2 /* Measure.swift */ = {isa = PBXFileReference; fileEncoding = 4; lastKnownFileType = sourcecode.swift; path = Measure.swift; sourceTree = "<group>"; };
		FCFA8CA14577447CE82B985C /* Pods-EvoRadio.release.xcconfig */ = {isa = PBXFileReference; includeInIndex = 1; lastKnownFileType = text.xcconfig; name = "Pods-EvoRadio.release.xcconfig"; path = "Pods/Target Support Files/Pods-EvoRadio/Pods-EvoRadio.release.xcconfig"; sourceTree = "<group>"; };
/* End PBXFileReference section */

/* Begin PBXFrameworksBuildPhase section */
		902FBCCA1CBEAC020051A93B /* Frameworks */ = {
			isa = PBXFrameworksBuildPhase;
			buildActionMask = 2147483647;
			files = (
				90C32B701D0586EE00C87DAF /* QuartzCore.framework in Frameworks */,
				90C32B6E1D0586E200C87DAF /* ImageIO.framework in Frameworks */,
				90C32B6C1D0586D400C87DAF /* CoreText.framework in Frameworks */,
				900C72541D056439006EBE78 /* libsqlite3.0.tbd in Frameworks */,
				90FB91B71D02D503002ECC8C /* CoreGraphics.framework in Frameworks */,
				90FB91B51D02D4E3002ECC8C /* libstdc++.tbd in Frameworks */,
				90FB91B31D02D4C1002ECC8C /* SystemConfiguration.framework in Frameworks */,
				90FB91B11D02D4B7002ECC8C /* libiconv.tbd in Frameworks */,
				900C72511D0563F0006EBE78 /* libWeChatSDK.a in Frameworks */,
				90FB91AF1D02D4A3002ECC8C /* Security.framework in Frameworks */,
				90C32B691D0586A500C87DAF /* libWeiboSDK.a in Frameworks */,
				90FB91A91D02C867002ECC8C /* CoreTelephony.framework in Frameworks */,
				900C725B1D057C71006EBE78 /* TencentOpenAPI.framework in Frameworks */,
				90FB91A71D02C528002ECC8C /* libz.tbd in Frameworks */,
				47684679BB1C84E828A351A9 /* Pods_EvoRadio.framework in Frameworks */,
			);
			runOnlyForDeploymentPostprocessing = 0;
		};
/* End PBXFrameworksBuildPhase section */

/* Begin PBXGroup section */
		5A94393BB0E9EEBD2CED84BF /* Frameworks */ = {
			isa = PBXGroup;
			children = (
				90C32B6F1D0586EE00C87DAF /* QuartzCore.framework */,
				90C32B6D1D0586E200C87DAF /* ImageIO.framework */,
				90C32B6B1D0586D400C87DAF /* CoreText.framework */,
				900C72531D056439006EBE78 /* libsqlite3.0.tbd */,
				90FB91B61D02D503002ECC8C /* CoreGraphics.framework */,
				90FB91B41D02D4E3002ECC8C /* libstdc++.tbd */,
				90FB91B21D02D4C1002ECC8C /* SystemConfiguration.framework */,
				90FB91B01D02D4B7002ECC8C /* libiconv.tbd */,
				90FB91AE1D02D4A3002ECC8C /* Security.framework */,
				90FB91AA1D02C877002ECC8C /* libsqlite3.tbd */,
				90FB91A81D02C867002ECC8C /* CoreTelephony.framework */,
				90FB91A61D02C528002ECC8C /* libz.tbd */,
				9096D78A1CFC0FED00DA6923 /* pop.framework */,
				90659F111CC92CB00026539F /* AudioToolbox.framework */,
				90659F0F1CC92CA30026539F /* MediaPlayer.framework */,
				8A29258049669E5F330022BB /* Pods_EvoRadio.framework */,
			);
			name = Frameworks;
			sourceTree = "<group>";
		};
		900C724A1D0563F0006EBE78 /* Libs */ = {
			isa = PBXGroup;
			children = (
				90C32B5B1D0586A500C87DAF /* WeiboSDK */,
				900C72581D057C71006EBE78 /* Tencent */,
				900C724B1D0563F0006EBE78 /* OpenSDK1.7.1 */,
			);
			path = Libs;
			sourceTree = "<group>";
		};
		900C724B1D0563F0006EBE78 /* OpenSDK1.7.1 */ = {
			isa = PBXGroup;
			children = (
				900C724C1D0563F0006EBE78 /* libWeChatSDK.a */,
				900C724D1D0563F0006EBE78 /* README.txt */,
				900C724E1D0563F0006EBE78 /* WechatAuthSDK.h */,
				900C724F1D0563F0006EBE78 /* WXApi.h */,
				900C72501D0563F0006EBE78 /* WXApiObject.h */,
			);
			path = OpenSDK1.7.1;
			sourceTree = "<group>";
		};
		900C72581D057C71006EBE78 /* Tencent */ = {
			isa = PBXGroup;
			children = (
				900C72591D057C71006EBE78 /* TencentOpenAPI.framework */,
				900C725A1D057C71006EBE78 /* TencentOpenApi_IOS_Bundle.bundle */,
			);
			path = Tencent;
			sourceTree = "<group>";
		};
		9023EA001D067233004BEE96 /* Downloader */ = {
			isa = PBXGroup;
			children = (
				9023EA011D06724A004BEE96 /* DownloadManager.swift */,
				9023EA031D06725B004BEE96 /* DownloadModel.swift */,
				9023EA051D0672A2004BEE96 /* DownloadUtility.swift */,
			);
			path = Downloader;
			sourceTree = "<group>";
		};
		902FBCC41CBEAC010051A93B = {
			isa = PBXGroup;
			children = (
				902FBCCF1CBEAC020051A93B /* EvoRadio */,
				902FBCCE1CBEAC020051A93B /* Products */,
				5A94393BB0E9EEBD2CED84BF /* Frameworks */,
				B461353B916D64FF79E130B1 /* Pods */,
			);
			sourceTree = "<group>";
		};
		902FBCCE1CBEAC020051A93B /* Products */ = {
			isa = PBXGroup;
			children = (
				902FBCCD1CBEAC020051A93B /* EvoRadio.app */,
			);
			name = Products;
			sourceTree = "<group>";
		};
		902FBCCF1CBEAC020051A93B /* EvoRadio */ = {
			isa = PBXGroup;
			children = (
				902FBCD01CBEAC020051A93B /* AppDelegate.swift */,
				909E659D1CC0831100B0C49B /* Info.plist */,
				909E65A51CC083A500B0C49B /* Assets.xcassets */,
				909E659B1CC0827D00B0C49B /* Controllers */,
				909E659A1CC07D2F00B0C49B /* Views */,
				909E65AE1CC0840700B0C49B /* Models */,
				909E65AF1CC0842100B0C49B /* Extensions */,
				909E65B11CC0843700B0C49B /* Utils */,
				900C724A1D0563F0006EBE78 /* Libs */,
				909E659C1CC0831100B0C49B /* Resources */,
			);
			path = EvoRadio;
			sourceTree = "<group>";
		};
		90659F1B1CC9C0B70026539F /* levelDb */ = {
			isa = PBXGroup;
			children = (
				90659F1C1CC9C0B70026539F /* WLevelDb.h */,
				90659F1D1CC9C0B70026539F /* WLevelDb.mm */,
				90659F1E1CC9C0B70026539F /* WLevelKeys.h */,
				90659F1F1CC9C0B70026539F /* WLevelSnapshot.h */,
				90659F201CC9C0B70026539F /* WLevelSnapshot.mm */,
				90659F211CC9C0B70026539F /* WLevelWriteBatch.h */,
				90659F221CC9C0B70026539F /* WLevelWriteBatch.mm */,
			);
			path = levelDb;
			sourceTree = "<group>";
		};
		909E659A1CC07D2F00B0C49B /* Views */ = {
			isa = PBXGroup;
			children = (
				90D7754C1CFA992300899492 /* Cell */,
				90B59E691CFD7AD0001E8F23 /* TabBar.swift */,
				90B59E671CFD7646001E8F23 /* PlayerView.swift */,
				DBB79DA01CCFC554006189B3 /* ChannelCollectionHeaderView.swift */,
				DBB79DA21CD046E6006189B3 /* SelectiveTimePanel.swift */,
				90D775481CFA37F800899492 /* CDCoverImageView.swift */,
			);
			name = Views;
			sourceTree = "<group>";
		};
		909E659B1CC0827D00B0C49B /* Controllers */ = {
			isa = PBXGroup;
			children = (
				909E65A01CC0831B00B0C49B /* ViewController.swift */,
				90E7FAFD1CC3DB720018A532 /* NavigationController.swift */,
				909E659F1CC0831B00B0C49B /* MainViewController.swift */,
				90E7FB481CC4AC080018A532 /* ChannelViewController.swift */,
				90E7FB541CC4D4330018A532 /* ProgramViewController.swift */,
				90D775451CF9F89700899492 /* SongListViewController.swift */,
				90E7FB561CC4DDC70018A532 /* PlayerViewController.swift */,
				90659F131CC9451E0026539F /* PersonalViewController.swift */,
				903DEB6C1CC9D57500D79DC1 /* SettingViewController.swift */,
				DB4F76E81CCC5CC00021D068 /* CustomRadioViewController.swift */,
				9097BB1A1CFE898800FA5BD9 /* DownloadViewController.swift */,
				9097BB241CFEA6E900FA5BD9 /* DownloadedViewController.swift */,
				9097BB1E1CFE9BCD00FA5BD9 /* DownloadedSongListViewController.swift */,
				9097BB201CFE9BE400FA5BD9 /* DownloadedProgramListViewController.swift */,
				9097BB221CFE9BF700FA5BD9 /* DownloadingSongListViewController.swift */,
				900C72481D054888006EBE78 /* SocialController.swift */,
				907092911D08313500E11D88 /* HistorySongListViewController.swift */,
			);
			name = Controllers;
			sourceTree = "<group>";
		};
		909E659C1CC0831100B0C49B /* Resources */ = {
			isa = PBXGroup;
			children = (
				90659F281CC9C42D0026539F /* EvoRadio-Bridging-Header.pch */,
				9097BB1C1CFE8B6400FA5BD9 /* Test.xib */,
			);
			path = Resources;
			sourceTree = "<group>";
		};
		909E65AE1CC0840700B0C49B /* Models */ = {
			isa = PBXGroup;
			children = (
				90659F171CC9B6440026539F /* Radio.swift */,
				90E7FB4C1CC4BD5B0018A532 /* Channel.swift */,
				90E7FB4E1CC4C3170018A532 /* Program.swift */,
				90E7FB521CC4CAF80018A532 /* Song.swift */,
				9053D44E1CF483DB000392EF /* Cover.swift */,
				90E7FB501CC4C3680018A532 /* User.swift */,
				DB4F76EA1CCD1EE90021D068 /* LoginUser.swift */,
				9097BB2A1CFEC88A00FA5BD9 /* DownloadItemQueue.swift */,
				9097BB301D00380800FA5BD9 /* LastPlaylist.swift */,
			);
			path = Models;
			sourceTree = "<group>";
		};
		909E65AF1CC0842100B0C49B /* Extensions */ = {
			isa = PBXGroup;
			children = (
				9054AE0F1CC3BFB400E876FF /* Colors.swift */,
				90E7FAFF1CC3E4E60018A532 /* Fonts.swift */,
				90E7FB581CC536720018A532 /* Images.swift */,
				DBB79DA41CD11935006189B3 /* Dates.swift */,
				90B95CA21CF54B2E00105090 /* EVReflections.swift */,
				90B95CAB1CF6F4FA00105090 /* Windows.swift */,
				9097BB261CFEA8E900FA5BD9 /* ViewControllers.swift */,
				9097BB281CFEC40400FA5BD9 /* Arrays.swift */,
				9097BB2E1CFFDFEF00FA5BD9 /* Strings.swift */,
			);
			path = Extensions;
			sourceTree = "<group>";
		};
		909E65B11CC0843700B0C49B /* Utils */ = {
			isa = PBXGroup;
			children = (
				9023EA001D067233004BEE96 /* Downloader */,
				90659F1B1CC9C0B70026539F /* levelDb */,
				902F6B6F1CC3C4EA00F43C2E /* Device.swift */,
				90E7FB4A1CC4B6C50018A532 /* API.swift */,
				90ECDFCD1CC8737F0061CB6F /* MusicManager.swift */,
				90B95CA91CF6EF9A00105090 /* PlaylistManager.swift */,
				90ECDFCF1CC877380061CB6F /* Downloader.swift */,
				90659F261CC9C1A50026539F /* CoreDB.swift */,
				DBF1E7E11CCE7CA300B554A2 /* Measure.swift */,
				DBDC7F471CD90A8D0093812C /* Constants.swift */,
				909E818B1CF8129500571A76 /* NotificationManager.swift */,
				90FB91AC1D02CDD6002ECC8C /* TrackManager.swift */,
				9070928E1D07B51000E11D88 /* HudManager.swift */,
			);
			path = Utils;
			sourceTree = "<group>";
		};
		90C32B5B1D0586A500C87DAF /* WeiboSDK */ = {
			isa = PBXGroup;
			children = (
				90C32B5C1D0586A500C87DAF /* libWeiboSDK.a */,
				90C32B5D1D0586A500C87DAF /* WBHttpRequest+WeiboGame.h */,
				90C32B5E1D0586A500C87DAF /* WBHttpRequest+WeiboShare.h */,
				90C32B5F1D0586A500C87DAF /* WBHttpRequest+WeiboToken.h */,
				90C32B601D0586A500C87DAF /* WBHttpRequest+WeiboUser.h */,
				90C32B611D0586A500C87DAF /* WBHttpRequest.h */,
				90C32B621D0586A500C87DAF /* WBSDKBasicButton.h */,
				90C32B631D0586A500C87DAF /* WBSDKCommentButton.h */,
				90C32B641D0586A500C87DAF /* WBSDKRelationshipButton.h */,
				90C32B651D0586A500C87DAF /* WeiboSDK+Statistics.h */,
				90C32B661D0586A500C87DAF /* WeiboSDK.bundle */,
				90C32B671D0586A500C87DAF /* WeiboSDK.h */,
				90C32B681D0586A500C87DAF /* WeiboUser.h */,
			);
			path = WeiboSDK;
			sourceTree = "<group>";
		};
		90D7754C1CFA992300899492 /* Cell */ = {
			isa = PBXGroup;
			children = (
				DBF1E7DF1CCE77D600B554A2 /* ChannelCollectionViewCell.swift */,
				DBD507941CCFA6C0001FDCE1 /* ProgramCollectionViewCell.swift */,
				90D7754A1CFA991B00899492 /* SongListTableViewCell.swift */,
				9097BB2C1CFEE4E800FA5BD9 /* DownloadingSongListTableViewCell.swift */,
			);
			name = Cell;
			sourceTree = "<group>";
		};
		B461353B916D64FF79E130B1 /* Pods */ = {
			isa = PBXGroup;
			children = (
				8F0E5DBD989B134A790AC833 /* Pods-EvoRadio.debug.xcconfig */,
				FCFA8CA14577447CE82B985C /* Pods-EvoRadio.release.xcconfig */,
			);
			name = Pods;
			sourceTree = "<group>";
		};
/* End PBXGroup section */

/* Begin PBXNativeTarget section */
		902FBCCC1CBEAC020051A93B /* EvoRadio */ = {
			isa = PBXNativeTarget;
			buildConfigurationList = 902FBCDF1CBEAC020051A93B /* Build configuration list for PBXNativeTarget "EvoRadio" */;
			buildPhases = (
				639835856B81C9E6CE30994C /* Check Pods Manifest.lock */,
				902FBCC91CBEAC020051A93B /* Sources */,
				902FBCCA1CBEAC020051A93B /* Frameworks */,
				902FBCCB1CBEAC020051A93B /* Resources */,
				E339869DE481EA59E214B84B /* Embed Pods Frameworks */,
				EC5B78D310CCD90B1AAE94C4 /* Copy Pods Resources */,
			);
			buildRules = (
			);
			dependencies = (
			);
			name = EvoRadio;
			productName = EvoRadio;
			productReference = 902FBCCD1CBEAC020051A93B /* EvoRadio.app */;
			productType = "com.apple.product-type.application";
		};
/* End PBXNativeTarget section */

/* Begin PBXProject section */
		902FBCC51CBEAC010051A93B /* Project object */ = {
			isa = PBXProject;
			attributes = {
				LastSwiftUpdateCheck = 0730;
				LastUpgradeCheck = 0730;
				ORGANIZATIONNAME = JQTech;
				TargetAttributes = {
					902FBCCC1CBEAC020051A93B = {
						CreatedOnToolsVersion = 7.3;
						DevelopmentTeam = 4T9J35ZW6C;
					};
				};
			};
			buildConfigurationList = 902FBCC81CBEAC010051A93B /* Build configuration list for PBXProject "EvoRadio" */;
			compatibilityVersion = "Xcode 3.2";
			developmentRegion = English;
			hasScannedForEncodings = 0;
			knownRegions = (
				en,
				Base,
			);
			mainGroup = 902FBCC41CBEAC010051A93B;
			productRefGroup = 902FBCCE1CBEAC020051A93B /* Products */;
			projectDirPath = "";
			projectRoot = "";
			targets = (
				902FBCCC1CBEAC020051A93B /* EvoRadio */,
			);
		};
/* End PBXProject section */

/* Begin PBXResourcesBuildPhase section */
		902FBCCB1CBEAC020051A93B /* Resources */ = {
			isa = PBXResourcesBuildPhase;
			buildActionMask = 2147483647;
			files = (
				9097BB1D1CFE8B6400FA5BD9 /* Test.xib in Resources */,
				900C725C1D057C72006EBE78 /* TencentOpenApi_IOS_Bundle.bundle in Resources */,
				90C32B6A1D0586A500C87DAF /* WeiboSDK.bundle in Resources */,
				900C72521D0563F0006EBE78 /* README.txt in Resources */,
				909E65A91CC083A500B0C49B /* Assets.xcassets in Resources */,
			);
			runOnlyForDeploymentPostprocessing = 0;
		};
/* End PBXResourcesBuildPhase section */

/* Begin PBXShellScriptBuildPhase section */
		639835856B81C9E6CE30994C /* Check Pods Manifest.lock */ = {
			isa = PBXShellScriptBuildPhase;
			buildActionMask = 2147483647;
			files = (
			);
			inputPaths = (
			);
			name = "Check Pods Manifest.lock";
			outputPaths = (
			);
			runOnlyForDeploymentPostprocessing = 0;
			shellPath = /bin/sh;
			shellScript = "diff \"${PODS_ROOT}/../Podfile.lock\" \"${PODS_ROOT}/Manifest.lock\" > /dev/null\nif [[ $? != 0 ]] ; then\n    cat << EOM\nerror: The sandbox is not in sync with the Podfile.lock. Run 'pod install' or update your CocoaPods installation.\nEOM\n    exit 1\nfi\n";
			showEnvVarsInLog = 0;
		};
		E339869DE481EA59E214B84B /* Embed Pods Frameworks */ = {
			isa = PBXShellScriptBuildPhase;
			buildActionMask = 2147483647;
			files = (
			);
			inputPaths = (
			);
			name = "Embed Pods Frameworks";
			outputPaths = (
			);
			runOnlyForDeploymentPostprocessing = 0;
			shellPath = /bin/sh;
			shellScript = "\"${SRCROOT}/Pods/Target Support Files/Pods-EvoRadio/Pods-EvoRadio-frameworks.sh\"\n";
			showEnvVarsInLog = 0;
		};
		EC5B78D310CCD90B1AAE94C4 /* Copy Pods Resources */ = {
			isa = PBXShellScriptBuildPhase;
			buildActionMask = 2147483647;
			files = (
			);
			inputPaths = (
			);
			name = "Copy Pods Resources";
			outputPaths = (
			);
			runOnlyForDeploymentPostprocessing = 0;
			shellPath = /bin/sh;
			shellScript = "\"${SRCROOT}/Pods/Target Support Files/Pods-EvoRadio/Pods-EvoRadio-resources.sh\"\n";
			showEnvVarsInLog = 0;
		};
/* End PBXShellScriptBuildPhase section */

/* Begin PBXSourcesBuildPhase section */
		902FBCC91CBEAC020051A93B /* Sources */ = {
			isa = PBXSourcesBuildPhase;
			buildActionMask = 2147483647;
			files = (
				90659F271CC9C1A50026539F /* CoreDB.swift in Sources */,
				90E7FB4B1CC4B6C50018A532 /* API.swift in Sources */,
				90E7FB4D1CC4BD5B0018A532 /* Channel.swift in Sources */,
				9097BB291CFEC40400FA5BD9 /* Arrays.swift in Sources */,
				90D7754B1CFA991B00899492 /* SongListTableViewCell.swift in Sources */,
				DB4F76E91CCC5CC00021D068 /* CustomRadioViewController.swift in Sources */,
				90E7FB001CC3E4E60018A532 /* Fonts.swift in Sources */,
				9023EA021D06724A004BEE96 /* DownloadManager.swift in Sources */,
				90ECDFCE1CC8737F0061CB6F /* MusicManager.swift in Sources */,
				909E65A21CC0831B00B0C49B /* ViewController.swift in Sources */,
				90659F181CC9B6440026539F /* Radio.swift in Sources */,
				9097BB2F1CFFDFEF00FA5BD9 /* Strings.swift in Sources */,
				9054AE101CC3BFB400E876FF /* Colors.swift in Sources */,
				9097BB231CFE9BF700FA5BD9 /* DownloadingSongListViewController.swift in Sources */,
				90E7FB491CC4AC080018A532 /* ChannelViewController.swift in Sources */,
				90659F231CC9C0B70026539F /* WLevelDb.mm in Sources */,
				DBB79DA51CD11935006189B3 /* Dates.swift in Sources */,
				9097BB1B1CFE898800FA5BD9 /* DownloadViewController.swift in Sources */,
				90E7FB511CC4C3680018A532 /* User.swift in Sources */,
				DBB79DA31CD046E6006189B3 /* SelectiveTimePanel.swift in Sources */,
				9097BB2B1CFEC88A00FA5BD9 /* DownloadItemQueue.swift in Sources */,
				9053D44F1CF483DB000392EF /* Cover.swift in Sources */,
				DB4F76EB1CCD1EE90021D068 /* LoginUser.swift in Sources */,
				90B59E681CFD7646001E8F23 /* PlayerView.swift in Sources */,
				9070928F1D07B51000E11D88 /* HudManager.swift in Sources */,
				9023EA061D0672A2004BEE96 /* DownloadUtility.swift in Sources */,
				900C72491D054888006EBE78 /* SocialController.swift in Sources */,
				9097BB211CFE9BE400FA5BD9 /* DownloadedProgramListViewController.swift in Sources */,
				90B95CAC1CF6F4FA00105090 /* Windows.swift in Sources */,
				90B59E6A1CFD7AD0001E8F23 /* TabBar.swift in Sources */,
				909E818C1CF8129500571A76 /* NotificationManager.swift in Sources */,
				902FBCD11CBEAC020051A93B /* AppDelegate.swift in Sources */,
				9023EA041D06725B004BEE96 /* DownloadModel.swift in Sources */,
				9097BB311D00380800FA5BD9 /* LastPlaylist.swift in Sources */,
				90D775491CFA37F800899492 /* CDCoverImageView.swift in Sources */,
				90ECDFD01CC877380061CB6F /* Downloader.swift in Sources */,
				90B95CA31CF54B2E00105090 /* EVReflections.swift in Sources */,
				90659F251CC9C0B70026539F /* WLevelWriteBatch.mm in Sources */,
				90E7FB531CC4CAF80018A532 /* Song.swift in Sources */,
				9097BB1F1CFE9BCD00FA5BD9 /* DownloadedSongListViewController.swift in Sources */,
				902F6B701CC3C4EA00F43C2E /* Device.swift in Sources */,
				9097BB251CFEA6E900FA5BD9 /* DownloadedViewController.swift in Sources */,
				90FB91AD1D02CDD6002ECC8C /* TrackManager.swift in Sources */,
				90659F141CC9451E0026539F /* PersonalViewController.swift in Sources */,
				90659F241CC9C0B70026539F /* WLevelSnapshot.mm in Sources */,
				909E65A11CC0831B00B0C49B /* MainViewController.swift in Sources */,
				90E7FB4F1CC4C3170018A532 /* Program.swift in Sources */,
				90E7FB591CC536720018A532 /* Images.swift in Sources */,
				90B95CAA1CF6EF9A00105090 /* PlaylistManager.swift in Sources */,
				DBF1E7E01CCE77D600B554A2 /* ChannelCollectionViewCell.swift in Sources */,
				DBD507951CCFA6C0001FDCE1 /* ProgramCollectionViewCell.swift in Sources */,
				DBB79DA11CCFC554006189B3 /* ChannelCollectionHeaderView.swift in Sources */,
				9097BB271CFEA8E900FA5BD9 /* ViewControllers.swift in Sources */,
				90E7FB551CC4D4330018A532 /* ProgramViewController.swift in Sources */,
				90D775461CF9F89700899492 /* SongListViewController.swift in Sources */,
				9097BB2D1CFEE4E800FA5BD9 /* DownloadingSongListTableViewCell.swift in Sources */,
				DBF1E7E21CCE7CA300B554A2 /* Measure.swift in Sources */,
				903DEB6D1CC9D57500D79DC1 /* SettingViewController.swift in Sources */,
				907092921D08313500E11D88 /* HistorySongListViewController.swift in Sources */,
				90E7FAFE1CC3DB720018A532 /* NavigationController.swift in Sources */,
				90E7FB571CC4DDC70018A532 /* PlayerViewController.swift in Sources */,
				DBDC7F481CD90A8D0093812C /* Constants.swift in Sources */,
			);
			runOnlyForDeploymentPostprocessing = 0;
		};
/* End PBXSourcesBuildPhase section */

/* Begin XCBuildConfiguration section */
		902FBCDD1CBEAC020051A93B /* Debug */ = {
			isa = XCBuildConfiguration;
			buildSettings = {
				ALWAYS_SEARCH_USER_PATHS = NO;
				CLANG_ANALYZER_NONNULL = YES;
				CLANG_CXX_LANGUAGE_STANDARD = "gnu++0x";
				CLANG_CXX_LIBRARY = "libc++";
				CLANG_ENABLE_MODULES = YES;
				CLANG_ENABLE_OBJC_ARC = YES;
				CLANG_WARN_BOOL_CONVERSION = YES;
				CLANG_WARN_CONSTANT_CONVERSION = YES;
				CLANG_WARN_DIRECT_OBJC_ISA_USAGE = YES_ERROR;
				CLANG_WARN_EMPTY_BODY = YES;
				CLANG_WARN_ENUM_CONVERSION = YES;
				CLANG_WARN_INT_CONVERSION = YES;
				CLANG_WARN_OBJC_ROOT_CLASS = YES_ERROR;
				CLANG_WARN_UNREACHABLE_CODE = YES;
				CLANG_WARN__DUPLICATE_METHOD_MATCH = YES;
				"CODE_SIGN_IDENTITY[sdk=iphoneos*]" = "iPhone Developer";
				COPY_PHASE_STRIP = NO;
				DEBUG_INFORMATION_FORMAT = dwarf;
				ENABLE_STRICT_OBJC_MSGSEND = YES;
				ENABLE_TESTABILITY = YES;
				GCC_C_LANGUAGE_STANDARD = gnu99;
				GCC_DYNAMIC_NO_PIC = NO;
				GCC_NO_COMMON_BLOCKS = YES;
				GCC_OPTIMIZATION_LEVEL = 0;
				GCC_PREPROCESSOR_DEFINITIONS = (
					"DEBUG=1",
					"$(inherited)",
				);
				GCC_WARN_64_TO_32_BIT_CONVERSION = YES;
				GCC_WARN_ABOUT_RETURN_TYPE = YES_ERROR;
				GCC_WARN_UNDECLARED_SELECTOR = YES;
				GCC_WARN_UNINITIALIZED_AUTOS = YES_AGGRESSIVE;
				GCC_WARN_UNUSED_FUNCTION = YES;
				GCC_WARN_UNUSED_VARIABLE = YES;
				IPHONEOS_DEPLOYMENT_TARGET = 9.3;
				MTL_ENABLE_DEBUG_INFO = YES;
				ONLY_ACTIVE_ARCH = YES;
				SDKROOT = iphoneos;
				SWIFT_OPTIMIZATION_LEVEL = "-Onone";
			};
			name = Debug;
		};
		902FBCDE1CBEAC020051A93B /* Release */ = {
			isa = XCBuildConfiguration;
			buildSettings = {
				ALWAYS_SEARCH_USER_PATHS = NO;
				CLANG_ANALYZER_NONNULL = YES;
				CLANG_CXX_LANGUAGE_STANDARD = "gnu++0x";
				CLANG_CXX_LIBRARY = "libc++";
				CLANG_ENABLE_MODULES = YES;
				CLANG_ENABLE_OBJC_ARC = YES;
				CLANG_WARN_BOOL_CONVERSION = YES;
				CLANG_WARN_CONSTANT_CONVERSION = YES;
				CLANG_WARN_DIRECT_OBJC_ISA_USAGE = YES_ERROR;
				CLANG_WARN_EMPTY_BODY = YES;
				CLANG_WARN_ENUM_CONVERSION = YES;
				CLANG_WARN_INT_CONVERSION = YES;
				CLANG_WARN_OBJC_ROOT_CLASS = YES_ERROR;
				CLANG_WARN_UNREACHABLE_CODE = YES;
				CLANG_WARN__DUPLICATE_METHOD_MATCH = YES;
				"CODE_SIGN_IDENTITY[sdk=iphoneos*]" = "iPhone Developer";
				COPY_PHASE_STRIP = NO;
				DEBUG_INFORMATION_FORMAT = "dwarf-with-dsym";
				ENABLE_NS_ASSERTIONS = NO;
				ENABLE_STRICT_OBJC_MSGSEND = YES;
				GCC_C_LANGUAGE_STANDARD = gnu99;
				GCC_NO_COMMON_BLOCKS = YES;
				GCC_WARN_64_TO_32_BIT_CONVERSION = YES;
				GCC_WARN_ABOUT_RETURN_TYPE = YES_ERROR;
				GCC_WARN_UNDECLARED_SELECTOR = YES;
				GCC_WARN_UNINITIALIZED_AUTOS = YES_AGGRESSIVE;
				GCC_WARN_UNUSED_FUNCTION = YES;
				GCC_WARN_UNUSED_VARIABLE = YES;
				IPHONEOS_DEPLOYMENT_TARGET = 9.3;
				MTL_ENABLE_DEBUG_INFO = NO;
				SDKROOT = iphoneos;
				VALIDATE_PRODUCT = YES;
			};
			name = Release;
		};
		902FBCE01CBEAC020051A93B /* Debug */ = {
			isa = XCBuildConfiguration;
			baseConfigurationReference = 8F0E5DBD989B134A790AC833 /* Pods-EvoRadio.debug.xcconfig */;
			buildSettings = {
				ASSETCATALOG_COMPILER_APPICON_NAME = AppIcon;
				ASSETCATALOG_COMPILER_LAUNCHIMAGE_NAME = LaunchImage;
				CODE_SIGN_IDENTITY = "iPhone Developer";
				"CODE_SIGN_IDENTITY[sdk=iphoneos*]" = "iPhone Developer";
				FRAMEWORK_SEARCH_PATHS = (
					"$(inherited)",
					"$(PROJECT_DIR)/build/Debug-iphoneos",
					"$(PROJECT_DIR)/EvoRadio/Libs/Tencent",
				);
				INFOPLIST_FILE = "$(SRCROOT)/EvoRadio/Resources/Info.plist";
				IPHONEOS_DEPLOYMENT_TARGET = 9.0;
				LD_RUNPATH_SEARCH_PATHS = "$(inherited) @executable_path/Frameworks";
				LIBRARY_SEARCH_PATHS = (
					"$(inherited)",
					"$(PROJECT_DIR)/EvoRadio/Libs/OpenSDK1.7.1",
					"$(PROJECT_DIR)/EvoRadio/Libs/WeiboSDK",
				);
				PRODUCT_BUNDLE_IDENTIFIER = cn.songjiaqiang.evoradio;
				PRODUCT_NAME = "$(TARGET_NAME)";
				PROVISIONING_PROFILE = "13025427-e550-47d9-b0f5-083f40d23198";
				SWIFT_OBJC_BRIDGING_HEADER = "EvoRadio/Resources/EvoRadio-Bridging-Header.pch";
			};
			name = Debug;
		};
		902FBCE11CBEAC020051A93B /* Release */ = {
			isa = XCBuildConfiguration;
			baseConfigurationReference = FCFA8CA14577447CE82B985C /* Pods-EvoRadio.release.xcconfig */;
			buildSettings = {
				ASSETCATALOG_COMPILER_APPICON_NAME = AppIcon;
				ASSETCATALOG_COMPILER_LAUNCHIMAGE_NAME = LaunchImage;
				CODE_SIGN_IDENTITY = "iPhone Developer";
				"CODE_SIGN_IDENTITY[sdk=iphoneos*]" = "iPhone Developer";
				FRAMEWORK_SEARCH_PATHS = (
					"$(inherited)",
					"$(PROJECT_DIR)/build/Debug-iphoneos",
					"$(PROJECT_DIR)/EvoRadio/Libs/Tencent",
				);
				INFOPLIST_FILE = "$(SRCROOT)/EvoRadio/Resources/Info.plist";
				IPHONEOS_DEPLOYMENT_TARGET = 9.0;
				LD_RUNPATH_SEARCH_PATHS = "$(inherited) @executable_path/Frameworks";
				LIBRARY_SEARCH_PATHS = (
					"$(inherited)",
					"$(PROJECT_DIR)/EvoRadio/Libs/OpenSDK1.7.1",
					"$(PROJECT_DIR)/EvoRadio/Libs/WeiboSDK",
				);
				PRODUCT_BUNDLE_IDENTIFIER = cn.songjiaqiang.evoradio;
				PRODUCT_NAME = "$(TARGET_NAME)";
				PROVISIONING_PROFILE = "13025427-e550-47d9-b0f5-083f40d23198";
				SWIFT_OBJC_BRIDGING_HEADER = "EvoRadio/Resources/EvoRadio-Bridging-Header.pch";
			};
			name = Release;
		};
/* End XCBuildConfiguration section */

/* Begin XCConfigurationList section */
		902FBCC81CBEAC010051A93B /* Build configuration list for PBXProject "EvoRadio" */ = {
			isa = XCConfigurationList;
			buildConfigurations = (
				902FBCDD1CBEAC020051A93B /* Debug */,
				902FBCDE1CBEAC020051A93B /* Release */,
			);
			defaultConfigurationIsVisible = 0;
			defaultConfigurationName = Release;
		};
		902FBCDF1CBEAC020051A93B /* Build configuration list for PBXNativeTarget "EvoRadio" */ = {
			isa = XCConfigurationList;
			buildConfigurations = (
				902FBCE01CBEAC020051A93B /* Debug */,
				902FBCE11CBEAC020051A93B /* Release */,
			);
			defaultConfigurationIsVisible = 0;
			defaultConfigurationName = Release;
		};
/* End XCConfigurationList section */
	};
	rootObject = 902FBCC51CBEAC010051A93B /* Project object */;
}
